// !$*UTF8*$!
{
	archiveVersion = 1;
	classes = {
	};
	objectVersion = 46;
	objects = {

/* Begin PBXBuildFile section */
		2F10BB6E1880EDFA00739760 /* JEHUDLogView.m in Sources */ = {isa = PBXBuildFile; fileRef = 2F10BB6D1880EDFA00739760 /* JEHUDLogView.m */; };
		2F10BB721881124500739760 /* UILabel+JEToolkit.m in Sources */ = {isa = PBXBuildFile; fileRef = 2F10BB711881124500739760 /* UILabel+JEToolkit.m */; };
		2F10BB751881125800739760 /* UITextView+JEToolkit.m in Sources */ = {isa = PBXBuildFile; fileRef = 2F10BB741881125800739760 /* UITextView+JEToolkit.m */; };
		2F1DCF7E17FF115700AFD8C7 /* NSObject+JEToolkit.m in Sources */ = {isa = PBXBuildFile; fileRef = 2F1DCF7D17FF115700AFD8C7 /* NSObject+JEToolkit.m */; };
		2F1DCF8117FF186E00AFD8C7 /* NSIndexSet+JEToolkit.m in Sources */ = {isa = PBXBuildFile; fileRef = 2F1DCF8017FF186E00AFD8C7 /* NSIndexSet+JEToolkit.m */; };
		2F1DCF8417FF1CCA00AFD8C7 /* NSURL+JEToolkit.m in Sources */ = {isa = PBXBuildFile; fileRef = 2F1DCF8317FF1CCA00AFD8C7 /* NSURL+JEToolkit.m */; };
		2F1DCF8617FF1D4D00AFD8C7 /* MobileCoreServices.framework in Frameworks */ = {isa = PBXBuildFile; fileRef = 2F1DCF8517FF1D4D00AFD8C7 /* MobileCoreServices.framework */; };
		2F1DCF8C180030FD00AFD8C7 /* UIView+JEToolkit.m in Sources */ = {isa = PBXBuildFile; fileRef = 2F1DCF8B180030FD00AFD8C7 /* UIView+JEToolkit.m */; };
		2F1DCF8F1800341000AFD8C7 /* UIViewController+JEToolkit.m in Sources */ = {isa = PBXBuildFile; fileRef = 2F1DCF8E1800341000AFD8C7 /* UIViewController+JEToolkit.m */; };
		2F27A69617F69A5500CE0230 /* JEDispatch.m in Sources */ = {isa = PBXBuildFile; fileRef = 2F27A69417F69A5500CE0230 /* JEDispatch.m */; };
		2F2C84AE189E42EA000D2B1F /* JEWeakCache.m in Sources */ = {isa = PBXBuildFile; fileRef = 2F2C84AD189E42EA000D2B1F /* JEWeakCache.m */; };
		2F39821918122ACB007A843F /* JEOrderedDictionary.m in Sources */ = {isa = PBXBuildFile; fileRef = 2F39821818122ACB007A843F /* JEOrderedDictionary.m */; };
		2F45151F18DBF4810072C11E /* JEAssociatedObject.m in Sources */ = {isa = PBXBuildFile; fileRef = 2F45151E18DBF4810072C11E /* JEAssociatedObject.m */; };
		2F6D775017E0CFEA00D3735D /* NSDateFormatter+JEToolkit.m in Sources */ = {isa = PBXBuildFile; fileRef = 2F6D774F17E0CFEA00D3735D /* NSDateFormatter+JEToolkit.m */; };
		2F8FC86417B65DB500C3C0F3 /* Foundation.framework in Frameworks */ = {isa = PBXBuildFile; fileRef = 2F8FC86317B65DB500C3C0F3 /* Foundation.framework */; };
		2F8FC86917B65DB500C3C0F3 /* JEToolkit.h in CopyFiles */ = {isa = PBXBuildFile; fileRef = 2F8FC86817B65DB500C3C0F3 /* JEToolkit.h */; };
		2F8FC87217B65DB500C3C0F3 /* XCTest.framework in Frameworks */ = {isa = PBXBuildFile; fileRef = 2F8FC87117B65DB500C3C0F3 /* XCTest.framework */; };
		2F8FC87317B65DB500C3C0F3 /* Foundation.framework in Frameworks */ = {isa = PBXBuildFile; fileRef = 2F8FC86317B65DB500C3C0F3 /* Foundation.framework */; };
		2F8FC87817B65DB500C3C0F3 /* libJEToolkit.a in Frameworks */ = {isa = PBXBuildFile; fileRef = 2F8FC86017B65DB500C3C0F3 /* libJEToolkit.a */; };
		2F8FC87E17B65DB500C3C0F3 /* InfoPlist.strings in Resources */ = {isa = PBXBuildFile; fileRef = 2F8FC87C17B65DB500C3C0F3 /* InfoPlist.strings */; };
		2F8FC88017B65DB500C3C0F3 /* JEToolkitTests.m in Sources */ = {isa = PBXBuildFile; fileRef = 2F8FC87F17B65DB500C3C0F3 /* JEToolkitTests.m */; };
		2F8FC88E17B6608400C3C0F3 /* UIImage+JEToolkit.m in Sources */ = {isa = PBXBuildFile; fileRef = 2F8FC88D17B6608400C3C0F3 /* UIImage+JEToolkit.m */; };
		2F8FC89017B660C300C3C0F3 /* UIKit.framework in Frameworks */ = {isa = PBXBuildFile; fileRef = 2F8FC88F17B660C300C3C0F3 /* UIKit.framework */; };
		2F8FC89317B6638800C3C0F3 /* NSCalendar+JEToolkit.m in Sources */ = {isa = PBXBuildFile; fileRef = 2F8FC89217B6638800C3C0F3 /* NSCalendar+JEToolkit.m */; };
		2F8FC89917B669DE00C3C0F3 /* NSString+JEToolkit.m in Sources */ = {isa = PBXBuildFile; fileRef = 2F8FC89817B669DE00C3C0F3 /* NSString+JEToolkit.m */; };
		2FA7B82C17E498AC00D41011 /* NSArray+JEToolkit.m in Sources */ = {isa = PBXBuildFile; fileRef = 2FA7B82B17E498AC00D41011 /* NSArray+JEToolkit.m */; };
		2FA7B82F17E49C3300D41011 /* NSDate+JEToolkit.m in Sources */ = {isa = PBXBuildFile; fileRef = 2FA7B82E17E49C3300D41011 /* NSDate+JEToolkit.m */; };
		2FA7B83217E5E99800D41011 /* NSNumber+JEToolkit.m in Sources */ = {isa = PBXBuildFile; fileRef = 2FA7B83117E5E99700D41011 /* NSNumber+JEToolkit.m */; };
		2FA7B83517E5EFCC00D41011 /* NSCache+JEToolkit.m in Sources */ = {isa = PBXBuildFile; fileRef = 2FA7B83417E5EFCC00D41011 /* NSCache+JEToolkit.m */; };
		2FA7B83817E5F7DB00D41011 /* NSMutableArray+JEToolkit.m in Sources */ = {isa = PBXBuildFile; fileRef = 2FA7B83717E5F7DB00D41011 /* NSMutableArray+JEToolkit.m */; };
		2FA7B83B17E5FCC400D41011 /* UIColor+JEToolkit.m in Sources */ = {isa = PBXBuildFile; fileRef = 2FA7B83A17E5FCC400D41011 /* UIColor+JEToolkit.m */; };
		34ECBD40184EF0DD00960D4A /* JEBaseLoggerSettings.m in Sources */ = {isa = PBXBuildFile; fileRef = 34ECBD3F184EF0DD00960D4A /* JEBaseLoggerSettings.m */; };
		34ECBD43184EF10B00960D4A /* JEConsoleLoggerSettings.m in Sources */ = {isa = PBXBuildFile; fileRef = 34ECBD42184EF10B00960D4A /* JEConsoleLoggerSettings.m */; };
		34ECBD46184EF12900960D4A /* JEHUDLoggerSettings.m in Sources */ = {isa = PBXBuildFile; fileRef = 34ECBD45184EF12900960D4A /* JEHUDLoggerSettings.m */; };
		34ECBD49184EF13800960D4A /* JEFileLoggerSettings.m in Sources */ = {isa = PBXBuildFile; fileRef = 34ECBD48184EF13800960D4A /* JEFileLoggerSettings.m */; };
		34F035D51850211C004AD192 /* NSError+JEToolkit.m in Sources */ = {isa = PBXBuildFile; fileRef = 34F035D41850211C004AD192 /* NSError+JEToolkit.m */; };
		34F124721844882E00856ACA /* JEDebugging.m in Sources */ = {isa = PBXBuildFile; fileRef = 34F124711844882E00856ACA /* JEDebugging.m */; };
		34FC084A18E3BA64000B6BBC /* README.md in Resources */ = {isa = PBXBuildFile; fileRef = 34FC084918E3BA64000B6BBC /* README.md */; };
		34FC084D18E3F8F3000B6BBC /* NSMutableString+JEToolkit.m in Sources */ = {isa = PBXBuildFile; fileRef = 34FC084C18E3F8F3000B6BBC /* NSMutableString+JEToolkit.m */; };
		34FC085018E3FA0B000B6BBC /* NSDictionary+JEToolkit.m in Sources */ = {isa = PBXBuildFile; fileRef = 34FC084F18E3FA0B000B6BBC /* NSDictionary+JEToolkit.m */; };
		34FC085318E3FAFE000B6BBC /* NSException+JEToolkit.m in Sources */ = {isa = PBXBuildFile; fileRef = 34FC085218E3FAFE000B6BBC /* NSException+JEToolkit.m */; };
		34FC085618E3FB58000B6BBC /* NSHashTable+JEToolkit.m in Sources */ = {isa = PBXBuildFile; fileRef = 34FC085518E3FB58000B6BBC /* NSHashTable+JEToolkit.m */; };
		34FC085918E3FBB0000B6BBC /* NSMapTable+JEToolkit.m in Sources */ = {isa = PBXBuildFile; fileRef = 34FC085818E3FBB0000B6BBC /* NSMapTable+JEToolkit.m */; };
		34FC085C18E3FC67000B6BBC /* NSOrderedSet+JEToolkit.m in Sources */ = {isa = PBXBuildFile; fileRef = 34FC085B18E3FC67000B6BBC /* NSOrderedSet+JEToolkit.m */; };
		34FC085F18E3FCE3000B6BBC /* NSPointerArray+JEToolkit.m in Sources */ = {isa = PBXBuildFile; fileRef = 34FC085E18E3FCE3000B6BBC /* NSPointerArray+JEToolkit.m */; };
		34FC086218E3FD2E000B6BBC /* NSSet+JEToolkit.m in Sources */ = {isa = PBXBuildFile; fileRef = 34FC086118E3FD2E000B6BBC /* NSSet+JEToolkit.m */; };
		34FC086518E3FDB8000B6BBC /* NSValue+JEToolkit.m in Sources */ = {isa = PBXBuildFile; fileRef = 34FC086418E3FDB8000B6BBC /* NSValue+JEToolkit.m */; };
		34FED5E018E2624600DF93CF /* UIScrollView+JEToolkit.m in Sources */ = {isa = PBXBuildFile; fileRef = 34FED5DF18E2624600DF93CF /* UIScrollView+JEToolkit.m */; };
/* End PBXBuildFile section */

/* Begin PBXContainerItemProxy section */
		2F8FC87617B65DB500C3C0F3 /* PBXContainerItemProxy */ = {
			isa = PBXContainerItemProxy;
			containerPortal = 2F8FC85817B65DB500C3C0F3 /* Project object */;
			proxyType = 1;
			remoteGlobalIDString = 2F8FC85F17B65DB500C3C0F3;
			remoteInfo = JREToolkit;
		};
/* End PBXContainerItemProxy section */

/* Begin PBXCopyFilesBuildPhase section */
		2F8FC85E17B65DB500C3C0F3 /* CopyFiles */ = {
			isa = PBXCopyFilesBuildPhase;
			buildActionMask = 2147483647;
			dstPath = "include/$(PRODUCT_NAME)";
			dstSubfolderSpec = 16;
			files = (
				2F8FC86917B65DB500C3C0F3 /* JEToolkit.h in CopyFiles */,
			);
			runOnlyForDeploymentPostprocessing = 0;
		};
/* End PBXCopyFilesBuildPhase section */

/* Begin PBXFileReference section */
		2F10BB6C1880EDFA00739760 /* JEHUDLogView.h */ = {isa = PBXFileReference; fileEncoding = 4; lastKnownFileType = sourcecode.c.h; path = JEHUDLogView.h; sourceTree = "<group>"; };
		2F10BB6D1880EDFA00739760 /* JEHUDLogView.m */ = {isa = PBXFileReference; fileEncoding = 4; lastKnownFileType = sourcecode.c.objc; path = JEHUDLogView.m; sourceTree = "<group>"; };
		2F10BB701881124500739760 /* UILabel+JEToolkit.h */ = {isa = PBXFileReference; fileEncoding = 4; lastKnownFileType = sourcecode.c.h; path = "UILabel+JEToolkit.h"; sourceTree = "<group>"; };
		2F10BB711881124500739760 /* UILabel+JEToolkit.m */ = {isa = PBXFileReference; fileEncoding = 4; lastKnownFileType = sourcecode.c.objc; path = "UILabel+JEToolkit.m"; sourceTree = "<group>"; };
		2F10BB731881125800739760 /* UITextView+JEToolkit.h */ = {isa = PBXFileReference; fileEncoding = 4; lastKnownFileType = sourcecode.c.h; path = "UITextView+JEToolkit.h"; sourceTree = "<group>"; };
		2F10BB741881125800739760 /* UITextView+JEToolkit.m */ = {isa = PBXFileReference; fileEncoding = 4; lastKnownFileType = sourcecode.c.objc; path = "UITextView+JEToolkit.m"; sourceTree = "<group>"; };
		2F1DCF7C17FF115700AFD8C7 /* NSObject+JEToolkit.h */ = {isa = PBXFileReference; fileEncoding = 4; lastKnownFileType = sourcecode.c.h; path = "NSObject+JEToolkit.h"; sourceTree = "<group>"; };
		2F1DCF7D17FF115700AFD8C7 /* NSObject+JEToolkit.m */ = {isa = PBXFileReference; fileEncoding = 4; lastKnownFileType = sourcecode.c.objc; path = "NSObject+JEToolkit.m"; sourceTree = "<group>"; };
		2F1DCF7F17FF186E00AFD8C7 /* NSIndexSet+JEToolkit.h */ = {isa = PBXFileReference; fileEncoding = 4; lastKnownFileType = sourcecode.c.h; path = "NSIndexSet+JEToolkit.h"; sourceTree = "<group>"; };
		2F1DCF8017FF186E00AFD8C7 /* NSIndexSet+JEToolkit.m */ = {isa = PBXFileReference; fileEncoding = 4; lastKnownFileType = sourcecode.c.objc; path = "NSIndexSet+JEToolkit.m"; sourceTree = "<group>"; };
		2F1DCF8217FF1CCA00AFD8C7 /* NSURL+JEToolkit.h */ = {isa = PBXFileReference; fileEncoding = 4; lastKnownFileType = sourcecode.c.h; path = "NSURL+JEToolkit.h"; sourceTree = "<group>"; };
		2F1DCF8317FF1CCA00AFD8C7 /* NSURL+JEToolkit.m */ = {isa = PBXFileReference; fileEncoding = 4; lastKnownFileType = sourcecode.c.objc; path = "NSURL+JEToolkit.m"; sourceTree = "<group>"; };
		2F1DCF8517FF1D4D00AFD8C7 /* MobileCoreServices.framework */ = {isa = PBXFileReference; lastKnownFileType = wrapper.framework; name = MobileCoreServices.framework; path = System/Library/Frameworks/MobileCoreServices.framework; sourceTree = SDKROOT; };
		2F1DCF8A180030FD00AFD8C7 /* UIView+JEToolkit.h */ = {isa = PBXFileReference; fileEncoding = 4; lastKnownFileType = sourcecode.c.h; path = "UIView+JEToolkit.h"; sourceTree = "<group>"; };
		2F1DCF8B180030FD00AFD8C7 /* UIView+JEToolkit.m */ = {isa = PBXFileReference; fileEncoding = 4; lastKnownFileType = sourcecode.c.objc; path = "UIView+JEToolkit.m"; sourceTree = "<group>"; };
		2F1DCF8D1800341000AFD8C7 /* UIViewController+JEToolkit.h */ = {isa = PBXFileReference; fileEncoding = 4; lastKnownFileType = sourcecode.c.h; path = "UIViewController+JEToolkit.h"; sourceTree = "<group>"; };
		2F1DCF8E1800341000AFD8C7 /* UIViewController+JEToolkit.m */ = {isa = PBXFileReference; fileEncoding = 4; lastKnownFileType = sourcecode.c.objc; path = "UIViewController+JEToolkit.m"; sourceTree = "<group>"; };
		2F27A69417F69A5500CE0230 /* JEDispatch.m */ = {isa = PBXFileReference; fileEncoding = 4; lastKnownFileType = sourcecode.c.objc; path = JEDispatch.m; sourceTree = "<group>"; };
		2F27A69517F69A5500CE0230 /* JEDispatch.h */ = {isa = PBXFileReference; fileEncoding = 4; lastKnownFileType = sourcecode.c.h; path = JEDispatch.h; sourceTree = "<group>"; };
		2F27A69B17F69C2800CE0230 /* JECompilerDefines.h */ = {isa = PBXFileReference; fileEncoding = 4; lastKnownFileType = sourcecode.c.h; path = JECompilerDefines.h; sourceTree = "<group>"; };
		2F2A27C9180C01D0004064FF /* JESafetyHelpers.h */ = {isa = PBXFileReference; lastKnownFileType = sourcecode.c.h; path = JESafetyHelpers.h; sourceTree = "<group>"; };
		2F2C84AC189E42EA000D2B1F /* JEWeakCache.h */ = {isa = PBXFileReference; fileEncoding = 4; lastKnownFileType = sourcecode.c.h; path = JEWeakCache.h; sourceTree = "<group>"; };
		2F2C84AD189E42EA000D2B1F /* JEWeakCache.m */ = {isa = PBXFileReference; fileEncoding = 4; lastKnownFileType = sourcecode.c.objc; path = JEWeakCache.m; sourceTree = "<group>"; };
		2F36590C17F0A62300794CC0 /* LICENSE */ = {isa = PBXFileReference; fileEncoding = 4; lastKnownFileType = text; path = LICENSE; sourceTree = SOURCE_ROOT; };
		2F36590D17F0A62300794CC0 /* JEToolkit.podspec */ = {isa = PBXFileReference; fileEncoding = 4; lastKnownFileType = text; path = JEToolkit.podspec; sourceTree = SOURCE_ROOT; };
		2F39821718122ACB007A843F /* JEOrderedDictionary.h */ = {isa = PBXFileReference; fileEncoding = 4; lastKnownFileType = sourcecode.c.h; path = JEOrderedDictionary.h; sourceTree = "<group>"; };
		2F39821818122ACB007A843F /* JEOrderedDictionary.m */ = {isa = PBXFileReference; fileEncoding = 4; lastKnownFileType = sourcecode.c.objc; path = JEOrderedDictionary.m; sourceTree = "<group>"; };
		2F45151D18DBF4810072C11E /* JEAssociatedObject.h */ = {isa = PBXFileReference; fileEncoding = 4; lastKnownFileType = sourcecode.c.h; path = JEAssociatedObject.h; sourceTree = "<group>"; };
		2F45151E18DBF4810072C11E /* JEAssociatedObject.m */ = {isa = PBXFileReference; fileEncoding = 4; lastKnownFileType = sourcecode.c.objc; path = JEAssociatedObject.m; sourceTree = "<group>"; };
		2F5566F2184104F000098714 /* CoreLocation.framework */ = {isa = PBXFileReference; lastKnownFileType = wrapper.framework; name = CoreLocation.framework; path = System/Library/Frameworks/CoreLocation.framework; sourceTree = SDKROOT; };
		2F5566F4184104F800098714 /* MapKit.framework */ = {isa = PBXFileReference; lastKnownFileType = wrapper.framework; name = MapKit.framework; path = System/Library/Frameworks/MapKit.framework; sourceTree = SDKROOT; };
		2F6D774E17E0CFEA00D3735D /* NSDateFormatter+JEToolkit.h */ = {isa = PBXFileReference; fileEncoding = 4; lastKnownFileType = sourcecode.c.h; path = "NSDateFormatter+JEToolkit.h"; sourceTree = "<group>"; };
		2F6D774F17E0CFEA00D3735D /* NSDateFormatter+JEToolkit.m */ = {isa = PBXFileReference; fileEncoding = 4; lastKnownFileType = sourcecode.c.objc; path = "NSDateFormatter+JEToolkit.m"; sourceTree = "<group>"; };
		2F8FC86017B65DB500C3C0F3 /* libJEToolkit.a */ = {isa = PBXFileReference; explicitFileType = archive.ar; includeInIndex = 0; path = libJEToolkit.a; sourceTree = BUILT_PRODUCTS_DIR; };
		2F8FC86317B65DB500C3C0F3 /* Foundation.framework */ = {isa = PBXFileReference; lastKnownFileType = wrapper.framework; name = Foundation.framework; path = System/Library/Frameworks/Foundation.framework; sourceTree = SDKROOT; };
		2F8FC86717B65DB500C3C0F3 /* JEToolkit-Prefix.pch */ = {isa = PBXFileReference; lastKnownFileType = sourcecode.c.h; path = "JEToolkit-Prefix.pch"; sourceTree = "<group>"; };
		2F8FC86817B65DB500C3C0F3 /* JEToolkit.h */ = {isa = PBXFileReference; lastKnownFileType = sourcecode.c.h; path = JEToolkit.h; sourceTree = "<group>"; };
		2F8FC87017B65DB500C3C0F3 /* JEToolkitTests.xctest */ = {isa = PBXFileReference; explicitFileType = wrapper.cfbundle; includeInIndex = 0; path = JEToolkitTests.xctest; sourceTree = BUILT_PRODUCTS_DIR; };
		2F8FC87117B65DB500C3C0F3 /* XCTest.framework */ = {isa = PBXFileReference; lastKnownFileType = wrapper.framework; name = XCTest.framework; path = Library/Frameworks/XCTest.framework; sourceTree = DEVELOPER_DIR; };
		2F8FC87B17B65DB500C3C0F3 /* JEToolkitTests-Info.plist */ = {isa = PBXFileReference; lastKnownFileType = text.plist.xml; path = "JEToolkitTests-Info.plist"; sourceTree = "<group>"; };
		2F8FC87D17B65DB500C3C0F3 /* en */ = {isa = PBXFileReference; lastKnownFileType = text.plist.strings; name = en; path = en.lproj/InfoPlist.strings; sourceTree = "<group>"; };
		2F8FC87F17B65DB500C3C0F3 /* JEToolkitTests.m */ = {isa = PBXFileReference; lastKnownFileType = sourcecode.c.objc; path = JEToolkitTests.m; sourceTree = "<group>"; };
		2F8FC88C17B6608400C3C0F3 /* UIImage+JEToolkit.h */ = {isa = PBXFileReference; fileEncoding = 4; lastKnownFileType = sourcecode.c.h; path = "UIImage+JEToolkit.h"; sourceTree = "<group>"; };
		2F8FC88D17B6608400C3C0F3 /* UIImage+JEToolkit.m */ = {isa = PBXFileReference; fileEncoding = 4; lastKnownFileType = sourcecode.c.objc; path = "UIImage+JEToolkit.m"; sourceTree = "<group>"; };
		2F8FC88F17B660C300C3C0F3 /* UIKit.framework */ = {isa = PBXFileReference; lastKnownFileType = wrapper.framework; name = UIKit.framework; path = System/Library/Frameworks/UIKit.framework; sourceTree = SDKROOT; };
		2F8FC89117B6638800C3C0F3 /* NSCalendar+JEToolkit.h */ = {isa = PBXFileReference; fileEncoding = 4; lastKnownFileType = sourcecode.c.h; path = "NSCalendar+JEToolkit.h"; sourceTree = "<group>"; };
		2F8FC89217B6638800C3C0F3 /* NSCalendar+JEToolkit.m */ = {isa = PBXFileReference; fileEncoding = 4; lastKnownFileType = sourcecode.c.objc; path = "NSCalendar+JEToolkit.m"; sourceTree = "<group>"; };
		2F8FC89717B669DE00C3C0F3 /* NSString+JEToolkit.h */ = {isa = PBXFileReference; fileEncoding = 4; lastKnownFileType = sourcecode.c.h; path = "NSString+JEToolkit.h"; sourceTree = "<group>"; };
		2F8FC89817B669DE00C3C0F3 /* NSString+JEToolkit.m */ = {isa = PBXFileReference; fileEncoding = 4; lastKnownFileType = sourcecode.c.objc; path = "NSString+JEToolkit.m"; sourceTree = "<group>"; };
		2FA7B82A17E498AC00D41011 /* NSArray+JEToolkit.h */ = {isa = PBXFileReference; fileEncoding = 4; lastKnownFileType = sourcecode.c.h; path = "NSArray+JEToolkit.h"; sourceTree = "<group>"; };
		2FA7B82B17E498AC00D41011 /* NSArray+JEToolkit.m */ = {isa = PBXFileReference; fileEncoding = 4; lastKnownFileType = sourcecode.c.objc; path = "NSArray+JEToolkit.m"; sourceTree = "<group>"; };
		2FA7B82D17E49C3300D41011 /* NSDate+JEToolkit.h */ = {isa = PBXFileReference; fileEncoding = 4; lastKnownFileType = sourcecode.c.h; path = "NSDate+JEToolkit.h"; sourceTree = "<group>"; };
		2FA7B82E17E49C3300D41011 /* NSDate+JEToolkit.m */ = {isa = PBXFileReference; fileEncoding = 4; lastKnownFileType = sourcecode.c.objc; path = "NSDate+JEToolkit.m"; sourceTree = "<group>"; };
		2FA7B83017E5E99700D41011 /* NSNumber+JEToolkit.h */ = {isa = PBXFileReference; fileEncoding = 4; lastKnownFileType = sourcecode.c.h; path = "NSNumber+JEToolkit.h"; sourceTree = "<group>"; };
		2FA7B83117E5E99700D41011 /* NSNumber+JEToolkit.m */ = {isa = PBXFileReference; fileEncoding = 4; lastKnownFileType = sourcecode.c.objc; path = "NSNumber+JEToolkit.m"; sourceTree = "<group>"; };
		2FA7B83317E5EFCC00D41011 /* NSCache+JEToolkit.h */ = {isa = PBXFileReference; fileEncoding = 4; lastKnownFileType = sourcecode.c.h; path = "NSCache+JEToolkit.h"; sourceTree = "<group>"; };
		2FA7B83417E5EFCC00D41011 /* NSCache+JEToolkit.m */ = {isa = PBXFileReference; fileEncoding = 4; lastKnownFileType = sourcecode.c.objc; path = "NSCache+JEToolkit.m"; sourceTree = "<group>"; };
		2FA7B83617E5F7DB00D41011 /* NSMutableArray+JEToolkit.h */ = {isa = PBXFileReference; fileEncoding = 4; lastKnownFileType = sourcecode.c.h; path = "NSMutableArray+JEToolkit.h"; sourceTree = "<group>"; };
		2FA7B83717E5F7DB00D41011 /* NSMutableArray+JEToolkit.m */ = {isa = PBXFileReference; fileEncoding = 4; lastKnownFileType = sourcecode.c.objc; path = "NSMutableArray+JEToolkit.m"; sourceTree = "<group>"; };
		2FA7B83917E5FCC400D41011 /* UIColor+JEToolkit.h */ = {isa = PBXFileReference; fileEncoding = 4; lastKnownFileType = sourcecode.c.h; path = "UIColor+JEToolkit.h"; sourceTree = "<group>"; };
		2FA7B83A17E5FCC400D41011 /* UIColor+JEToolkit.m */ = {isa = PBXFileReference; fileEncoding = 4; lastKnownFileType = sourcecode.c.objc; path = "UIColor+JEToolkit.m"; sourceTree = "<group>"; };
		2FF317BC18799819002DFCE3 /* JEFormulas.h */ = {isa = PBXFileReference; lastKnownFileType = sourcecode.c.h; path = JEFormulas.h; sourceTree = "<group>"; };
		34ECBD3E184EF0DD00960D4A /* JEBaseLoggerSettings.h */ = {isa = PBXFileReference; fileEncoding = 4; lastKnownFileType = sourcecode.c.h; path = JEBaseLoggerSettings.h; sourceTree = "<group>"; };
		34ECBD3F184EF0DD00960D4A /* JEBaseLoggerSettings.m */ = {isa = PBXFileReference; fileEncoding = 4; lastKnownFileType = sourcecode.c.objc; path = JEBaseLoggerSettings.m; sourceTree = "<group>"; };
		34ECBD41184EF10B00960D4A /* JEConsoleLoggerSettings.h */ = {isa = PBXFileReference; fileEncoding = 4; lastKnownFileType = sourcecode.c.h; path = JEConsoleLoggerSettings.h; sourceTree = "<group>"; };
		34ECBD42184EF10B00960D4A /* JEConsoleLoggerSettings.m */ = {isa = PBXFileReference; fileEncoding = 4; lastKnownFileType = sourcecode.c.objc; path = JEConsoleLoggerSettings.m; sourceTree = "<group>"; };
		34ECBD44184EF12900960D4A /* JEHUDLoggerSettings.h */ = {isa = PBXFileReference; fileEncoding = 4; lastKnownFileType = sourcecode.c.h; path = JEHUDLoggerSettings.h; sourceTree = "<group>"; };
		34ECBD45184EF12900960D4A /* JEHUDLoggerSettings.m */ = {isa = PBXFileReference; fileEncoding = 4; lastKnownFileType = sourcecode.c.objc; path = JEHUDLoggerSettings.m; sourceTree = "<group>"; };
		34ECBD47184EF13800960D4A /* JEFileLoggerSettings.h */ = {isa = PBXFileReference; fileEncoding = 4; lastKnownFileType = sourcecode.c.h; path = JEFileLoggerSettings.h; sourceTree = "<group>"; };
		34ECBD48184EF13800960D4A /* JEFileLoggerSettings.m */ = {isa = PBXFileReference; fileEncoding = 4; lastKnownFileType = sourcecode.c.objc; path = JEFileLoggerSettings.m; sourceTree = "<group>"; };
		34F035D31850211C004AD192 /* NSError+JEToolkit.h */ = {isa = PBXFileReference; fileEncoding = 4; lastKnownFileType = sourcecode.c.h; path = "NSError+JEToolkit.h"; sourceTree = "<group>"; };
		34F035D41850211C004AD192 /* NSError+JEToolkit.m */ = {isa = PBXFileReference; fileEncoding = 4; lastKnownFileType = sourcecode.c.objc; path = "NSError+JEToolkit.m"; sourceTree = "<group>"; };
		34F124701844882E00856ACA /* JEDebugging.h */ = {isa = PBXFileReference; fileEncoding = 4; lastKnownFileType = sourcecode.c.h; path = JEDebugging.h; sourceTree = "<group>"; };
		34F124711844882E00856ACA /* JEDebugging.m */ = {isa = PBXFileReference; fileEncoding = 4; lastKnownFileType = sourcecode.c.objc; path = JEDebugging.m; sourceTree = "<group>"; };
		34FC084918E3BA64000B6BBC /* README.md */ = {isa = PBXFileReference; fileEncoding = 4; lastKnownFileType = text; path = README.md; sourceTree = SOURCE_ROOT; };
		34FC084B18E3F8F3000B6BBC /* NSMutableString+JEToolkit.h */ = {isa = PBXFileReference; fileEncoding = 4; lastKnownFileType = sourcecode.c.h; path = "NSMutableString+JEToolkit.h"; sourceTree = "<group>"; };
		34FC084C18E3F8F3000B6BBC /* NSMutableString+JEToolkit.m */ = {isa = PBXFileReference; fileEncoding = 4; lastKnownFileType = sourcecode.c.objc; path = "NSMutableString+JEToolkit.m"; sourceTree = "<group>"; };
		34FC084E18E3FA0B000B6BBC /* NSDictionary+JEToolkit.h */ = {isa = PBXFileReference; fileEncoding = 4; lastKnownFileType = sourcecode.c.h; path = "NSDictionary+JEToolkit.h"; sourceTree = "<group>"; };
		34FC084F18E3FA0B000B6BBC /* NSDictionary+JEToolkit.m */ = {isa = PBXFileReference; fileEncoding = 4; lastKnownFileType = sourcecode.c.objc; path = "NSDictionary+JEToolkit.m"; sourceTree = "<group>"; };
		34FC085118E3FAFE000B6BBC /* NSException+JEToolkit.h */ = {isa = PBXFileReference; fileEncoding = 4; lastKnownFileType = sourcecode.c.h; path = "NSException+JEToolkit.h"; sourceTree = "<group>"; };
		34FC085218E3FAFE000B6BBC /* NSException+JEToolkit.m */ = {isa = PBXFileReference; fileEncoding = 4; lastKnownFileType = sourcecode.c.objc; path = "NSException+JEToolkit.m"; sourceTree = "<group>"; };
		34FC085418E3FB58000B6BBC /* NSHashTable+JEToolkit.h */ = {isa = PBXFileReference; fileEncoding = 4; lastKnownFileType = sourcecode.c.h; path = "NSHashTable+JEToolkit.h"; sourceTree = "<group>"; };
		34FC085518E3FB58000B6BBC /* NSHashTable+JEToolkit.m */ = {isa = PBXFileReference; fileEncoding = 4; lastKnownFileType = sourcecode.c.objc; path = "NSHashTable+JEToolkit.m"; sourceTree = "<group>"; };
		34FC085718E3FBB0000B6BBC /* NSMapTable+JEToolkit.h */ = {isa = PBXFileReference; fileEncoding = 4; lastKnownFileType = sourcecode.c.h; path = "NSMapTable+JEToolkit.h"; sourceTree = "<group>"; };
		34FC085818E3FBB0000B6BBC /* NSMapTable+JEToolkit.m */ = {isa = PBXFileReference; fileEncoding = 4; lastKnownFileType = sourcecode.c.objc; path = "NSMapTable+JEToolkit.m"; sourceTree = "<group>"; };
		34FC085A18E3FC67000B6BBC /* NSOrderedSet+JEToolkit.h */ = {isa = PBXFileReference; fileEncoding = 4; lastKnownFileType = sourcecode.c.h; path = "NSOrderedSet+JEToolkit.h"; sourceTree = "<group>"; };
		34FC085B18E3FC67000B6BBC /* NSOrderedSet+JEToolkit.m */ = {isa = PBXFileReference; fileEncoding = 4; lastKnownFileType = sourcecode.c.objc; path = "NSOrderedSet+JEToolkit.m"; sourceTree = "<group>"; };
		34FC085D18E3FCE3000B6BBC /* NSPointerArray+JEToolkit.h */ = {isa = PBXFileReference; fileEncoding = 4; lastKnownFileType = sourcecode.c.h; path = "NSPointerArray+JEToolkit.h"; sourceTree = "<group>"; };
		34FC085E18E3FCE3000B6BBC /* NSPointerArray+JEToolkit.m */ = {isa = PBXFileReference; fileEncoding = 4; lastKnownFileType = sourcecode.c.objc; path = "NSPointerArray+JEToolkit.m"; sourceTree = "<group>"; };
		34FC086018E3FD2E000B6BBC /* NSSet+JEToolkit.h */ = {isa = PBXFileReference; fileEncoding = 4; lastKnownFileType = sourcecode.c.h; path = "NSSet+JEToolkit.h"; sourceTree = "<group>"; };
		34FC086118E3FD2E000B6BBC /* NSSet+JEToolkit.m */ = {isa = PBXFileReference; fileEncoding = 4; lastKnownFileType = sourcecode.c.objc; path = "NSSet+JEToolkit.m"; sourceTree = "<group>"; };
		34FC086318E3FDB8000B6BBC /* NSValue+JEToolkit.h */ = {isa = PBXFileReference; fileEncoding = 4; lastKnownFileType = sourcecode.c.h; path = "NSValue+JEToolkit.h"; sourceTree = "<group>"; };
		34FC086418E3FDB8000B6BBC /* NSValue+JEToolkit.m */ = {isa = PBXFileReference; fileEncoding = 4; lastKnownFileType = sourcecode.c.objc; path = "NSValue+JEToolkit.m"; sourceTree = "<group>"; };
		34FED5DE18E2624600DF93CF /* UIScrollView+JEToolkit.h */ = {isa = PBXFileReference; fileEncoding = 4; lastKnownFileType = sourcecode.c.h; path = "UIScrollView+JEToolkit.h"; sourceTree = "<group>"; };
		34FED5DF18E2624600DF93CF /* UIScrollView+JEToolkit.m */ = {isa = PBXFileReference; fileEncoding = 4; lastKnownFileType = sourcecode.c.objc; path = "UIScrollView+JEToolkit.m"; sourceTree = "<group>"; };
/* End PBXFileReference section */

/* Begin PBXFrameworksBuildPhase section */
		2F8FC85D17B65DB500C3C0F3 /* Frameworks */ = {
			isa = PBXFrameworksBuildPhase;
			buildActionMask = 2147483647;
			files = (
				2F1DCF8617FF1D4D00AFD8C7 /* MobileCoreServices.framework in Frameworks */,
				2F8FC89017B660C300C3C0F3 /* UIKit.framework in Frameworks */,
				2F8FC86417B65DB500C3C0F3 /* Foundation.framework in Frameworks */,
			);
			runOnlyForDeploymentPostprocessing = 0;
		};
		2F8FC86D17B65DB500C3C0F3 /* Frameworks */ = {
			isa = PBXFrameworksBuildPhase;
			buildActionMask = 2147483647;
			files = (
				2F8FC87817B65DB500C3C0F3 /* libJEToolkit.a in Frameworks */,
				2F8FC87217B65DB500C3C0F3 /* XCTest.framework in Frameworks */,
				2F8FC87317B65DB500C3C0F3 /* Foundation.framework in Frameworks */,
			);
			runOnlyForDeploymentPostprocessing = 0;
		};
/* End PBXFrameworksBuildPhase section */

/* Begin PBXGroup section */
		2F10BB6B1880ED6300739760 /* Views */ = {
			isa = PBXGroup;
			children = (
				2F10BB6C1880EDFA00739760 /* JEHUDLogView.h */,
				2F10BB6D1880EDFA00739760 /* JEHUDLogView.m */,
			);
			path = Views;
			sourceTree = "<group>";
		};
		2F27A69A17F69C2800CE0230 /* Headers */ = {
			isa = PBXGroup;
			children = (
				2F27A69B17F69C2800CE0230 /* JECompilerDefines.h */,
				2FF317BC18799819002DFCE3 /* JEFormulas.h */,
				2F2A27C9180C01D0004064FF /* JESafetyHelpers.h */,
			);
			path = Headers;
			sourceTree = "<group>";
		};
		2F8FC85717B65DB500C3C0F3 = {
			isa = PBXGroup;
			children = (
				2F8FC86517B65DB500C3C0F3 /* JEToolkit */,
				2F8FC87917B65DB500C3C0F3 /* JEToolkitTests */,
				2F8FC86217B65DB500C3C0F3 /* Frameworks */,
				2F8FC86117B65DB500C3C0F3 /* Products */,
			);
			sourceTree = "<group>";
		};
		2F8FC86117B65DB500C3C0F3 /* Products */ = {
			isa = PBXGroup;
			children = (
				2F8FC86017B65DB500C3C0F3 /* libJEToolkit.a */,
				2F8FC87017B65DB500C3C0F3 /* JEToolkitTests.xctest */,
			);
			name = Products;
			sourceTree = "<group>";
		};
		2F8FC86217B65DB500C3C0F3 /* Frameworks */ = {
			isa = PBXGroup;
			children = (
				2F5566F4184104F800098714 /* MapKit.framework */,
				2F5566F2184104F000098714 /* CoreLocation.framework */,
				2F1DCF8517FF1D4D00AFD8C7 /* MobileCoreServices.framework */,
				2F8FC88F17B660C300C3C0F3 /* UIKit.framework */,
				2F8FC86317B65DB500C3C0F3 /* Foundation.framework */,
				2F8FC87117B65DB500C3C0F3 /* XCTest.framework */,
			);
			name = Frameworks;
			sourceTree = "<group>";
		};
		2F8FC86517B65DB500C3C0F3 /* JEToolkit */ = {
			isa = PBXGroup;
			children = (
				2F8FC86817B65DB500C3C0F3 /* JEToolkit.h */,
				2F8FC86617B65DB500C3C0F3 /* Supporting Files */,
				34F1246F1844874D00856ACA /* JEDebugging */,
				2F27A69A17F69C2800CE0230 /* Headers */,
				2F8FC88B17B65F2D00C3C0F3 /* Classes */,
				2F8FC88A17B65F2D00C3C0F3 /* Categories */,
			);
			path = JEToolkit;
			sourceTree = "<group>";
		};
		2F8FC86617B65DB500C3C0F3 /* Supporting Files */ = {
			isa = PBXGroup;
			children = (
				2F8FC86717B65DB500C3C0F3 /* JEToolkit-Prefix.pch */,
				2F36590C17F0A62300794CC0 /* LICENSE */,
				34FC084918E3BA64000B6BBC /* README.md */,
				2F36590D17F0A62300794CC0 /* JEToolkit.podspec */,
			);
			name = "Supporting Files";
			sourceTree = "<group>";
		};
		2F8FC87917B65DB500C3C0F3 /* JEToolkitTests */ = {
			isa = PBXGroup;
			children = (
				2F8FC87F17B65DB500C3C0F3 /* JEToolkitTests.m */,
				2F8FC87A17B65DB500C3C0F3 /* Supporting Files */,
			);
			path = JEToolkitTests;
			sourceTree = "<group>";
		};
		2F8FC87A17B65DB500C3C0F3 /* Supporting Files */ = {
			isa = PBXGroup;
			children = (
				2F8FC87B17B65DB500C3C0F3 /* JEToolkitTests-Info.plist */,
				2F8FC87C17B65DB500C3C0F3 /* InfoPlist.strings */,
			);
			name = "Supporting Files";
			sourceTree = "<group>";
		};
		2F8FC88A17B65F2D00C3C0F3 /* Categories */ = {
			isa = PBXGroup;
			children = (
				2FA7B82A17E498AC00D41011 /* NSArray+JEToolkit.h */,
				2FA7B82B17E498AC00D41011 /* NSArray+JEToolkit.m */,
				2FA7B83317E5EFCC00D41011 /* NSCache+JEToolkit.h */,
				2FA7B83417E5EFCC00D41011 /* NSCache+JEToolkit.m */,
				2F8FC89117B6638800C3C0F3 /* NSCalendar+JEToolkit.h */,
				2F8FC89217B6638800C3C0F3 /* NSCalendar+JEToolkit.m */,
				2FA7B82D17E49C3300D41011 /* NSDate+JEToolkit.h */,
				2FA7B82E17E49C3300D41011 /* NSDate+JEToolkit.m */,
				2F6D774E17E0CFEA00D3735D /* NSDateFormatter+JEToolkit.h */,
				2F6D774F17E0CFEA00D3735D /* NSDateFormatter+JEToolkit.m */,
				34FC084E18E3FA0B000B6BBC /* NSDictionary+JEToolkit.h */,
				34FC084F18E3FA0B000B6BBC /* NSDictionary+JEToolkit.m */,
				34F035D31850211C004AD192 /* NSError+JEToolkit.h */,
				34F035D41850211C004AD192 /* NSError+JEToolkit.m */,
				34FC085118E3FAFE000B6BBC /* NSException+JEToolkit.h */,
				34FC085218E3FAFE000B6BBC /* NSException+JEToolkit.m */,
				34FC085418E3FB58000B6BBC /* NSHashTable+JEToolkit.h */,
				34FC085518E3FB58000B6BBC /* NSHashTable+JEToolkit.m */,
				2F1DCF7F17FF186E00AFD8C7 /* NSIndexSet+JEToolkit.h */,
				2F1DCF8017FF186E00AFD8C7 /* NSIndexSet+JEToolkit.m */,
				34FC085718E3FBB0000B6BBC /* NSMapTable+JEToolkit.h */,
				34FC085818E3FBB0000B6BBC /* NSMapTable+JEToolkit.m */,
				2FA7B83617E5F7DB00D41011 /* NSMutableArray+JEToolkit.h */,
				2FA7B83717E5F7DB00D41011 /* NSMutableArray+JEToolkit.m */,
				34FC084B18E3F8F3000B6BBC /* NSMutableString+JEToolkit.h */,
				34FC084C18E3F8F3000B6BBC /* NSMutableString+JEToolkit.m */,
				2FA7B83017E5E99700D41011 /* NSNumber+JEToolkit.h */,
				2FA7B83117E5E99700D41011 /* NSNumber+JEToolkit.m */,
				2F1DCF7C17FF115700AFD8C7 /* NSObject+JEToolkit.h */,
				2F1DCF7D17FF115700AFD8C7 /* NSObject+JEToolkit.m */,
				34FC085A18E3FC67000B6BBC /* NSOrderedSet+JEToolkit.h */,
				34FC085B18E3FC67000B6BBC /* NSOrderedSet+JEToolkit.m */,
				34FC085D18E3FCE3000B6BBC /* NSPointerArray+JEToolkit.h */,
				34FC085E18E3FCE3000B6BBC /* NSPointerArray+JEToolkit.m */,
				34FC086018E3FD2E000B6BBC /* NSSet+JEToolkit.h */,
				34FC086118E3FD2E000B6BBC /* NSSet+JEToolkit.m */,
				2F8FC89717B669DE00C3C0F3 /* NSString+JEToolkit.h */,
				2F8FC89817B669DE00C3C0F3 /* NSString+JEToolkit.m */,
				2F1DCF8217FF1CCA00AFD8C7 /* NSURL+JEToolkit.h */,
				2F1DCF8317FF1CCA00AFD8C7 /* NSURL+JEToolkit.m */,
				34FC086318E3FDB8000B6BBC /* NSValue+JEToolkit.h */,
				34FC086418E3FDB8000B6BBC /* NSValue+JEToolkit.m */,
				2FA7B83917E5FCC400D41011 /* UIColor+JEToolkit.h */,
				2FA7B83A17E5FCC400D41011 /* UIColor+JEToolkit.m */,
				2F8FC88C17B6608400C3C0F3 /* UIImage+JEToolkit.h */,
				2F8FC88D17B6608400C3C0F3 /* UIImage+JEToolkit.m */,
				2F10BB701881124500739760 /* UILabel+JEToolkit.h */,
				2F10BB711881124500739760 /* UILabel+JEToolkit.m */,
				34FED5DE18E2624600DF93CF /* UIScrollView+JEToolkit.h */,
				34FED5DF18E2624600DF93CF /* UIScrollView+JEToolkit.m */,
				2F10BB731881125800739760 /* UITextView+JEToolkit.h */,
				2F10BB741881125800739760 /* UITextView+JEToolkit.m */,
				2F1DCF8A180030FD00AFD8C7 /* UIView+JEToolkit.h */,
				2F1DCF8B180030FD00AFD8C7 /* UIView+JEToolkit.m */,
				2F1DCF8D1800341000AFD8C7 /* UIViewController+JEToolkit.h */,
				2F1DCF8E1800341000AFD8C7 /* UIViewController+JEToolkit.m */,
			);
			path = Categories;
			sourceTree = "<group>";
		};
		2F8FC88B17B65F2D00C3C0F3 /* Classes */ = {
			isa = PBXGroup;
			children = (
				2F45151D18DBF4810072C11E /* JEAssociatedObject.h */,
				2F45151E18DBF4810072C11E /* JEAssociatedObject.m */,
				2F27A69517F69A5500CE0230 /* JEDispatch.h */,
				2F27A69417F69A5500CE0230 /* JEDispatch.m */,
				2F39821718122ACB007A843F /* JEOrderedDictionary.h */,
				2F39821818122ACB007A843F /* JEOrderedDictionary.m */,
				2F2C84AC189E42EA000D2B1F /* JEWeakCache.h */,
				2F2C84AD189E42EA000D2B1F /* JEWeakCache.m */,
			);
			path = Classes;
			sourceTree = "<group>";
		};
		34ECBD3D184EF09400960D4A /* Loggers Settings */ = {
			isa = PBXGroup;
			children = (
				34ECBD3E184EF0DD00960D4A /* JEBaseLoggerSettings.h */,
				34ECBD3F184EF0DD00960D4A /* JEBaseLoggerSettings.m */,
				34ECBD41184EF10B00960D4A /* JEConsoleLoggerSettings.h */,
				34ECBD42184EF10B00960D4A /* JEConsoleLoggerSettings.m */,
				34ECBD47184EF13800960D4A /* JEFileLoggerSettings.h */,
				34ECBD48184EF13800960D4A /* JEFileLoggerSettings.m */,
				34ECBD44184EF12900960D4A /* JEHUDLoggerSettings.h */,
				34ECBD45184EF12900960D4A /* JEHUDLoggerSettings.m */,
			);
			path = "Loggers Settings";
			sourceTree = "<group>";
		};
		34F1246F1844874D00856ACA /* JEDebugging */ = {
			isa = PBXGroup;
			children = (
				34F124701844882E00856ACA /* JEDebugging.h */,
				34F124711844882E00856ACA /* JEDebugging.m */,
				2F10BB6B1880ED6300739760 /* Views */,
				34ECBD3D184EF09400960D4A /* Loggers Settings */,
			);
			path = JEDebugging;
			sourceTree = "<group>";
		};
/* End PBXGroup section */

/* Begin PBXNativeTarget section */
		2F8FC85F17B65DB500C3C0F3 /* JEToolkit */ = {
			isa = PBXNativeTarget;
			buildConfigurationList = 2F8FC88317B65DB500C3C0F3 /* Build configuration list for PBXNativeTarget "JEToolkit" */;
			buildPhases = (
				2F8FC85C17B65DB500C3C0F3 /* Sources */,
				2F8FC85D17B65DB500C3C0F3 /* Frameworks */,
				2F8FC85E17B65DB500C3C0F3 /* CopyFiles */,
			);
			buildRules = (
			);
			dependencies = (
			);
			name = JEToolkit;
			productName = JEToolkit;
			productReference = 2F8FC86017B65DB500C3C0F3 /* libJEToolkit.a */;
			productType = "com.apple.product-type.library.static";
		};
		2F8FC86F17B65DB500C3C0F3 /* JEToolkitTests */ = {
			isa = PBXNativeTarget;
			buildConfigurationList = 2F8FC88617B65DB500C3C0F3 /* Build configuration list for PBXNativeTarget "JEToolkitTests" */;
			buildPhases = (
				2F8FC86C17B65DB500C3C0F3 /* Sources */,
				2F8FC86D17B65DB500C3C0F3 /* Frameworks */,
				2F8FC86E17B65DB500C3C0F3 /* Resources */,
			);
			buildRules = (
			);
			dependencies = (
				2F8FC87717B65DB500C3C0F3 /* PBXTargetDependency */,
			);
			name = JEToolkitTests;
			productName = JEToolkitTests;
			productReference = 2F8FC87017B65DB500C3C0F3 /* JEToolkitTests.xctest */;
			productType = "com.apple.product-type.bundle.unit-test";
		};
/* End PBXNativeTarget section */

/* Begin PBXProject section */
		2F8FC85817B65DB500C3C0F3 /* Project object */ = {
			isa = PBXProject;
			attributes = {
				LastUpgradeCheck = 0500;
				ORGANIZATIONNAME = "John Rommel Estropia";
			};
			buildConfigurationList = 2F8FC85B17B65DB500C3C0F3 /* Build configuration list for PBXProject "JEToolkit" */;
			compatibilityVersion = "Xcode 3.2";
			developmentRegion = English;
			hasScannedForEncodings = 0;
			knownRegions = (
				en,
			);
			mainGroup = 2F8FC85717B65DB500C3C0F3;
			productRefGroup = 2F8FC86117B65DB500C3C0F3 /* Products */;
			projectDirPath = "";
			projectRoot = "";
			targets = (
				2F8FC85F17B65DB500C3C0F3 /* JEToolkit */,
				2F8FC86F17B65DB500C3C0F3 /* JEToolkitTests */,
			);
		};
/* End PBXProject section */

/* Begin PBXResourcesBuildPhase section */
		2F8FC86E17B65DB500C3C0F3 /* Resources */ = {
			isa = PBXResourcesBuildPhase;
			buildActionMask = 2147483647;
			files = (
				34FC084A18E3BA64000B6BBC /* README.md in Resources */,
				2F8FC87E17B65DB500C3C0F3 /* InfoPlist.strings in Resources */,
			);
			runOnlyForDeploymentPostprocessing = 0;
		};
/* End PBXResourcesBuildPhase section */

/* Begin PBXSourcesBuildPhase section */
		2F8FC85C17B65DB500C3C0F3 /* Sources */ = {
			isa = PBXSourcesBuildPhase;
			buildActionMask = 2147483647;
			files = (
				2F1DCF7E17FF115700AFD8C7 /* NSObject+JEToolkit.m in Sources */,
				34FC084D18E3F8F3000B6BBC /* NSMutableString+JEToolkit.m in Sources */,
				2F10BB721881124500739760 /* UILabel+JEToolkit.m in Sources */,
				34ECBD49184EF13800960D4A /* JEFileLoggerSettings.m in Sources */,
				2FA7B83B17E5FCC400D41011 /* UIColor+JEToolkit.m in Sources */,
				34FC085F18E3FCE3000B6BBC /* NSPointerArray+JEToolkit.m in Sources */,
				2FA7B82F17E49C3300D41011 /* NSDate+JEToolkit.m in Sources */,
				34FC085618E3FB58000B6BBC /* NSHashTable+JEToolkit.m in Sources */,
				2F10BB6E1880EDFA00739760 /* JEHUDLogView.m in Sources */,
				2F8FC88E17B6608400C3C0F3 /* UIImage+JEToolkit.m in Sources */,
				2FA7B83817E5F7DB00D41011 /* NSMutableArray+JEToolkit.m in Sources */,
				34F124721844882E00856ACA /* JEDebugging.m in Sources */,
				34ECBD46184EF12900960D4A /* JEHUDLoggerSettings.m in Sources */,
				34FC085018E3FA0B000B6BBC /* NSDictionary+JEToolkit.m in Sources */,
				34FC085318E3FAFE000B6BBC /* NSException+JEToolkit.m in Sources */,
				2F1DCF8117FF186E00AFD8C7 /* NSIndexSet+JEToolkit.m in Sources */,
				34FC086518E3FDB8000B6BBC /* NSValue+JEToolkit.m in Sources */,
				34FC086218E3FD2E000B6BBC /* NSSet+JEToolkit.m in Sources */,
				2FA7B82C17E498AC00D41011 /* NSArray+JEToolkit.m in Sources */,
				2FA7B83517E5EFCC00D41011 /* NSCache+JEToolkit.m in Sources */,
				34F035D51850211C004AD192 /* NSError+JEToolkit.m in Sources */,
				2F1DCF8C180030FD00AFD8C7 /* UIView+JEToolkit.m in Sources */,
				2F1DCF8417FF1CCA00AFD8C7 /* NSURL+JEToolkit.m in Sources */,
				2F6D775017E0CFEA00D3735D /* NSDateFormatter+JEToolkit.m in Sources */,
				2F10BB751881125800739760 /* UITextView+JEToolkit.m in Sources */,
				2FA7B83217E5E99800D41011 /* NSNumber+JEToolkit.m in Sources */,
				2F1DCF8F1800341000AFD8C7 /* UIViewController+JEToolkit.m in Sources */,
				2F27A69617F69A5500CE0230 /* JEDispatch.m in Sources */,
				34FC085C18E3FC67000B6BBC /* NSOrderedSet+JEToolkit.m in Sources */,
				34ECBD43184EF10B00960D4A /* JEConsoleLoggerSettings.m in Sources */,
				34ECBD40184EF0DD00960D4A /* JEBaseLoggerSettings.m in Sources */,
				2F2C84AE189E42EA000D2B1F /* JEWeakCache.m in Sources */,
				2F8FC89917B669DE00C3C0F3 /* NSString+JEToolkit.m in Sources */,
				2F39821918122ACB007A843F /* JEOrderedDictionary.m in Sources */,
				2F8FC89317B6638800C3C0F3 /* NSCalendar+JEToolkit.m in Sources */,
				34FED5E018E2624600DF93CF /* UIScrollView+JEToolkit.m in Sources */,
				34FC085918E3FBB0000B6BBC /* NSMapTable+JEToolkit.m in Sources */,
				2F45151F18DBF4810072C11E /* JEAssociatedObject.m in Sources */,
			);
			runOnlyForDeploymentPostprocessing = 0;
		};
		2F8FC86C17B65DB500C3C0F3 /* Sources */ = {
			isa = PBXSourcesBuildPhase;
			buildActionMask = 2147483647;
			files = (
				2F8FC88017B65DB500C3C0F3 /* JEToolkitTests.m in Sources */,
			);
			runOnlyForDeploymentPostprocessing = 0;
		};
/* End PBXSourcesBuildPhase section */

/* Begin PBXTargetDependency section */
		2F8FC87717B65DB500C3C0F3 /* PBXTargetDependency */ = {
			isa = PBXTargetDependency;
			target = 2F8FC85F17B65DB500C3C0F3 /* JEToolkit */;
			targetProxy = 2F8FC87617B65DB500C3C0F3 /* PBXContainerItemProxy */;
		};
/* End PBXTargetDependency section */

/* Begin PBXVariantGroup section */
		2F8FC87C17B65DB500C3C0F3 /* InfoPlist.strings */ = {
			isa = PBXVariantGroup;
			children = (
				2F8FC87D17B65DB500C3C0F3 /* en */,
			);
			name = InfoPlist.strings;
			sourceTree = "<group>";
		};
/* End PBXVariantGroup section */

/* Begin XCBuildConfiguration section */
		2F8FC88117B65DB500C3C0F3 /* Debug */ = {
			isa = XCBuildConfiguration;
			buildSettings = {
				ALWAYS_SEARCH_USER_PATHS = NO;
				ARCHS = "$(ARCHS_STANDARD_INCLUDING_64_BIT)";
				CLANG_ANALYZER_SECURITY_FLOATLOOPCOUNTER = YES;
				CLANG_ANALYZER_SECURITY_INSECUREAPI_RAND = YES;
				CLANG_ANALYZER_SECURITY_INSECUREAPI_STRCPY = YES;
				CLANG_CXX_LANGUAGE_STANDARD = "gnu++0x";
				CLANG_CXX_LIBRARY = "libc++";
				CLANG_ENABLE_MODULES = YES;
				CLANG_ENABLE_OBJC_ARC = YES;
				CLANG_WARN_BOOL_CONVERSION = YES;
				CLANG_WARN_CONSTANT_CONVERSION = YES;
				CLANG_WARN_DEPRECATED_OBJC_IMPLEMENTATIONS = YES;
				CLANG_WARN_DIRECT_OBJC_ISA_USAGE = YES_ERROR;
				CLANG_WARN_EMPTY_BODY = YES;
				CLANG_WARN_ENUM_CONVERSION = YES;
				CLANG_WARN_INT_CONVERSION = YES;
				CLANG_WARN_OBJC_EXPLICIT_OWNERSHIP_TYPE = YES;
				CLANG_WARN_OBJC_IMPLICIT_ATOMIC_PROPERTIES = YES;
				CLANG_WARN_OBJC_IMPLICIT_RETAIN_SELF = YES;
				CLANG_WARN_OBJC_RECEIVER_WEAK = NO;
				CLANG_WARN_OBJC_REPEATED_USE_OF_WEAK = YES;
				CLANG_WARN_OBJC_ROOT_CLASS = YES_ERROR;
				CLANG_WARN__DUPLICATE_METHOD_MATCH = YES;
				COPY_PHASE_STRIP = NO;
				GCC_C_LANGUAGE_STANDARD = gnu99;
				GCC_DYNAMIC_NO_PIC = NO;
				GCC_OPTIMIZATION_LEVEL = 0;
				GCC_PREPROCESSOR_DEFINITIONS = (
					"DEBUG=1",
					"$(inherited)",
				);
				GCC_SYMBOLS_PRIVATE_EXTERN = NO;
				GCC_WARN_ABOUT_MISSING_FIELD_INITIALIZERS = YES;
				GCC_WARN_ABOUT_MISSING_PROTOTYPES = YES;
				GCC_WARN_ABOUT_RETURN_TYPE = YES_ERROR;
				GCC_WARN_INITIALIZER_NOT_FULLY_BRACKETED = YES;
				GCC_WARN_UNDECLARED_SELECTOR = YES;
				GCC_WARN_UNINITIALIZED_AUTOS = YES;
				GCC_WARN_UNUSED_FUNCTION = YES;
				GCC_WARN_UNUSED_LABEL = YES;
				GCC_WARN_UNUSED_VARIABLE = YES;
				IPHONEOS_DEPLOYMENT_TARGET = 6.0;
				ONLY_ACTIVE_ARCH = YES;
				OTHER_LDFLAGS = "-ObjC";
				RUN_CLANG_STATIC_ANALYZER = YES;
				SDKROOT = iphoneos;
			};
			name = Debug;
		};
		2F8FC88217B65DB500C3C0F3 /* Release */ = {
			isa = XCBuildConfiguration;
			buildSettings = {
				ALWAYS_SEARCH_USER_PATHS = NO;
				ARCHS = "$(ARCHS_STANDARD_INCLUDING_64_BIT)";
				CLANG_ANALYZER_SECURITY_FLOATLOOPCOUNTER = YES;
				CLANG_ANALYZER_SECURITY_INSECUREAPI_RAND = YES;
				CLANG_ANALYZER_SECURITY_INSECUREAPI_STRCPY = YES;
				CLANG_CXX_LANGUAGE_STANDARD = "gnu++0x";
				CLANG_CXX_LIBRARY = "libc++";
				CLANG_ENABLE_MODULES = YES;
				CLANG_ENABLE_OBJC_ARC = YES;
				CLANG_WARN_BOOL_CONVERSION = YES;
				CLANG_WARN_CONSTANT_CONVERSION = YES;
				CLANG_WARN_DEPRECATED_OBJC_IMPLEMENTATIONS = YES;
				CLANG_WARN_DIRECT_OBJC_ISA_USAGE = YES_ERROR;
				CLANG_WARN_EMPTY_BODY = YES;
				CLANG_WARN_ENUM_CONVERSION = YES;
				CLANG_WARN_INT_CONVERSION = YES;
				CLANG_WARN_OBJC_EXPLICIT_OWNERSHIP_TYPE = YES;
				CLANG_WARN_OBJC_IMPLICIT_ATOMIC_PROPERTIES = YES;
				CLANG_WARN_OBJC_IMPLICIT_RETAIN_SELF = YES;
				CLANG_WARN_OBJC_RECEIVER_WEAK = NO;
				CLANG_WARN_OBJC_REPEATED_USE_OF_WEAK = YES;
				CLANG_WARN_OBJC_ROOT_CLASS = YES_ERROR;
				CLANG_WARN__DUPLICATE_METHOD_MATCH = YES;
				COPY_PHASE_STRIP = YES;
				ENABLE_NS_ASSERTIONS = NO;
				GCC_C_LANGUAGE_STANDARD = gnu99;
				GCC_OPTIMIZATION_LEVEL = s;
				GCC_WARN_ABOUT_MISSING_FIELD_INITIALIZERS = YES;
				GCC_WARN_ABOUT_MISSING_PROTOTYPES = YES;
				GCC_WARN_ABOUT_RETURN_TYPE = YES_ERROR;
				GCC_WARN_INITIALIZER_NOT_FULLY_BRACKETED = YES;
				GCC_WARN_UNDECLARED_SELECTOR = YES;
				GCC_WARN_UNINITIALIZED_AUTOS = YES;
				GCC_WARN_UNUSED_FUNCTION = YES;
				GCC_WARN_UNUSED_LABEL = YES;
				GCC_WARN_UNUSED_VARIABLE = YES;
				IPHONEOS_DEPLOYMENT_TARGET = 6.0;
				OTHER_LDFLAGS = "-ObjC";
				RUN_CLANG_STATIC_ANALYZER = YES;
				SDKROOT = iphoneos;
				VALIDATE_PRODUCT = YES;
			};
			name = Release;
		};
		2F8FC88417B65DB500C3C0F3 /* Debug */ = {
			isa = XCBuildConfiguration;
			buildSettings = {
				DSTROOT = /tmp/JEToolkit.dst;
				GCC_PRECOMPILE_PREFIX_HEADER = YES;
				GCC_PREFIX_HEADER = "JEToolkit/JEToolkit-Prefix.pch";
				PRODUCT_NAME = JEToolkit;
				SKIP_INSTALL = YES;
			};
			name = Debug;
		};
		2F8FC88517B65DB500C3C0F3 /* Release */ = {
			isa = XCBuildConfiguration;
			buildSettings = {
				DSTROOT = /tmp/JEToolkit.dst;
				GCC_PRECOMPILE_PREFIX_HEADER = YES;
				GCC_PREFIX_HEADER = "JEToolkit/JEToolkit-Prefix.pch";
				PRODUCT_NAME = JEToolkit;
				SKIP_INSTALL = YES;
			};
			name = Release;
		};
		2F8FC88717B65DB500C3C0F3 /* Debug */ = {
			isa = XCBuildConfiguration;
			buildSettings = {
				FRAMEWORK_SEARCH_PATHS = (
					"$(SDKROOT)/Developer/Library/Frameworks",
					"$(inherited)",
					"$(DEVELOPER_FRAMEWORKS_DIR)",
				);
				GCC_OPTIMIZATION_LEVEL = s;
				GCC_PRECOMPILE_PREFIX_HEADER = YES;
				GCC_PREFIX_HEADER = "JEToolkit/JEToolkit-Prefix.pch";
				GCC_PREPROCESSOR_DEFINITIONS = (
					"DEBUG=1",
					"$(inherited)",
				);
				INFOPLIST_FILE = "JEToolkitTests/JEToolkitTests-Info.plist";
				PRODUCT_NAME = JEToolkitTests;
				WRAPPER_EXTENSION = xctest;
			};
			name = Debug;
		};
		2F8FC88817B65DB500C3C0F3 /* Release */ = {
			isa = XCBuildConfiguration;
			buildSettings = {
				FRAMEWORK_SEARCH_PATHS = (
					"$(SDKROOT)/Developer/Library/Frameworks",
					"$(inherited)",
					"$(DEVELOPER_FRAMEWORKS_DIR)",
				);
				GCC_OPTIMIZATION_LEVEL = s;
				GCC_PRECOMPILE_PREFIX_HEADER = YES;
				GCC_PREFIX_HEADER = "JEToolkit/JEToolkit-Prefix.pch";
				INFOPLIST_FILE = "JEToolkitTests/JEToolkitTests-Info.plist";
				PRODUCT_NAME = JEToolkitTests;
				WRAPPER_EXTENSION = xctest;
			};
			name = Release;
		};
/* End XCBuildConfiguration section */

/* Begin XCConfigurationList section */
		2F8FC85B17B65DB500C3C0F3 /* Build configuration list for PBXProject "JEToolkit" */ = {
			isa = XCConfigurationList;
			buildConfigurations = (
				2F8FC88117B65DB500C3C0F3 /* Debug */,
				2F8FC88217B65DB500C3C0F3 /* Release */,
			);
			defaultConfigurationIsVisible = 0;
			defaultConfigurationName = Release;
		};
		2F8FC88317B65DB500C3C0F3 /* Build configuration list for PBXNativeTarget "JEToolkit" */ = {
			isa = XCConfigurationList;
			buildConfigurations = (
				2F8FC88417B65DB500C3C0F3 /* Debug */,
				2F8FC88517B65DB500C3C0F3 /* Release */,
			);
			defaultConfigurationIsVisible = 0;
			defaultConfigurationName = Release;
		};
		2F8FC88617B65DB500C3C0F3 /* Build configuration list for PBXNativeTarget "JEToolkitTests" */ = {
			isa = XCConfigurationList;
			buildConfigurations = (
				2F8FC88717B65DB500C3C0F3 /* Debug */,
				2F8FC88817B65DB500C3C0F3 /* Release */,
			);
			defaultConfigurationIsVisible = 0;
			defaultConfigurationName = Release;
		};
/* End XCConfigurationList section */
	};
	rootObject = 2F8FC85817B65DB500C3C0F3 /* Project object */;
}
