// !$*UTF8*$!
{
	archiveVersion = 1;
	classes = {
	};
	objectVersion = 46;
	objects = {

/* Begin PBXBuildFile section */
		2F74E6FB19DFCC7A00FB0C88 /* JEToolkit.h in Headers */ = {isa = PBXBuildFile; fileRef = 2F74E6FA19DFCC7A00FB0C88 /* JEToolkit.h */; settings = {ATTRIBUTES = (Public, ); }; };
		2F74E70119DFCC7A00FB0C88 /* JEToolkit.framework in Frameworks */ = {isa = PBXBuildFile; fileRef = 2F74E6F519DFCC7A00FB0C88 /* JEToolkit.framework */; };
		2F74E70819DFCC7A00FB0C88 /* JEToolkitTests.m in Sources */ = {isa = PBXBuildFile; fileRef = 2F74E70719DFCC7A00FB0C88 /* JEToolkitTests.m */; };
		2F74E79019DFCD2400FB0C88 /* NSArray+JEDebugging.h in Headers */ = {isa = PBXBuildFile; fileRef = 2F74E71619DFCD2300FB0C88 /* NSArray+JEDebugging.h */; settings = {ATTRIBUTES = (Public, ); }; };
		2F74E79119DFCD2400FB0C88 /* NSArray+JEDebugging.m in Sources */ = {isa = PBXBuildFile; fileRef = 2F74E71719DFCD2300FB0C88 /* NSArray+JEDebugging.m */; };
		2F74E79219DFCD2400FB0C88 /* NSDate+JEDebugging.h in Headers */ = {isa = PBXBuildFile; fileRef = 2F74E71819DFCD2300FB0C88 /* NSDate+JEDebugging.h */; settings = {ATTRIBUTES = (Public, ); }; };
		2F74E79319DFCD2400FB0C88 /* NSDate+JEDebugging.m in Sources */ = {isa = PBXBuildFile; fileRef = 2F74E71919DFCD2300FB0C88 /* NSDate+JEDebugging.m */; };
		2F74E79419DFCD2400FB0C88 /* NSDictionary+JEDebugging.h in Headers */ = {isa = PBXBuildFile; fileRef = 2F74E71A19DFCD2300FB0C88 /* NSDictionary+JEDebugging.h */; settings = {ATTRIBUTES = (Public, ); }; };
		2F74E79519DFCD2400FB0C88 /* NSDictionary+JEDebugging.m in Sources */ = {isa = PBXBuildFile; fileRef = 2F74E71B19DFCD2300FB0C88 /* NSDictionary+JEDebugging.m */; };
		2F74E79619DFCD2400FB0C88 /* NSError+JEDebugging.h in Headers */ = {isa = PBXBuildFile; fileRef = 2F74E71C19DFCD2300FB0C88 /* NSError+JEDebugging.h */; settings = {ATTRIBUTES = (Public, ); }; };
		2F74E79719DFCD2400FB0C88 /* NSError+JEDebugging.m in Sources */ = {isa = PBXBuildFile; fileRef = 2F74E71D19DFCD2300FB0C88 /* NSError+JEDebugging.m */; };
		2F74E79819DFCD2400FB0C88 /* NSException+JEDebugging.h in Headers */ = {isa = PBXBuildFile; fileRef = 2F74E71E19DFCD2300FB0C88 /* NSException+JEDebugging.h */; settings = {ATTRIBUTES = (Public, ); }; };
		2F74E79919DFCD2400FB0C88 /* NSException+JEDebugging.m in Sources */ = {isa = PBXBuildFile; fileRef = 2F74E71F19DFCD2300FB0C88 /* NSException+JEDebugging.m */; };
		2F74E79A19DFCD2400FB0C88 /* NSHashTable+JEDebugging.h in Headers */ = {isa = PBXBuildFile; fileRef = 2F74E72019DFCD2300FB0C88 /* NSHashTable+JEDebugging.h */; settings = {ATTRIBUTES = (Public, ); }; };
		2F74E79B19DFCD2400FB0C88 /* NSHashTable+JEDebugging.m in Sources */ = {isa = PBXBuildFile; fileRef = 2F74E72119DFCD2300FB0C88 /* NSHashTable+JEDebugging.m */; };
		2F74E79C19DFCD2400FB0C88 /* NSMapTable+JEDebugging.h in Headers */ = {isa = PBXBuildFile; fileRef = 2F74E72219DFCD2300FB0C88 /* NSMapTable+JEDebugging.h */; settings = {ATTRIBUTES = (Public, ); }; };
		2F74E79D19DFCD2400FB0C88 /* NSMapTable+JEDebugging.m in Sources */ = {isa = PBXBuildFile; fileRef = 2F74E72319DFCD2300FB0C88 /* NSMapTable+JEDebugging.m */; };
		2F74E79E19DFCD2400FB0C88 /* NSMutableString+JEDebugging.h in Headers */ = {isa = PBXBuildFile; fileRef = 2F74E72419DFCD2300FB0C88 /* NSMutableString+JEDebugging.h */; settings = {ATTRIBUTES = (Public, ); }; };
		2F74E79F19DFCD2400FB0C88 /* NSMutableString+JEDebugging.m in Sources */ = {isa = PBXBuildFile; fileRef = 2F74E72519DFCD2300FB0C88 /* NSMutableString+JEDebugging.m */; };
		2F74E7A019DFCD2400FB0C88 /* NSNumber+JEDebugging.h in Headers */ = {isa = PBXBuildFile; fileRef = 2F74E72619DFCD2300FB0C88 /* NSNumber+JEDebugging.h */; settings = {ATTRIBUTES = (Public, ); }; };
		2F74E7A119DFCD2400FB0C88 /* NSNumber+JEDebugging.m in Sources */ = {isa = PBXBuildFile; fileRef = 2F74E72719DFCD2300FB0C88 /* NSNumber+JEDebugging.m */; };
		2F74E7A219DFCD2400FB0C88 /* NSObject+JEDebugging.h in Headers */ = {isa = PBXBuildFile; fileRef = 2F74E72819DFCD2300FB0C88 /* NSObject+JEDebugging.h */; settings = {ATTRIBUTES = (Public, ); }; };
		2F74E7A319DFCD2400FB0C88 /* NSObject+JEDebugging.m in Sources */ = {isa = PBXBuildFile; fileRef = 2F74E72919DFCD2300FB0C88 /* NSObject+JEDebugging.m */; };
		2F74E7A419DFCD2400FB0C88 /* NSOrderedSet+JEDebugging.h in Headers */ = {isa = PBXBuildFile; fileRef = 2F74E72A19DFCD2300FB0C88 /* NSOrderedSet+JEDebugging.h */; settings = {ATTRIBUTES = (Public, ); }; };
		2F74E7A519DFCD2400FB0C88 /* NSOrderedSet+JEDebugging.m in Sources */ = {isa = PBXBuildFile; fileRef = 2F74E72B19DFCD2300FB0C88 /* NSOrderedSet+JEDebugging.m */; };
		2F74E7A619DFCD2400FB0C88 /* NSPointerArray+JEDebugging.h in Headers */ = {isa = PBXBuildFile; fileRef = 2F74E72C19DFCD2300FB0C88 /* NSPointerArray+JEDebugging.h */; settings = {ATTRIBUTES = (Public, ); }; };
		2F74E7A719DFCD2400FB0C88 /* NSPointerArray+JEDebugging.m in Sources */ = {isa = PBXBuildFile; fileRef = 2F74E72D19DFCD2300FB0C88 /* NSPointerArray+JEDebugging.m */; };
		2F74E7A819DFCD2400FB0C88 /* NSSet+JEDebugging.h in Headers */ = {isa = PBXBuildFile; fileRef = 2F74E72E19DFCD2300FB0C88 /* NSSet+JEDebugging.h */; settings = {ATTRIBUTES = (Public, ); }; };
		2F74E7A919DFCD2400FB0C88 /* NSSet+JEDebugging.m in Sources */ = {isa = PBXBuildFile; fileRef = 2F74E72F19DFCD2300FB0C88 /* NSSet+JEDebugging.m */; };
		2F74E7AA19DFCD2400FB0C88 /* NSString+JEDebugging.h in Headers */ = {isa = PBXBuildFile; fileRef = 2F74E73019DFCD2300FB0C88 /* NSString+JEDebugging.h */; settings = {ATTRIBUTES = (Public, ); }; };
		2F74E7AB19DFCD2400FB0C88 /* NSString+JEDebugging.m in Sources */ = {isa = PBXBuildFile; fileRef = 2F74E73119DFCD2300FB0C88 /* NSString+JEDebugging.m */; };
		2F74E7AC19DFCD2400FB0C88 /* NSValue+JEDebugging.h in Headers */ = {isa = PBXBuildFile; fileRef = 2F74E73219DFCD2300FB0C88 /* NSValue+JEDebugging.h */; settings = {ATTRIBUTES = (Public, ); }; };
		2F74E7AD19DFCD2400FB0C88 /* NSValue+JEDebugging.m in Sources */ = {isa = PBXBuildFile; fileRef = 2F74E73319DFCD2300FB0C88 /* NSValue+JEDebugging.m */; };
		2F74E7AE19DFCD2400FB0C88 /* UIColor+JEDebugging.h in Headers */ = {isa = PBXBuildFile; fileRef = 2F74E73419DFCD2300FB0C88 /* UIColor+JEDebugging.h */; settings = {ATTRIBUTES = (Public, ); }; };
		2F74E7AF19DFCD2400FB0C88 /* UIColor+JEDebugging.m in Sources */ = {isa = PBXBuildFile; fileRef = 2F74E73519DFCD2300FB0C88 /* UIColor+JEDebugging.m */; };
		2F74E7B019DFCD2400FB0C88 /* UIImage+JEDebugging.h in Headers */ = {isa = PBXBuildFile; fileRef = 2F74E73619DFCD2300FB0C88 /* UIImage+JEDebugging.h */; settings = {ATTRIBUTES = (Public, ); }; };
		2F74E7B119DFCD2400FB0C88 /* UIImage+JEDebugging.m in Sources */ = {isa = PBXBuildFile; fileRef = 2F74E73719DFCD2300FB0C88 /* UIImage+JEDebugging.m */; };
		2F74E7B219DFCD2400FB0C88 /* JEDebugging.h in Headers */ = {isa = PBXBuildFile; fileRef = 2F74E73819DFCD2300FB0C88 /* JEDebugging.h */; settings = {ATTRIBUTES = (Public, ); }; };
		2F74E7B319DFCD2400FB0C88 /* JEDebugging.m in Sources */ = {isa = PBXBuildFile; fileRef = 2F74E73919DFCD2300FB0C88 /* JEDebugging.m */; };
		2F74E7B419DFCD2400FB0C88 /* JEBaseLoggerSettings.h in Headers */ = {isa = PBXBuildFile; fileRef = 2F74E73B19DFCD2300FB0C88 /* JEBaseLoggerSettings.h */; settings = {ATTRIBUTES = (Public, ); }; };
		2F74E7B519DFCD2400FB0C88 /* JEBaseLoggerSettings.m in Sources */ = {isa = PBXBuildFile; fileRef = 2F74E73C19DFCD2300FB0C88 /* JEBaseLoggerSettings.m */; };
		2F74E7B619DFCD2400FB0C88 /* JEConsoleLoggerSettings.h in Headers */ = {isa = PBXBuildFile; fileRef = 2F74E73D19DFCD2300FB0C88 /* JEConsoleLoggerSettings.h */; settings = {ATTRIBUTES = (Public, ); }; };
		2F74E7B719DFCD2400FB0C88 /* JEConsoleLoggerSettings.m in Sources */ = {isa = PBXBuildFile; fileRef = 2F74E73E19DFCD2300FB0C88 /* JEConsoleLoggerSettings.m */; };
		2F74E7B819DFCD2400FB0C88 /* JEFileLoggerSettings.h in Headers */ = {isa = PBXBuildFile; fileRef = 2F74E73F19DFCD2300FB0C88 /* JEFileLoggerSettings.h */; settings = {ATTRIBUTES = (Public, ); }; };
		2F74E7B919DFCD2400FB0C88 /* JEFileLoggerSettings.m in Sources */ = {isa = PBXBuildFile; fileRef = 2F74E74019DFCD2300FB0C88 /* JEFileLoggerSettings.m */; };
		2F74E7BA19DFCD2400FB0C88 /* JEHUDLoggerSettings.h in Headers */ = {isa = PBXBuildFile; fileRef = 2F74E74119DFCD2300FB0C88 /* JEHUDLoggerSettings.h */; settings = {ATTRIBUTES = (Public, ); }; };
		2F74E7BB19DFCD2400FB0C88 /* JEHUDLoggerSettings.m in Sources */ = {isa = PBXBuildFile; fileRef = 2F74E74219DFCD2300FB0C88 /* JEHUDLoggerSettings.m */; };
		2F74E7BC19DFCD2400FB0C88 /* JEHUDLogView.h in Headers */ = {isa = PBXBuildFile; fileRef = 2F74E74419DFCD2300FB0C88 /* JEHUDLogView.h */; };
		2F74E7BD19DFCD2400FB0C88 /* JEHUDLogView.m in Sources */ = {isa = PBXBuildFile; fileRef = 2F74E74519DFCD2300FB0C88 /* JEHUDLogView.m */; };
		2F74E7C419DFCD2400FB0C88 /* JEOrderedDictionary.h in Headers */ = {isa = PBXBuildFile; fileRef = 2F74E75019DFCD2300FB0C88 /* JEOrderedDictionary.h */; settings = {ATTRIBUTES = (Public, ); }; };
		2F74E7C519DFCD2400FB0C88 /* JEOrderedDictionary.m in Sources */ = {isa = PBXBuildFile; fileRef = 2F74E75119DFCD2300FB0C88 /* JEOrderedDictionary.m */; };
		2F74E7C719DFCD2400FB0C88 /* JEWeakCache.h in Headers */ = {isa = PBXBuildFile; fileRef = 2F74E75519DFCD2300FB0C88 /* JEWeakCache.h */; settings = {ATTRIBUTES = (Public, ); }; };
		2F74E7C819DFCD2400FB0C88 /* JEWeakCache.m in Sources */ = {isa = PBXBuildFile; fileRef = 2F74E75619DFCD2300FB0C88 /* JEWeakCache.m */; };
		2F74E7C919DFCD2400FB0C88 /* NSArray+JEToolkit.h in Headers */ = {isa = PBXBuildFile; fileRef = 2F74E75919DFCD2300FB0C88 /* NSArray+JEToolkit.h */; settings = {ATTRIBUTES = (Public, ); }; };
		2F74E7CA19DFCD2400FB0C88 /* NSArray+JEToolkit.m in Sources */ = {isa = PBXBuildFile; fileRef = 2F74E75A19DFCD2300FB0C88 /* NSArray+JEToolkit.m */; };
		2F74E7CB19DFCD2400FB0C88 /* NSCache+JEToolkit.h in Headers */ = {isa = PBXBuildFile; fileRef = 2F74E75B19DFCD2300FB0C88 /* NSCache+JEToolkit.h */; settings = {ATTRIBUTES = (Public, ); }; };
		2F74E7CC19DFCD2400FB0C88 /* NSCache+JEToolkit.m in Sources */ = {isa = PBXBuildFile; fileRef = 2F74E75C19DFCD2300FB0C88 /* NSCache+JEToolkit.m */; };
		2F74E7CD19DFCD2400FB0C88 /* NSCalendar+JEToolkit.h in Headers */ = {isa = PBXBuildFile; fileRef = 2F74E75D19DFCD2300FB0C88 /* NSCalendar+JEToolkit.h */; settings = {ATTRIBUTES = (Public, ); }; };
		2F74E7CE19DFCD2400FB0C88 /* NSCalendar+JEToolkit.m in Sources */ = {isa = PBXBuildFile; fileRef = 2F74E75E19DFCD2300FB0C88 /* NSCalendar+JEToolkit.m */; };
		2F74E7CF19DFCD2400FB0C88 /* NSDate+JEToolkit.h in Headers */ = {isa = PBXBuildFile; fileRef = 2F74E75F19DFCD2300FB0C88 /* NSDate+JEToolkit.h */; settings = {ATTRIBUTES = (Public, ); }; };
		2F74E7D019DFCD2400FB0C88 /* NSDate+JEToolkit.m in Sources */ = {isa = PBXBuildFile; fileRef = 2F74E76019DFCD2300FB0C88 /* NSDate+JEToolkit.m */; };
		2F74E7D119DFCD2400FB0C88 /* NSDateFormatter+JEToolkit.h in Headers */ = {isa = PBXBuildFile; fileRef = 2F74E76119DFCD2300FB0C88 /* NSDateFormatter+JEToolkit.h */; settings = {ATTRIBUTES = (Public, ); }; };
		2F74E7D219DFCD2400FB0C88 /* NSDateFormatter+JEToolkit.m in Sources */ = {isa = PBXBuildFile; fileRef = 2F74E76219DFCD2300FB0C88 /* NSDateFormatter+JEToolkit.m */; };
		2F74E7D319DFCD2400FB0C88 /* NSError+JEToolkit.h in Headers */ = {isa = PBXBuildFile; fileRef = 2F74E76319DFCD2300FB0C88 /* NSError+JEToolkit.h */; settings = {ATTRIBUTES = (Public, ); }; };
		2F74E7D419DFCD2400FB0C88 /* NSError+JEToolkit.m in Sources */ = {isa = PBXBuildFile; fileRef = 2F74E76419DFCD2300FB0C88 /* NSError+JEToolkit.m */; };
		2F74E7D519DFCD2400FB0C88 /* NSIndexSet+JEToolkit.h in Headers */ = {isa = PBXBuildFile; fileRef = 2F74E76519DFCD2300FB0C88 /* NSIndexSet+JEToolkit.h */; settings = {ATTRIBUTES = (Public, ); }; };
		2F74E7D619DFCD2400FB0C88 /* NSIndexSet+JEToolkit.m in Sources */ = {isa = PBXBuildFile; fileRef = 2F74E76619DFCD2300FB0C88 /* NSIndexSet+JEToolkit.m */; };
		2F74E7D719DFCD2400FB0C88 /* NSMutableArray+JEToolkit.h in Headers */ = {isa = PBXBuildFile; fileRef = 2F74E76719DFCD2300FB0C88 /* NSMutableArray+JEToolkit.h */; settings = {ATTRIBUTES = (Public, ); }; };
		2F74E7D819DFCD2400FB0C88 /* NSMutableArray+JEToolkit.m in Sources */ = {isa = PBXBuildFile; fileRef = 2F74E76819DFCD2300FB0C88 /* NSMutableArray+JEToolkit.m */; };
		2F74E7D919DFCD2400FB0C88 /* NSNumber+JEToolkit.h in Headers */ = {isa = PBXBuildFile; fileRef = 2F74E76919DFCD2300FB0C88 /* NSNumber+JEToolkit.h */; settings = {ATTRIBUTES = (Public, ); }; };
		2F74E7DA19DFCD2400FB0C88 /* NSNumber+JEToolkit.m in Sources */ = {isa = PBXBuildFile; fileRef = 2F74E76A19DFCD2300FB0C88 /* NSNumber+JEToolkit.m */; };
		2F74E7DB19DFCD2400FB0C88 /* NSObject+JEToolkit.h in Headers */ = {isa = PBXBuildFile; fileRef = 2F74E76B19DFCD2300FB0C88 /* NSObject+JEToolkit.h */; settings = {ATTRIBUTES = (Public, ); }; };
		2F74E7DC19DFCD2400FB0C88 /* NSObject+JEToolkit.m in Sources */ = {isa = PBXBuildFile; fileRef = 2F74E76C19DFCD2300FB0C88 /* NSObject+JEToolkit.m */; };
		2F74E7DD19DFCD2400FB0C88 /* NSString+JEToolkit.h in Headers */ = {isa = PBXBuildFile; fileRef = 2F74E76D19DFCD2300FB0C88 /* NSString+JEToolkit.h */; settings = {ATTRIBUTES = (Public, ); }; };
		2F74E7DE19DFCD2400FB0C88 /* NSString+JEToolkit.m in Sources */ = {isa = PBXBuildFile; fileRef = 2F74E76E19DFCD2300FB0C88 /* NSString+JEToolkit.m */; };
		2F74E7DF19DFCD2400FB0C88 /* NSURL+JEToolkit.h in Headers */ = {isa = PBXBuildFile; fileRef = 2F74E76F19DFCD2300FB0C88 /* NSURL+JEToolkit.h */; settings = {ATTRIBUTES = (Public, ); }; };
		2F74E7E019DFCD2400FB0C88 /* NSURL+JEToolkit.m in Sources */ = {isa = PBXBuildFile; fileRef = 2F74E77019DFCD2300FB0C88 /* NSURL+JEToolkit.m */; };
		2F74E7E119DFCD2400FB0C88 /* NSValue+JEToolkit.h in Headers */ = {isa = PBXBuildFile; fileRef = 2F74E77119DFCD2300FB0C88 /* NSValue+JEToolkit.h */; settings = {ATTRIBUTES = (Public, ); }; };
		2F74E7E219DFCD2400FB0C88 /* NSValue+JEToolkit.m in Sources */ = {isa = PBXBuildFile; fileRef = 2F74E77219DFCD2300FB0C88 /* NSValue+JEToolkit.m */; };
		2F74E7E319DFCD2400FB0C88 /* UICollectionView+JEToolkit.h in Headers */ = {isa = PBXBuildFile; fileRef = 2F74E77319DFCD2300FB0C88 /* UICollectionView+JEToolkit.h */; settings = {ATTRIBUTES = (Public, ); }; };
		2F74E7E419DFCD2400FB0C88 /* UICollectionView+JEToolkit.m in Sources */ = {isa = PBXBuildFile; fileRef = 2F74E77419DFCD2300FB0C88 /* UICollectionView+JEToolkit.m */; };
		2F74E7E519DFCD2400FB0C88 /* UIColor+JEToolkit.h in Headers */ = {isa = PBXBuildFile; fileRef = 2F74E77519DFCD2300FB0C88 /* UIColor+JEToolkit.h */; settings = {ATTRIBUTES = (Public, ); }; };
		2F74E7E619DFCD2400FB0C88 /* UIColor+JEToolkit.m in Sources */ = {isa = PBXBuildFile; fileRef = 2F74E77619DFCD2300FB0C88 /* UIColor+JEToolkit.m */; };
		2F74E7E719DFCD2400FB0C88 /* UIDevice+JEToolkit.h in Headers */ = {isa = PBXBuildFile; fileRef = 2F74E77719DFCD2300FB0C88 /* UIDevice+JEToolkit.h */; settings = {ATTRIBUTES = (Public, ); }; };
		2F74E7E819DFCD2400FB0C88 /* UIDevice+JEToolkit.m in Sources */ = {isa = PBXBuildFile; fileRef = 2F74E77819DFCD2300FB0C88 /* UIDevice+JEToolkit.m */; };
		2F74E7E919DFCD2400FB0C88 /* UIImage+JEToolkit.h in Headers */ = {isa = PBXBuildFile; fileRef = 2F74E77919DFCD2300FB0C88 /* UIImage+JEToolkit.h */; settings = {ATTRIBUTES = (Public, ); }; };
		2F74E7EA19DFCD2400FB0C88 /* UIImage+JEToolkit.m in Sources */ = {isa = PBXBuildFile; fileRef = 2F74E77A19DFCD2300FB0C88 /* UIImage+JEToolkit.m */; };
		2F74E7EB19DFCD2400FB0C88 /* UILabel+JEToolkit.h in Headers */ = {isa = PBXBuildFile; fileRef = 2F74E77B19DFCD2300FB0C88 /* UILabel+JEToolkit.h */; settings = {ATTRIBUTES = (Public, ); }; };
		2F74E7EC19DFCD2400FB0C88 /* UILabel+JEToolkit.m in Sources */ = {isa = PBXBuildFile; fileRef = 2F74E77C19DFCD2400FB0C88 /* UILabel+JEToolkit.m */; };
		2F74E7ED19DFCD2400FB0C88 /* UINib+JEToolkit.h in Headers */ = {isa = PBXBuildFile; fileRef = 2F74E77D19DFCD2400FB0C88 /* UINib+JEToolkit.h */; settings = {ATTRIBUTES = (Public, ); }; };
		2F74E7EE19DFCD2400FB0C88 /* UINib+JEToolkit.m in Sources */ = {isa = PBXBuildFile; fileRef = 2F74E77E19DFCD2400FB0C88 /* UINib+JEToolkit.m */; };
		2F74E7EF19DFCD2400FB0C88 /* UIScrollView+JEToolkit.h in Headers */ = {isa = PBXBuildFile; fileRef = 2F74E77F19DFCD2400FB0C88 /* UIScrollView+JEToolkit.h */; settings = {ATTRIBUTES = (Public, ); }; };
		2F74E7F019DFCD2400FB0C88 /* UIScrollView+JEToolkit.m in Sources */ = {isa = PBXBuildFile; fileRef = 2F74E78019DFCD2400FB0C88 /* UIScrollView+JEToolkit.m */; };
		2F74E7F119DFCD2400FB0C88 /* UITableView+JEToolkit.h in Headers */ = {isa = PBXBuildFile; fileRef = 2F74E78119DFCD2400FB0C88 /* UITableView+JEToolkit.h */; settings = {ATTRIBUTES = (Public, ); }; };
		2F74E7F219DFCD2400FB0C88 /* UITableView+JEToolkit.m in Sources */ = {isa = PBXBuildFile; fileRef = 2F74E78219DFCD2400FB0C88 /* UITableView+JEToolkit.m */; };
		2F74E7F319DFCD2400FB0C88 /* UITextView+JEToolkit.h in Headers */ = {isa = PBXBuildFile; fileRef = 2F74E78319DFCD2400FB0C88 /* UITextView+JEToolkit.h */; settings = {ATTRIBUTES = (Public, ); }; };
		2F74E7F419DFCD2400FB0C88 /* UITextView+JEToolkit.m in Sources */ = {isa = PBXBuildFile; fileRef = 2F74E78419DFCD2400FB0C88 /* UITextView+JEToolkit.m */; };
		2F74E7F519DFCD2400FB0C88 /* UIView+JEToolkit.h in Headers */ = {isa = PBXBuildFile; fileRef = 2F74E78519DFCD2400FB0C88 /* UIView+JEToolkit.h */; settings = {ATTRIBUTES = (Public, ); }; };
		2F74E7F619DFCD2400FB0C88 /* UIView+JEToolkit.m in Sources */ = {isa = PBXBuildFile; fileRef = 2F74E78619DFCD2400FB0C88 /* UIView+JEToolkit.m */; };
		2F74E7F719DFCD2400FB0C88 /* UIViewController+JEToolkit.h in Headers */ = {isa = PBXBuildFile; fileRef = 2F74E78719DFCD2400FB0C88 /* UIViewController+JEToolkit.h */; settings = {ATTRIBUTES = (Public, ); }; };
		2F74E7F819DFCD2400FB0C88 /* UIViewController+JEToolkit.m in Sources */ = {isa = PBXBuildFile; fileRef = 2F74E78819DFCD2400FB0C88 /* UIViewController+JEToolkit.m */; };
		2F74E80019DFD0D100FB0C88 /* MessageUI.framework in Frameworks */ = {isa = PBXBuildFile; fileRef = 2F74E7FF19DFD0D100FB0C88 /* MessageUI.framework */; };
		2F74E80219DFD0DB00FB0C88 /* MobileCoreServices.framework in Frameworks */ = {isa = PBXBuildFile; fileRef = 2F74E80119DFD0DB00FB0C88 /* MobileCoreServices.framework */; };
		2F74E80419DFD0E200FB0C88 /* Foundation.framework in Frameworks */ = {isa = PBXBuildFile; fileRef = 2F74E80319DFD0E200FB0C88 /* Foundation.framework */; };
		2F74E80619DFD0E900FB0C88 /* UIKit.framework in Frameworks */ = {isa = PBXBuildFile; fileRef = 2F74E80519DFD0E900FB0C88 /* UIKit.framework */; };
		B537BAE219EC2A9800715933 /* JEDebugging.swift in Sources */ = {isa = PBXBuildFile; fileRef = B537BAE119EC2A9800715933 /* JEDebugging.swift */; };
		B55AB07A1A864FE9008DFAB7 /* JEAvailability.h in Headers */ = {isa = PBXBuildFile; fileRef = B55AB0701A864FE9008DFAB7 /* JEAvailability.h */; settings = {ATTRIBUTES = (Public, ); }; };
		B55AB07B1A864FE9008DFAB7 /* JECompilerDefines.h in Headers */ = {isa = PBXBuildFile; fileRef = B55AB0711A864FE9008DFAB7 /* JECompilerDefines.h */; settings = {ATTRIBUTES = (Public, ); }; };
		B55AB07C1A864FE9008DFAB7 /* JEDispatch.h in Headers */ = {isa = PBXBuildFile; fileRef = B55AB0721A864FE9008DFAB7 /* JEDispatch.h */; settings = {ATTRIBUTES = (Public, ); }; };
		B55AB07D1A864FE9008DFAB7 /* JEDispatch.m in Sources */ = {isa = PBXBuildFile; fileRef = B55AB0731A864FE9008DFAB7 /* JEDispatch.m */; };
		B55AB07E1A864FE9008DFAB7 /* JEFormulas.h in Headers */ = {isa = PBXBuildFile; fileRef = B55AB0741A864FE9008DFAB7 /* JEFormulas.h */; settings = {ATTRIBUTES = (Public, ); }; };
		B55AB07F1A864FE9008DFAB7 /* JESafetyHelpers.h in Headers */ = {isa = PBXBuildFile; fileRef = B55AB0751A864FE9008DFAB7 /* JESafetyHelpers.h */; settings = {ATTRIBUTES = (Public, ); }; };
		B55AB0801A864FE9008DFAB7 /* JESafetyHelpers.m in Sources */ = {isa = PBXBuildFile; fileRef = B55AB0761A864FE9008DFAB7 /* JESafetyHelpers.m */; };
		B55AB0811A864FE9008DFAB7 /* JESynthesize.h in Headers */ = {isa = PBXBuildFile; fileRef = B55AB0771A864FE9008DFAB7 /* JESynthesize.h */; settings = {ATTRIBUTES = (Public, ); }; };
		B55AB0821A864FE9008DFAB7 /* JEUIMetrics.h in Headers */ = {isa = PBXBuildFile; fileRef = B55AB0781A864FE9008DFAB7 /* JEUIMetrics.h */; settings = {ATTRIBUTES = (Public, ); }; };
		B55AB0831A864FE9008DFAB7 /* JEUIMetrics.m in Sources */ = {isa = PBXBuildFile; fileRef = B55AB0791A864FE9008DFAB7 /* JEUIMetrics.m */; };
		B57078B61A504327007E33F2 /* UIViewController+JEDebugging.h in Headers */ = {isa = PBXBuildFile; fileRef = B57078B41A504327007E33F2 /* UIViewController+JEDebugging.h */; };
		B57078B71A504327007E33F2 /* UIViewController+JEDebugging.m in Sources */ = {isa = PBXBuildFile; fileRef = B57078B51A504327007E33F2 /* UIViewController+JEDebugging.m */; };
		B5C8D67B1A7877470007C5DF /* UITableView+JEToolkit.swift in Sources */ = {isa = PBXBuildFile; fileRef = B5C8D67A1A7877470007C5DF /* UITableView+JEToolkit.swift */; };
		B5C8D6811A787BBB0007C5DF /* UICollectionView+JEToolkit.swift in Sources */ = {isa = PBXBuildFile; fileRef = B5C8D6801A787BBB0007C5DF /* UICollectionView+JEToolkit.swift */; };
		B5C8D6831A7883190007C5DF /* NSDate+JEToolkit.swift in Sources */ = {isa = PBXBuildFile; fileRef = B5C8D6821A7883190007C5DF /* NSDate+JEToolkit.swift */; };
		B5C8D6851A78846B0007C5DF /* UIView+JEToolkit.swift in Sources */ = {isa = PBXBuildFile; fileRef = B5C8D6841A78846B0007C5DF /* UIView+JEToolkit.swift */; };
		B5E2D8531A2FF29600658696 /* NSDictionary+JEToolkit.h in Headers */ = {isa = PBXBuildFile; fileRef = B5E2D8511A2FF29600658696 /* NSDictionary+JEToolkit.h */; settings = {ATTRIBUTES = (Public, ); }; };
		B5E2D8541A2FF29600658696 /* NSDictionary+JEToolkit.m in Sources */ = {isa = PBXBuildFile; fileRef = B5E2D8521A2FF29600658696 /* NSDictionary+JEToolkit.m */; };
		B5F5399A1A18536000EC763B /* JESettings.h in Headers */ = {isa = PBXBuildFile; fileRef = B5F539981A18536000EC763B /* JESettings.h */; settings = {ATTRIBUTES = (Public, ); }; };
		B5F5399B1A18536000EC763B /* JESettings.m in Sources */ = {isa = PBXBuildFile; fileRef = B5F539991A18536000EC763B /* JESettings.m */; };
		B5F5399E1A18545700EC763B /* JEUserDefaults.h in Headers */ = {isa = PBXBuildFile; fileRef = B5F5399C1A18545700EC763B /* JEUserDefaults.h */; settings = {ATTRIBUTES = (Public, ); }; };
		B5F5399F1A18545700EC763B /* JEUserDefaults.m in Sources */ = {isa = PBXBuildFile; fileRef = B5F5399D1A18545700EC763B /* JEUserDefaults.m */; };
		B5F539A21A18546300EC763B /* JEKeychain.h in Headers */ = {isa = PBXBuildFile; fileRef = B5F539A01A18546300EC763B /* JEKeychain.h */; settings = {ATTRIBUTES = (Public, ); }; };
		B5F539A31A18546300EC763B /* JEKeychain.m in Sources */ = {isa = PBXBuildFile; fileRef = B5F539A11A18546300EC763B /* JEKeychain.m */; };
/* End PBXBuildFile section */

/* Begin PBXContainerItemProxy section */
		2F74E70219DFCC7A00FB0C88 /* PBXContainerItemProxy */ = {
			isa = PBXContainerItemProxy;
			containerPortal = 2F74E6EC19DFCC7A00FB0C88 /* Project object */;
			proxyType = 1;
			remoteGlobalIDString = 2F74E6F419DFCC7A00FB0C88;
			remoteInfo = JEToolkit;
		};
/* End PBXContainerItemProxy section */

/* Begin PBXFileReference section */
		2F74E6F519DFCC7A00FB0C88 /* JEToolkit.framework */ = {isa = PBXFileReference; explicitFileType = wrapper.framework; includeInIndex = 0; path = JEToolkit.framework; sourceTree = BUILT_PRODUCTS_DIR; };
		2F74E6F919DFCC7A00FB0C88 /* Info.plist */ = {isa = PBXFileReference; lastKnownFileType = text.plist.xml; path = Info.plist; sourceTree = "<group>"; };
		2F74E6FA19DFCC7A00FB0C88 /* JEToolkit.h */ = {isa = PBXFileReference; lastKnownFileType = sourcecode.c.h; path = JEToolkit.h; sourceTree = "<group>"; };
		2F74E70019DFCC7A00FB0C88 /* JEToolkitTests.xctest */ = {isa = PBXFileReference; explicitFileType = wrapper.cfbundle; includeInIndex = 0; path = JEToolkitTests.xctest; sourceTree = BUILT_PRODUCTS_DIR; };
		2F74E70619DFCC7A00FB0C88 /* Info.plist */ = {isa = PBXFileReference; lastKnownFileType = text.plist.xml; path = Info.plist; sourceTree = "<group>"; };
		2F74E70719DFCC7A00FB0C88 /* JEToolkitTests.m */ = {isa = PBXFileReference; lastKnownFileType = sourcecode.c.objc; path = JEToolkitTests.m; sourceTree = "<group>"; };
		2F74E71119DFCD0700FB0C88 /* JEToolkit.podspec */ = {isa = PBXFileReference; lastKnownFileType = text; path = JEToolkit.podspec; sourceTree = SOURCE_ROOT; };
		2F74E71219DFCD0700FB0C88 /* README.md */ = {isa = PBXFileReference; lastKnownFileType = net.daringfireball.markdown; path = README.md; sourceTree = SOURCE_ROOT; };
		2F74E71319DFCD0700FB0C88 /* LICENSE */ = {isa = PBXFileReference; lastKnownFileType = text; path = LICENSE; sourceTree = SOURCE_ROOT; };
		2F74E71619DFCD2300FB0C88 /* NSArray+JEDebugging.h */ = {isa = PBXFileReference; fileEncoding = 4; lastKnownFileType = sourcecode.c.h; path = "NSArray+JEDebugging.h"; sourceTree = "<group>"; };
		2F74E71719DFCD2300FB0C88 /* NSArray+JEDebugging.m */ = {isa = PBXFileReference; fileEncoding = 4; lastKnownFileType = sourcecode.c.objc; path = "NSArray+JEDebugging.m"; sourceTree = "<group>"; };
		2F74E71819DFCD2300FB0C88 /* NSDate+JEDebugging.h */ = {isa = PBXFileReference; fileEncoding = 4; lastKnownFileType = sourcecode.c.h; path = "NSDate+JEDebugging.h"; sourceTree = "<group>"; };
		2F74E71919DFCD2300FB0C88 /* NSDate+JEDebugging.m */ = {isa = PBXFileReference; fileEncoding = 4; lastKnownFileType = sourcecode.c.objc; path = "NSDate+JEDebugging.m"; sourceTree = "<group>"; };
		2F74E71A19DFCD2300FB0C88 /* NSDictionary+JEDebugging.h */ = {isa = PBXFileReference; fileEncoding = 4; lastKnownFileType = sourcecode.c.h; path = "NSDictionary+JEDebugging.h"; sourceTree = "<group>"; };
		2F74E71B19DFCD2300FB0C88 /* NSDictionary+JEDebugging.m */ = {isa = PBXFileReference; fileEncoding = 4; lastKnownFileType = sourcecode.c.objc; path = "NSDictionary+JEDebugging.m"; sourceTree = "<group>"; };
		2F74E71C19DFCD2300FB0C88 /* NSError+JEDebugging.h */ = {isa = PBXFileReference; fileEncoding = 4; lastKnownFileType = sourcecode.c.h; path = "NSError+JEDebugging.h"; sourceTree = "<group>"; };
		2F74E71D19DFCD2300FB0C88 /* NSError+JEDebugging.m */ = {isa = PBXFileReference; fileEncoding = 4; lastKnownFileType = sourcecode.c.objc; path = "NSError+JEDebugging.m"; sourceTree = "<group>"; };
		2F74E71E19DFCD2300FB0C88 /* NSException+JEDebugging.h */ = {isa = PBXFileReference; fileEncoding = 4; lastKnownFileType = sourcecode.c.h; path = "NSException+JEDebugging.h"; sourceTree = "<group>"; };
		2F74E71F19DFCD2300FB0C88 /* NSException+JEDebugging.m */ = {isa = PBXFileReference; fileEncoding = 4; lastKnownFileType = sourcecode.c.objc; path = "NSException+JEDebugging.m"; sourceTree = "<group>"; };
		2F74E72019DFCD2300FB0C88 /* NSHashTable+JEDebugging.h */ = {isa = PBXFileReference; fileEncoding = 4; lastKnownFileType = sourcecode.c.h; path = "NSHashTable+JEDebugging.h"; sourceTree = "<group>"; };
		2F74E72119DFCD2300FB0C88 /* NSHashTable+JEDebugging.m */ = {isa = PBXFileReference; fileEncoding = 4; lastKnownFileType = sourcecode.c.objc; path = "NSHashTable+JEDebugging.m"; sourceTree = "<group>"; };
		2F74E72219DFCD2300FB0C88 /* NSMapTable+JEDebugging.h */ = {isa = PBXFileReference; fileEncoding = 4; lastKnownFileType = sourcecode.c.h; path = "NSMapTable+JEDebugging.h"; sourceTree = "<group>"; };
		2F74E72319DFCD2300FB0C88 /* NSMapTable+JEDebugging.m */ = {isa = PBXFileReference; fileEncoding = 4; lastKnownFileType = sourcecode.c.objc; path = "NSMapTable+JEDebugging.m"; sourceTree = "<group>"; };
		2F74E72419DFCD2300FB0C88 /* NSMutableString+JEDebugging.h */ = {isa = PBXFileReference; fileEncoding = 4; lastKnownFileType = sourcecode.c.h; path = "NSMutableString+JEDebugging.h"; sourceTree = "<group>"; };
		2F74E72519DFCD2300FB0C88 /* NSMutableString+JEDebugging.m */ = {isa = PBXFileReference; fileEncoding = 4; lastKnownFileType = sourcecode.c.objc; path = "NSMutableString+JEDebugging.m"; sourceTree = "<group>"; };
		2F74E72619DFCD2300FB0C88 /* NSNumber+JEDebugging.h */ = {isa = PBXFileReference; fileEncoding = 4; lastKnownFileType = sourcecode.c.h; path = "NSNumber+JEDebugging.h"; sourceTree = "<group>"; };
		2F74E72719DFCD2300FB0C88 /* NSNumber+JEDebugging.m */ = {isa = PBXFileReference; fileEncoding = 4; lastKnownFileType = sourcecode.c.objc; path = "NSNumber+JEDebugging.m"; sourceTree = "<group>"; };
		2F74E72819DFCD2300FB0C88 /* NSObject+JEDebugging.h */ = {isa = PBXFileReference; fileEncoding = 4; lastKnownFileType = sourcecode.c.h; path = "NSObject+JEDebugging.h"; sourceTree = "<group>"; };
		2F74E72919DFCD2300FB0C88 /* NSObject+JEDebugging.m */ = {isa = PBXFileReference; fileEncoding = 4; lastKnownFileType = sourcecode.c.objc; path = "NSObject+JEDebugging.m"; sourceTree = "<group>"; };
		2F74E72A19DFCD2300FB0C88 /* NSOrderedSet+JEDebugging.h */ = {isa = PBXFileReference; fileEncoding = 4; lastKnownFileType = sourcecode.c.h; path = "NSOrderedSet+JEDebugging.h"; sourceTree = "<group>"; };
		2F74E72B19DFCD2300FB0C88 /* NSOrderedSet+JEDebugging.m */ = {isa = PBXFileReference; fileEncoding = 4; lastKnownFileType = sourcecode.c.objc; path = "NSOrderedSet+JEDebugging.m"; sourceTree = "<group>"; };
		2F74E72C19DFCD2300FB0C88 /* NSPointerArray+JEDebugging.h */ = {isa = PBXFileReference; fileEncoding = 4; lastKnownFileType = sourcecode.c.h; path = "NSPointerArray+JEDebugging.h"; sourceTree = "<group>"; };
		2F74E72D19DFCD2300FB0C88 /* NSPointerArray+JEDebugging.m */ = {isa = PBXFileReference; fileEncoding = 4; lastKnownFileType = sourcecode.c.objc; path = "NSPointerArray+JEDebugging.m"; sourceTree = "<group>"; };
		2F74E72E19DFCD2300FB0C88 /* NSSet+JEDebugging.h */ = {isa = PBXFileReference; fileEncoding = 4; lastKnownFileType = sourcecode.c.h; path = "NSSet+JEDebugging.h"; sourceTree = "<group>"; };
		2F74E72F19DFCD2300FB0C88 /* NSSet+JEDebugging.m */ = {isa = PBXFileReference; fileEncoding = 4; lastKnownFileType = sourcecode.c.objc; path = "NSSet+JEDebugging.m"; sourceTree = "<group>"; };
		2F74E73019DFCD2300FB0C88 /* NSString+JEDebugging.h */ = {isa = PBXFileReference; fileEncoding = 4; lastKnownFileType = sourcecode.c.h; path = "NSString+JEDebugging.h"; sourceTree = "<group>"; };
		2F74E73119DFCD2300FB0C88 /* NSString+JEDebugging.m */ = {isa = PBXFileReference; fileEncoding = 4; lastKnownFileType = sourcecode.c.objc; path = "NSString+JEDebugging.m"; sourceTree = "<group>"; };
		2F74E73219DFCD2300FB0C88 /* NSValue+JEDebugging.h */ = {isa = PBXFileReference; fileEncoding = 4; lastKnownFileType = sourcecode.c.h; path = "NSValue+JEDebugging.h"; sourceTree = "<group>"; };
		2F74E73319DFCD2300FB0C88 /* NSValue+JEDebugging.m */ = {isa = PBXFileReference; fileEncoding = 4; lastKnownFileType = sourcecode.c.objc; path = "NSValue+JEDebugging.m"; sourceTree = "<group>"; };
		2F74E73419DFCD2300FB0C88 /* UIColor+JEDebugging.h */ = {isa = PBXFileReference; fileEncoding = 4; lastKnownFileType = sourcecode.c.h; path = "UIColor+JEDebugging.h"; sourceTree = "<group>"; };
		2F74E73519DFCD2300FB0C88 /* UIColor+JEDebugging.m */ = {isa = PBXFileReference; fileEncoding = 4; lastKnownFileType = sourcecode.c.objc; path = "UIColor+JEDebugging.m"; sourceTree = "<group>"; };
		2F74E73619DFCD2300FB0C88 /* UIImage+JEDebugging.h */ = {isa = PBXFileReference; fileEncoding = 4; lastKnownFileType = sourcecode.c.h; path = "UIImage+JEDebugging.h"; sourceTree = "<group>"; };
		2F74E73719DFCD2300FB0C88 /* UIImage+JEDebugging.m */ = {isa = PBXFileReference; fileEncoding = 4; lastKnownFileType = sourcecode.c.objc; path = "UIImage+JEDebugging.m"; sourceTree = "<group>"; };
		2F74E73819DFCD2300FB0C88 /* JEDebugging.h */ = {isa = PBXFileReference; fileEncoding = 4; lastKnownFileType = sourcecode.c.h; path = JEDebugging.h; sourceTree = "<group>"; };
		2F74E73919DFCD2300FB0C88 /* JEDebugging.m */ = {isa = PBXFileReference; fileEncoding = 4; lastKnownFileType = sourcecode.c.objc; path = JEDebugging.m; sourceTree = "<group>"; };
		2F74E73B19DFCD2300FB0C88 /* JEBaseLoggerSettings.h */ = {isa = PBXFileReference; fileEncoding = 4; lastKnownFileType = sourcecode.c.h; path = JEBaseLoggerSettings.h; sourceTree = "<group>"; };
		2F74E73C19DFCD2300FB0C88 /* JEBaseLoggerSettings.m */ = {isa = PBXFileReference; fileEncoding = 4; lastKnownFileType = sourcecode.c.objc; path = JEBaseLoggerSettings.m; sourceTree = "<group>"; };
		2F74E73D19DFCD2300FB0C88 /* JEConsoleLoggerSettings.h */ = {isa = PBXFileReference; fileEncoding = 4; lastKnownFileType = sourcecode.c.h; path = JEConsoleLoggerSettings.h; sourceTree = "<group>"; };
		2F74E73E19DFCD2300FB0C88 /* JEConsoleLoggerSettings.m */ = {isa = PBXFileReference; fileEncoding = 4; lastKnownFileType = sourcecode.c.objc; path = JEConsoleLoggerSettings.m; sourceTree = "<group>"; };
		2F74E73F19DFCD2300FB0C88 /* JEFileLoggerSettings.h */ = {isa = PBXFileReference; fileEncoding = 4; lastKnownFileType = sourcecode.c.h; path = JEFileLoggerSettings.h; sourceTree = "<group>"; };
		2F74E74019DFCD2300FB0C88 /* JEFileLoggerSettings.m */ = {isa = PBXFileReference; fileEncoding = 4; lastKnownFileType = sourcecode.c.objc; path = JEFileLoggerSettings.m; sourceTree = "<group>"; };
		2F74E74119DFCD2300FB0C88 /* JEHUDLoggerSettings.h */ = {isa = PBXFileReference; fileEncoding = 4; lastKnownFileType = sourcecode.c.h; path = JEHUDLoggerSettings.h; sourceTree = "<group>"; };
		2F74E74219DFCD2300FB0C88 /* JEHUDLoggerSettings.m */ = {isa = PBXFileReference; fileEncoding = 4; lastKnownFileType = sourcecode.c.objc; path = JEHUDLoggerSettings.m; sourceTree = "<group>"; };
		2F74E74419DFCD2300FB0C88 /* JEHUDLogView.h */ = {isa = PBXFileReference; fileEncoding = 4; lastKnownFileType = sourcecode.c.h; path = JEHUDLogView.h; sourceTree = "<group>"; };
		2F74E74519DFCD2300FB0C88 /* JEHUDLogView.m */ = {isa = PBXFileReference; fileEncoding = 4; lastKnownFileType = sourcecode.c.objc; path = JEHUDLogView.m; sourceTree = "<group>"; };
		2F74E75019DFCD2300FB0C88 /* JEOrderedDictionary.h */ = {isa = PBXFileReference; fileEncoding = 4; lastKnownFileType = sourcecode.c.h; path = JEOrderedDictionary.h; sourceTree = "<group>"; };
		2F74E75119DFCD2300FB0C88 /* JEOrderedDictionary.m */ = {isa = PBXFileReference; fileEncoding = 4; lastKnownFileType = sourcecode.c.objc; path = JEOrderedDictionary.m; sourceTree = "<group>"; };
		2F74E75519DFCD2300FB0C88 /* JEWeakCache.h */ = {isa = PBXFileReference; fileEncoding = 4; lastKnownFileType = sourcecode.c.h; path = JEWeakCache.h; sourceTree = "<group>"; };
		2F74E75619DFCD2300FB0C88 /* JEWeakCache.m */ = {isa = PBXFileReference; fileEncoding = 4; lastKnownFileType = sourcecode.c.objc; path = JEWeakCache.m; sourceTree = "<group>"; };
		2F74E75919DFCD2300FB0C88 /* NSArray+JEToolkit.h */ = {isa = PBXFileReference; fileEncoding = 4; lastKnownFileType = sourcecode.c.h; path = "NSArray+JEToolkit.h"; sourceTree = "<group>"; };
		2F74E75A19DFCD2300FB0C88 /* NSArray+JEToolkit.m */ = {isa = PBXFileReference; fileEncoding = 4; lastKnownFileType = sourcecode.c.objc; path = "NSArray+JEToolkit.m"; sourceTree = "<group>"; };
		2F74E75B19DFCD2300FB0C88 /* NSCache+JEToolkit.h */ = {isa = PBXFileReference; fileEncoding = 4; lastKnownFileType = sourcecode.c.h; path = "NSCache+JEToolkit.h"; sourceTree = "<group>"; };
		2F74E75C19DFCD2300FB0C88 /* NSCache+JEToolkit.m */ = {isa = PBXFileReference; fileEncoding = 4; lastKnownFileType = sourcecode.c.objc; path = "NSCache+JEToolkit.m"; sourceTree = "<group>"; };
		2F74E75D19DFCD2300FB0C88 /* NSCalendar+JEToolkit.h */ = {isa = PBXFileReference; fileEncoding = 4; lastKnownFileType = sourcecode.c.h; path = "NSCalendar+JEToolkit.h"; sourceTree = "<group>"; };
		2F74E75E19DFCD2300FB0C88 /* NSCalendar+JEToolkit.m */ = {isa = PBXFileReference; fileEncoding = 4; lastKnownFileType = sourcecode.c.objc; path = "NSCalendar+JEToolkit.m"; sourceTree = "<group>"; };
		2F74E75F19DFCD2300FB0C88 /* NSDate+JEToolkit.h */ = {isa = PBXFileReference; fileEncoding = 4; lastKnownFileType = sourcecode.c.h; path = "NSDate+JEToolkit.h"; sourceTree = "<group>"; };
		2F74E76019DFCD2300FB0C88 /* NSDate+JEToolkit.m */ = {isa = PBXFileReference; fileEncoding = 4; lastKnownFileType = sourcecode.c.objc; path = "NSDate+JEToolkit.m"; sourceTree = "<group>"; };
		2F74E76119DFCD2300FB0C88 /* NSDateFormatter+JEToolkit.h */ = {isa = PBXFileReference; fileEncoding = 4; lastKnownFileType = sourcecode.c.h; path = "NSDateFormatter+JEToolkit.h"; sourceTree = "<group>"; };
		2F74E76219DFCD2300FB0C88 /* NSDateFormatter+JEToolkit.m */ = {isa = PBXFileReference; fileEncoding = 4; lastKnownFileType = sourcecode.c.objc; path = "NSDateFormatter+JEToolkit.m"; sourceTree = "<group>"; };
		2F74E76319DFCD2300FB0C88 /* NSError+JEToolkit.h */ = {isa = PBXFileReference; fileEncoding = 4; lastKnownFileType = sourcecode.c.h; path = "NSError+JEToolkit.h"; sourceTree = "<group>"; };
		2F74E76419DFCD2300FB0C88 /* NSError+JEToolkit.m */ = {isa = PBXFileReference; fileEncoding = 4; lastKnownFileType = sourcecode.c.objc; path = "NSError+JEToolkit.m"; sourceTree = "<group>"; };
		2F74E76519DFCD2300FB0C88 /* NSIndexSet+JEToolkit.h */ = {isa = PBXFileReference; fileEncoding = 4; lastKnownFileType = sourcecode.c.h; path = "NSIndexSet+JEToolkit.h"; sourceTree = "<group>"; };
		2F74E76619DFCD2300FB0C88 /* NSIndexSet+JEToolkit.m */ = {isa = PBXFileReference; fileEncoding = 4; lastKnownFileType = sourcecode.c.objc; path = "NSIndexSet+JEToolkit.m"; sourceTree = "<group>"; };
		2F74E76719DFCD2300FB0C88 /* NSMutableArray+JEToolkit.h */ = {isa = PBXFileReference; fileEncoding = 4; lastKnownFileType = sourcecode.c.h; path = "NSMutableArray+JEToolkit.h"; sourceTree = "<group>"; };
		2F74E76819DFCD2300FB0C88 /* NSMutableArray+JEToolkit.m */ = {isa = PBXFileReference; fileEncoding = 4; lastKnownFileType = sourcecode.c.objc; path = "NSMutableArray+JEToolkit.m"; sourceTree = "<group>"; };
		2F74E76919DFCD2300FB0C88 /* NSNumber+JEToolkit.h */ = {isa = PBXFileReference; fileEncoding = 4; lastKnownFileType = sourcecode.c.h; path = "NSNumber+JEToolkit.h"; sourceTree = "<group>"; };
		2F74E76A19DFCD2300FB0C88 /* NSNumber+JEToolkit.m */ = {isa = PBXFileReference; fileEncoding = 4; lastKnownFileType = sourcecode.c.objc; path = "NSNumber+JEToolkit.m"; sourceTree = "<group>"; };
		2F74E76B19DFCD2300FB0C88 /* NSObject+JEToolkit.h */ = {isa = PBXFileReference; fileEncoding = 4; lastKnownFileType = sourcecode.c.h; path = "NSObject+JEToolkit.h"; sourceTree = "<group>"; };
		2F74E76C19DFCD2300FB0C88 /* NSObject+JEToolkit.m */ = {isa = PBXFileReference; fileEncoding = 4; lastKnownFileType = sourcecode.c.objc; path = "NSObject+JEToolkit.m"; sourceTree = "<group>"; };
		2F74E76D19DFCD2300FB0C88 /* NSString+JEToolkit.h */ = {isa = PBXFileReference; fileEncoding = 4; lastKnownFileType = sourcecode.c.h; path = "NSString+JEToolkit.h"; sourceTree = "<group>"; };
		2F74E76E19DFCD2300FB0C88 /* NSString+JEToolkit.m */ = {isa = PBXFileReference; fileEncoding = 4; lastKnownFileType = sourcecode.c.objc; path = "NSString+JEToolkit.m"; sourceTree = "<group>"; };
		2F74E76F19DFCD2300FB0C88 /* NSURL+JEToolkit.h */ = {isa = PBXFileReference; fileEncoding = 4; lastKnownFileType = sourcecode.c.h; path = "NSURL+JEToolkit.h"; sourceTree = "<group>"; };
		2F74E77019DFCD2300FB0C88 /* NSURL+JEToolkit.m */ = {isa = PBXFileReference; fileEncoding = 4; lastKnownFileType = sourcecode.c.objc; path = "NSURL+JEToolkit.m"; sourceTree = "<group>"; };
		2F74E77119DFCD2300FB0C88 /* NSValue+JEToolkit.h */ = {isa = PBXFileReference; fileEncoding = 4; lastKnownFileType = sourcecode.c.h; path = "NSValue+JEToolkit.h"; sourceTree = "<group>"; };
		2F74E77219DFCD2300FB0C88 /* NSValue+JEToolkit.m */ = {isa = PBXFileReference; fileEncoding = 4; lastKnownFileType = sourcecode.c.objc; path = "NSValue+JEToolkit.m"; sourceTree = "<group>"; };
		2F74E77319DFCD2300FB0C88 /* UICollectionView+JEToolkit.h */ = {isa = PBXFileReference; fileEncoding = 4; lastKnownFileType = sourcecode.c.h; path = "UICollectionView+JEToolkit.h"; sourceTree = "<group>"; };
		2F74E77419DFCD2300FB0C88 /* UICollectionView+JEToolkit.m */ = {isa = PBXFileReference; fileEncoding = 4; lastKnownFileType = sourcecode.c.objc; path = "UICollectionView+JEToolkit.m"; sourceTree = "<group>"; };
		2F74E77519DFCD2300FB0C88 /* UIColor+JEToolkit.h */ = {isa = PBXFileReference; fileEncoding = 4; lastKnownFileType = sourcecode.c.h; path = "UIColor+JEToolkit.h"; sourceTree = "<group>"; };
		2F74E77619DFCD2300FB0C88 /* UIColor+JEToolkit.m */ = {isa = PBXFileReference; fileEncoding = 4; lastKnownFileType = sourcecode.c.objc; path = "UIColor+JEToolkit.m"; sourceTree = "<group>"; };
		2F74E77719DFCD2300FB0C88 /* UIDevice+JEToolkit.h */ = {isa = PBXFileReference; fileEncoding = 4; lastKnownFileType = sourcecode.c.h; path = "UIDevice+JEToolkit.h"; sourceTree = "<group>"; };
		2F74E77819DFCD2300FB0C88 /* UIDevice+JEToolkit.m */ = {isa = PBXFileReference; fileEncoding = 4; lastKnownFileType = sourcecode.c.objc; path = "UIDevice+JEToolkit.m"; sourceTree = "<group>"; };
		2F74E77919DFCD2300FB0C88 /* UIImage+JEToolkit.h */ = {isa = PBXFileReference; fileEncoding = 4; lastKnownFileType = sourcecode.c.h; path = "UIImage+JEToolkit.h"; sourceTree = "<group>"; };
		2F74E77A19DFCD2300FB0C88 /* UIImage+JEToolkit.m */ = {isa = PBXFileReference; fileEncoding = 4; lastKnownFileType = sourcecode.c.objc; path = "UIImage+JEToolkit.m"; sourceTree = "<group>"; };
		2F74E77B19DFCD2300FB0C88 /* UILabel+JEToolkit.h */ = {isa = PBXFileReference; fileEncoding = 4; lastKnownFileType = sourcecode.c.h; path = "UILabel+JEToolkit.h"; sourceTree = "<group>"; };
		2F74E77C19DFCD2400FB0C88 /* UILabel+JEToolkit.m */ = {isa = PBXFileReference; fileEncoding = 4; lastKnownFileType = sourcecode.c.objc; path = "UILabel+JEToolkit.m"; sourceTree = "<group>"; };
		2F74E77D19DFCD2400FB0C88 /* UINib+JEToolkit.h */ = {isa = PBXFileReference; fileEncoding = 4; lastKnownFileType = sourcecode.c.h; path = "UINib+JEToolkit.h"; sourceTree = "<group>"; };
		2F74E77E19DFCD2400FB0C88 /* UINib+JEToolkit.m */ = {isa = PBXFileReference; fileEncoding = 4; lastKnownFileType = sourcecode.c.objc; path = "UINib+JEToolkit.m"; sourceTree = "<group>"; };
		2F74E77F19DFCD2400FB0C88 /* UIScrollView+JEToolkit.h */ = {isa = PBXFileReference; fileEncoding = 4; lastKnownFileType = sourcecode.c.h; path = "UIScrollView+JEToolkit.h"; sourceTree = "<group>"; };
		2F74E78019DFCD2400FB0C88 /* UIScrollView+JEToolkit.m */ = {isa = PBXFileReference; fileEncoding = 4; lastKnownFileType = sourcecode.c.objc; path = "UIScrollView+JEToolkit.m"; sourceTree = "<group>"; };
		2F74E78119DFCD2400FB0C88 /* UITableView+JEToolkit.h */ = {isa = PBXFileReference; fileEncoding = 4; lastKnownFileType = sourcecode.c.h; path = "UITableView+JEToolkit.h"; sourceTree = "<group>"; };
		2F74E78219DFCD2400FB0C88 /* UITableView+JEToolkit.m */ = {isa = PBXFileReference; fileEncoding = 4; lastKnownFileType = sourcecode.c.objc; path = "UITableView+JEToolkit.m"; sourceTree = "<group>"; };
		2F74E78319DFCD2400FB0C88 /* UITextView+JEToolkit.h */ = {isa = PBXFileReference; fileEncoding = 4; lastKnownFileType = sourcecode.c.h; path = "UITextView+JEToolkit.h"; sourceTree = "<group>"; };
		2F74E78419DFCD2400FB0C88 /* UITextView+JEToolkit.m */ = {isa = PBXFileReference; fileEncoding = 4; lastKnownFileType = sourcecode.c.objc; path = "UITextView+JEToolkit.m"; sourceTree = "<group>"; };
		2F74E78519DFCD2400FB0C88 /* UIView+JEToolkit.h */ = {isa = PBXFileReference; fileEncoding = 4; lastKnownFileType = sourcecode.c.h; path = "UIView+JEToolkit.h"; sourceTree = "<group>"; };
		2F74E78619DFCD2400FB0C88 /* UIView+JEToolkit.m */ = {isa = PBXFileReference; fileEncoding = 4; lastKnownFileType = sourcecode.c.objc; path = "UIView+JEToolkit.m"; sourceTree = "<group>"; };
		2F74E78719DFCD2400FB0C88 /* UIViewController+JEToolkit.h */ = {isa = PBXFileReference; fileEncoding = 4; lastKnownFileType = sourcecode.c.h; path = "UIViewController+JEToolkit.h"; sourceTree = "<group>"; };
		2F74E78819DFCD2400FB0C88 /* UIViewController+JEToolkit.m */ = {isa = PBXFileReference; fileEncoding = 4; lastKnownFileType = sourcecode.c.objc; path = "UIViewController+JEToolkit.m"; sourceTree = "<group>"; };
		2F74E7FF19DFD0D100FB0C88 /* MessageUI.framework */ = {isa = PBXFileReference; lastKnownFileType = wrapper.framework; name = MessageUI.framework; path = System/Library/Frameworks/MessageUI.framework; sourceTree = SDKROOT; };
		2F74E80119DFD0DB00FB0C88 /* MobileCoreServices.framework */ = {isa = PBXFileReference; lastKnownFileType = wrapper.framework; name = MobileCoreServices.framework; path = System/Library/Frameworks/MobileCoreServices.framework; sourceTree = SDKROOT; };
		2F74E80319DFD0E200FB0C88 /* Foundation.framework */ = {isa = PBXFileReference; lastKnownFileType = wrapper.framework; name = Foundation.framework; path = System/Library/Frameworks/Foundation.framework; sourceTree = SDKROOT; };
		2F74E80519DFD0E900FB0C88 /* UIKit.framework */ = {isa = PBXFileReference; lastKnownFileType = wrapper.framework; name = UIKit.framework; path = System/Library/Frameworks/UIKit.framework; sourceTree = SDKROOT; };
		B537BAE119EC2A9800715933 /* JEDebugging.swift */ = {isa = PBXFileReference; fileEncoding = 4; lastKnownFileType = sourcecode.swift; path = JEDebugging.swift; sourceTree = "<group>"; };
		B55AB0701A864FE9008DFAB7 /* JEAvailability.h */ = {isa = PBXFileReference; fileEncoding = 4; lastKnownFileType = sourcecode.c.h; path = JEAvailability.h; sourceTree = "<group>"; };
		B55AB0711A864FE9008DFAB7 /* JECompilerDefines.h */ = {isa = PBXFileReference; fileEncoding = 4; lastKnownFileType = sourcecode.c.h; path = JECompilerDefines.h; sourceTree = "<group>"; };
		B55AB0721A864FE9008DFAB7 /* JEDispatch.h */ = {isa = PBXFileReference; fileEncoding = 4; lastKnownFileType = sourcecode.c.h; path = JEDispatch.h; sourceTree = "<group>"; };
		B55AB0731A864FE9008DFAB7 /* JEDispatch.m */ = {isa = PBXFileReference; fileEncoding = 4; lastKnownFileType = sourcecode.c.objc; path = JEDispatch.m; sourceTree = "<group>"; };
		B55AB0741A864FE9008DFAB7 /* JEFormulas.h */ = {isa = PBXFileReference; fileEncoding = 4; lastKnownFileType = sourcecode.c.h; path = JEFormulas.h; sourceTree = "<group>"; };
		B55AB0751A864FE9008DFAB7 /* JESafetyHelpers.h */ = {isa = PBXFileReference; fileEncoding = 4; lastKnownFileType = sourcecode.c.h; path = JESafetyHelpers.h; sourceTree = "<group>"; };
		B55AB0761A864FE9008DFAB7 /* JESafetyHelpers.m */ = {isa = PBXFileReference; fileEncoding = 4; lastKnownFileType = sourcecode.c.objc; path = JESafetyHelpers.m; sourceTree = "<group>"; };
		B55AB0771A864FE9008DFAB7 /* JESynthesize.h */ = {isa = PBXFileReference; fileEncoding = 4; lastKnownFileType = sourcecode.c.h; path = JESynthesize.h; sourceTree = "<group>"; };
		B55AB0781A864FE9008DFAB7 /* JEUIMetrics.h */ = {isa = PBXFileReference; fileEncoding = 4; lastKnownFileType = sourcecode.c.h; path = JEUIMetrics.h; sourceTree = "<group>"; };
		B55AB0791A864FE9008DFAB7 /* JEUIMetrics.m */ = {isa = PBXFileReference; fileEncoding = 4; lastKnownFileType = sourcecode.c.objc; path = JEUIMetrics.m; sourceTree = "<group>"; };
		B57078B41A504327007E33F2 /* UIViewController+JEDebugging.h */ = {isa = PBXFileReference; fileEncoding = 4; lastKnownFileType = sourcecode.c.h; path = "UIViewController+JEDebugging.h"; sourceTree = "<group>"; };
		B57078B51A504327007E33F2 /* UIViewController+JEDebugging.m */ = {isa = PBXFileReference; fileEncoding = 4; lastKnownFileType = sourcecode.c.objc; path = "UIViewController+JEDebugging.m"; sourceTree = "<group>"; };
		B5C8D67A1A7877470007C5DF /* UITableView+JEToolkit.swift */ = {isa = PBXFileReference; fileEncoding = 4; lastKnownFileType = sourcecode.swift; path = "UITableView+JEToolkit.swift"; sourceTree = "<group>"; };
		B5C8D6801A787BBB0007C5DF /* UICollectionView+JEToolkit.swift */ = {isa = PBXFileReference; fileEncoding = 4; lastKnownFileType = sourcecode.swift; path = "UICollectionView+JEToolkit.swift"; sourceTree = "<group>"; };
		B5C8D6821A7883190007C5DF /* NSDate+JEToolkit.swift */ = {isa = PBXFileReference; fileEncoding = 4; lastKnownFileType = sourcecode.swift; path = "NSDate+JEToolkit.swift"; sourceTree = "<group>"; };
		B5C8D6841A78846B0007C5DF /* UIView+JEToolkit.swift */ = {isa = PBXFileReference; fileEncoding = 4; lastKnownFileType = sourcecode.swift; path = "UIView+JEToolkit.swift"; sourceTree = "<group>"; };
		B5E2D8511A2FF29600658696 /* NSDictionary+JEToolkit.h */ = {isa = PBXFileReference; fileEncoding = 4; lastKnownFileType = sourcecode.c.h; path = "NSDictionary+JEToolkit.h"; sourceTree = "<group>"; };
		B5E2D8521A2FF29600658696 /* NSDictionary+JEToolkit.m */ = {isa = PBXFileReference; fileEncoding = 4; lastKnownFileType = sourcecode.c.objc; path = "NSDictionary+JEToolkit.m"; sourceTree = "<group>"; };
		B5F539981A18536000EC763B /* JESettings.h */ = {isa = PBXFileReference; fileEncoding = 4; lastKnownFileType = sourcecode.c.h; path = JESettings.h; sourceTree = "<group>"; };
		B5F539991A18536000EC763B /* JESettings.m */ = {isa = PBXFileReference; fileEncoding = 4; lastKnownFileType = sourcecode.c.objc; path = JESettings.m; sourceTree = "<group>"; };
		B5F5399C1A18545700EC763B /* JEUserDefaults.h */ = {isa = PBXFileReference; fileEncoding = 4; lastKnownFileType = sourcecode.c.h; path = JEUserDefaults.h; sourceTree = "<group>"; };
		B5F5399D1A18545700EC763B /* JEUserDefaults.m */ = {isa = PBXFileReference; fileEncoding = 4; lastKnownFileType = sourcecode.c.objc; path = JEUserDefaults.m; sourceTree = "<group>"; };
		B5F539A01A18546300EC763B /* JEKeychain.h */ = {isa = PBXFileReference; fileEncoding = 4; lastKnownFileType = sourcecode.c.h; path = JEKeychain.h; sourceTree = "<group>"; };
		B5F539A11A18546300EC763B /* JEKeychain.m */ = {isa = PBXFileReference; fileEncoding = 4; lastKnownFileType = sourcecode.c.objc; path = JEKeychain.m; sourceTree = "<group>"; };
/* End PBXFileReference section */

/* Begin PBXFrameworksBuildPhase section */
		2F74E6F119DFCC7A00FB0C88 /* Frameworks */ = {
			isa = PBXFrameworksBuildPhase;
			buildActionMask = 2147483647;
			files = (
				2F74E80619DFD0E900FB0C88 /* UIKit.framework in Frameworks */,
				2F74E80419DFD0E200FB0C88 /* Foundation.framework in Frameworks */,
				2F74E80219DFD0DB00FB0C88 /* MobileCoreServices.framework in Frameworks */,
				2F74E80019DFD0D100FB0C88 /* MessageUI.framework in Frameworks */,
			);
			runOnlyForDeploymentPostprocessing = 0;
		};
		2F74E6FD19DFCC7A00FB0C88 /* Frameworks */ = {
			isa = PBXFrameworksBuildPhase;
			buildActionMask = 2147483647;
			files = (
				2F74E70119DFCC7A00FB0C88 /* JEToolkit.framework in Frameworks */,
			);
			runOnlyForDeploymentPostprocessing = 0;
		};
/* End PBXFrameworksBuildPhase section */

/* Begin PBXGroup section */
		2F74E6EB19DFCC7A00FB0C88 = {
			isa = PBXGroup;
			children = (
				2F74E6F719DFCC7A00FB0C88 /* JEToolkit */,
				2F74E70419DFCC7A00FB0C88 /* JEToolkitTests */,
				2F74E7FE19DFD07700FB0C88 /* Frameworks */,
				2F74E6F619DFCC7A00FB0C88 /* Products */,
			);
			sourceTree = "<group>";
		};
		2F74E6F619DFCC7A00FB0C88 /* Products */ = {
			isa = PBXGroup;
			children = (
				2F74E6F519DFCC7A00FB0C88 /* JEToolkit.framework */,
				2F74E70019DFCC7A00FB0C88 /* JEToolkitTests.xctest */,
			);
			name = Products;
			sourceTree = "<group>";
		};
		2F74E6F719DFCC7A00FB0C88 /* JEToolkit */ = {
			isa = PBXGroup;
			children = (
				2F74E6FA19DFCC7A00FB0C88 /* JEToolkit.h */,
				2F74E71119DFCD0700FB0C88 /* JEToolkit.podspec */,
				2F74E71219DFCD0700FB0C88 /* README.md */,
				2F74E71319DFCD0700FB0C88 /* LICENSE */,
				B5F539971A18533900EC763B /* JESettings */,
				2F74E71419DFCD2300FB0C88 /* JEDebugging */,
				2F74E74F19DFCD2300FB0C88 /* JEOrderedDictionary */,
				2F74E75419DFCD2300FB0C88 /* JEWeakCache */,
				2F74E75719DFCD2300FB0C88 /* JEToolkit */,
				2F74E6F819DFCC7A00FB0C88 /* Supporting Files */,
			);
			path = JEToolkit;
			sourceTree = "<group>";
		};
		2F74E6F819DFCC7A00FB0C88 /* Supporting Files */ = {
			isa = PBXGroup;
			children = (
				2F74E6F919DFCC7A00FB0C88 /* Info.plist */,
			);
			name = "Supporting Files";
			sourceTree = "<group>";
		};
		2F74E70419DFCC7A00FB0C88 /* JEToolkitTests */ = {
			isa = PBXGroup;
			children = (
				2F74E70719DFCC7A00FB0C88 /* JEToolkitTests.m */,
				2F74E70519DFCC7A00FB0C88 /* Supporting Files */,
			);
			path = JEToolkitTests;
			sourceTree = "<group>";
		};
		2F74E70519DFCC7A00FB0C88 /* Supporting Files */ = {
			isa = PBXGroup;
			children = (
				2F74E70619DFCC7A00FB0C88 /* Info.plist */,
			);
			name = "Supporting Files";
			sourceTree = "<group>";
		};
		2F74E71419DFCD2300FB0C88 /* JEDebugging */ = {
			isa = PBXGroup;
			children = (
				2F74E71519DFCD2300FB0C88 /* Categories */,
				2F74E73819DFCD2300FB0C88 /* JEDebugging.h */,
				2F74E73919DFCD2300FB0C88 /* JEDebugging.m */,
				B537BAE119EC2A9800715933 /* JEDebugging.swift */,
				2F74E73A19DFCD2300FB0C88 /* Loggers Settings */,
				2F74E74319DFCD2300FB0C88 /* Views */,
			);
			path = JEDebugging;
			sourceTree = "<group>";
		};
		2F74E71519DFCD2300FB0C88 /* Categories */ = {
			isa = PBXGroup;
			children = (
				2F74E71619DFCD2300FB0C88 /* NSArray+JEDebugging.h */,
				2F74E71719DFCD2300FB0C88 /* NSArray+JEDebugging.m */,
				2F74E71819DFCD2300FB0C88 /* NSDate+JEDebugging.h */,
				2F74E71919DFCD2300FB0C88 /* NSDate+JEDebugging.m */,
				2F74E71A19DFCD2300FB0C88 /* NSDictionary+JEDebugging.h */,
				2F74E71B19DFCD2300FB0C88 /* NSDictionary+JEDebugging.m */,
				2F74E71C19DFCD2300FB0C88 /* NSError+JEDebugging.h */,
				2F74E71D19DFCD2300FB0C88 /* NSError+JEDebugging.m */,
				2F74E71E19DFCD2300FB0C88 /* NSException+JEDebugging.h */,
				2F74E71F19DFCD2300FB0C88 /* NSException+JEDebugging.m */,
				2F74E72019DFCD2300FB0C88 /* NSHashTable+JEDebugging.h */,
				2F74E72119DFCD2300FB0C88 /* NSHashTable+JEDebugging.m */,
				2F74E72219DFCD2300FB0C88 /* NSMapTable+JEDebugging.h */,
				2F74E72319DFCD2300FB0C88 /* NSMapTable+JEDebugging.m */,
				2F74E72419DFCD2300FB0C88 /* NSMutableString+JEDebugging.h */,
				2F74E72519DFCD2300FB0C88 /* NSMutableString+JEDebugging.m */,
				2F74E72619DFCD2300FB0C88 /* NSNumber+JEDebugging.h */,
				2F74E72719DFCD2300FB0C88 /* NSNumber+JEDebugging.m */,
				2F74E72819DFCD2300FB0C88 /* NSObject+JEDebugging.h */,
				2F74E72919DFCD2300FB0C88 /* NSObject+JEDebugging.m */,
				2F74E72A19DFCD2300FB0C88 /* NSOrderedSet+JEDebugging.h */,
				2F74E72B19DFCD2300FB0C88 /* NSOrderedSet+JEDebugging.m */,
				2F74E72C19DFCD2300FB0C88 /* NSPointerArray+JEDebugging.h */,
				2F74E72D19DFCD2300FB0C88 /* NSPointerArray+JEDebugging.m */,
				2F74E72E19DFCD2300FB0C88 /* NSSet+JEDebugging.h */,
				2F74E72F19DFCD2300FB0C88 /* NSSet+JEDebugging.m */,
				2F74E73019DFCD2300FB0C88 /* NSString+JEDebugging.h */,
				2F74E73119DFCD2300FB0C88 /* NSString+JEDebugging.m */,
				2F74E73219DFCD2300FB0C88 /* NSValue+JEDebugging.h */,
				2F74E73319DFCD2300FB0C88 /* NSValue+JEDebugging.m */,
				2F74E73419DFCD2300FB0C88 /* UIColor+JEDebugging.h */,
				2F74E73519DFCD2300FB0C88 /* UIColor+JEDebugging.m */,
				2F74E73619DFCD2300FB0C88 /* UIImage+JEDebugging.h */,
				2F74E73719DFCD2300FB0C88 /* UIImage+JEDebugging.m */,
				B57078B41A504327007E33F2 /* UIViewController+JEDebugging.h */,
				B57078B51A504327007E33F2 /* UIViewController+JEDebugging.m */,
			);
			path = Categories;
			sourceTree = "<group>";
		};
		2F74E73A19DFCD2300FB0C88 /* Loggers Settings */ = {
			isa = PBXGroup;
			children = (
				2F74E73B19DFCD2300FB0C88 /* JEBaseLoggerSettings.h */,
				2F74E73C19DFCD2300FB0C88 /* JEBaseLoggerSettings.m */,
				2F74E73D19DFCD2300FB0C88 /* JEConsoleLoggerSettings.h */,
				2F74E73E19DFCD2300FB0C88 /* JEConsoleLoggerSettings.m */,
				2F74E73F19DFCD2300FB0C88 /* JEFileLoggerSettings.h */,
				2F74E74019DFCD2300FB0C88 /* JEFileLoggerSettings.m */,
				2F74E74119DFCD2300FB0C88 /* JEHUDLoggerSettings.h */,
				2F74E74219DFCD2300FB0C88 /* JEHUDLoggerSettings.m */,
			);
			path = "Loggers Settings";
			sourceTree = "<group>";
		};
		2F74E74319DFCD2300FB0C88 /* Views */ = {
			isa = PBXGroup;
			children = (
				2F74E74419DFCD2300FB0C88 /* JEHUDLogView.h */,
				2F74E74519DFCD2300FB0C88 /* JEHUDLogView.m */,
			);
			path = Views;
			sourceTree = "<group>";
		};
		2F74E74F19DFCD2300FB0C88 /* JEOrderedDictionary */ = {
			isa = PBXGroup;
			children = (
				2F74E75019DFCD2300FB0C88 /* JEOrderedDictionary.h */,
				2F74E75119DFCD2300FB0C88 /* JEOrderedDictionary.m */,
			);
			path = JEOrderedDictionary;
			sourceTree = "<group>";
		};
		2F74E75419DFCD2300FB0C88 /* JEWeakCache */ = {
			isa = PBXGroup;
			children = (
				2F74E75519DFCD2300FB0C88 /* JEWeakCache.h */,
				2F74E75619DFCD2300FB0C88 /* JEWeakCache.m */,
			);
			path = JEWeakCache;
			sourceTree = "<group>";
		};
		2F74E75719DFCD2300FB0C88 /* JEToolkit */ = {
			isa = PBXGroup;
			children = (
				B55AB06F1A864FE9008DFAB7 /* Utilities */,
				2F74E75819DFCD2300FB0C88 /* Categories */,
			);
			path = JEToolkit;
			sourceTree = "<group>";
		};
		2F74E75819DFCD2300FB0C88 /* Categories */ = {
			isa = PBXGroup;
			children = (
				2F74E75919DFCD2300FB0C88 /* NSArray+JEToolkit.h */,
				2F74E75A19DFCD2300FB0C88 /* NSArray+JEToolkit.m */,
				2F74E75B19DFCD2300FB0C88 /* NSCache+JEToolkit.h */,
				2F74E75C19DFCD2300FB0C88 /* NSCache+JEToolkit.m */,
				2F74E75D19DFCD2300FB0C88 /* NSCalendar+JEToolkit.h */,
				2F74E75E19DFCD2300FB0C88 /* NSCalendar+JEToolkit.m */,
				2F74E75F19DFCD2300FB0C88 /* NSDate+JEToolkit.h */,
				2F74E76019DFCD2300FB0C88 /* NSDate+JEToolkit.m */,
				B5C8D6821A7883190007C5DF /* NSDate+JEToolkit.swift */,
				2F74E76119DFCD2300FB0C88 /* NSDateFormatter+JEToolkit.h */,
				2F74E76219DFCD2300FB0C88 /* NSDateFormatter+JEToolkit.m */,
				B5E2D8511A2FF29600658696 /* NSDictionary+JEToolkit.h */,
				B5E2D8521A2FF29600658696 /* NSDictionary+JEToolkit.m */,
				2F74E76319DFCD2300FB0C88 /* NSError+JEToolkit.h */,
				2F74E76419DFCD2300FB0C88 /* NSError+JEToolkit.m */,
				2F74E76519DFCD2300FB0C88 /* NSIndexSet+JEToolkit.h */,
				2F74E76619DFCD2300FB0C88 /* NSIndexSet+JEToolkit.m */,
				2F74E76719DFCD2300FB0C88 /* NSMutableArray+JEToolkit.h */,
				2F74E76819DFCD2300FB0C88 /* NSMutableArray+JEToolkit.m */,
				2F74E76919DFCD2300FB0C88 /* NSNumber+JEToolkit.h */,
				2F74E76A19DFCD2300FB0C88 /* NSNumber+JEToolkit.m */,
				2F74E76B19DFCD2300FB0C88 /* NSObject+JEToolkit.h */,
				2F74E76C19DFCD2300FB0C88 /* NSObject+JEToolkit.m */,
				2F74E76D19DFCD2300FB0C88 /* NSString+JEToolkit.h */,
				2F74E76E19DFCD2300FB0C88 /* NSString+JEToolkit.m */,
				2F74E76F19DFCD2300FB0C88 /* NSURL+JEToolkit.h */,
				2F74E77019DFCD2300FB0C88 /* NSURL+JEToolkit.m */,
				2F74E77119DFCD2300FB0C88 /* NSValue+JEToolkit.h */,
				2F74E77219DFCD2300FB0C88 /* NSValue+JEToolkit.m */,
				2F74E77319DFCD2300FB0C88 /* UICollectionView+JEToolkit.h */,
				2F74E77419DFCD2300FB0C88 /* UICollectionView+JEToolkit.m */,
				B5C8D6801A787BBB0007C5DF /* UICollectionView+JEToolkit.swift */,
				2F74E77519DFCD2300FB0C88 /* UIColor+JEToolkit.h */,
				2F74E77619DFCD2300FB0C88 /* UIColor+JEToolkit.m */,
				2F74E77719DFCD2300FB0C88 /* UIDevice+JEToolkit.h */,
				2F74E77819DFCD2300FB0C88 /* UIDevice+JEToolkit.m */,
				2F74E77919DFCD2300FB0C88 /* UIImage+JEToolkit.h */,
				2F74E77A19DFCD2300FB0C88 /* UIImage+JEToolkit.m */,
				2F74E77B19DFCD2300FB0C88 /* UILabel+JEToolkit.h */,
				2F74E77C19DFCD2400FB0C88 /* UILabel+JEToolkit.m */,
				2F74E77D19DFCD2400FB0C88 /* UINib+JEToolkit.h */,
				2F74E77E19DFCD2400FB0C88 /* UINib+JEToolkit.m */,
				2F74E77F19DFCD2400FB0C88 /* UIScrollView+JEToolkit.h */,
				2F74E78019DFCD2400FB0C88 /* UIScrollView+JEToolkit.m */,
				2F74E78119DFCD2400FB0C88 /* UITableView+JEToolkit.h */,
				2F74E78219DFCD2400FB0C88 /* UITableView+JEToolkit.m */,
				B5C8D67A1A7877470007C5DF /* UITableView+JEToolkit.swift */,
				2F74E78319DFCD2400FB0C88 /* UITextView+JEToolkit.h */,
				2F74E78419DFCD2400FB0C88 /* UITextView+JEToolkit.m */,
				2F74E78519DFCD2400FB0C88 /* UIView+JEToolkit.h */,
				2F74E78619DFCD2400FB0C88 /* UIView+JEToolkit.m */,
				B5C8D6841A78846B0007C5DF /* UIView+JEToolkit.swift */,
				2F74E78719DFCD2400FB0C88 /* UIViewController+JEToolkit.h */,
				2F74E78819DFCD2400FB0C88 /* UIViewController+JEToolkit.m */,
			);
			path = Categories;
			sourceTree = "<group>";
		};
		2F74E7FE19DFD07700FB0C88 /* Frameworks */ = {
			isa = PBXGroup;
			children = (
				2F74E80319DFD0E200FB0C88 /* Foundation.framework */,
				2F74E7FF19DFD0D100FB0C88 /* MessageUI.framework */,
				2F74E80119DFD0DB00FB0C88 /* MobileCoreServices.framework */,
				2F74E80519DFD0E900FB0C88 /* UIKit.framework */,
			);
			name = Frameworks;
			sourceTree = "<group>";
		};
		B55AB06F1A864FE9008DFAB7 /* Utilities */ = {
			isa = PBXGroup;
			children = (
				B55AB0701A864FE9008DFAB7 /* JEAvailability.h */,
				B55AB0711A864FE9008DFAB7 /* JECompilerDefines.h */,
				B55AB0721A864FE9008DFAB7 /* JEDispatch.h */,
				B55AB0731A864FE9008DFAB7 /* JEDispatch.m */,
				B55AB0741A864FE9008DFAB7 /* JEFormulas.h */,
				B55AB0751A864FE9008DFAB7 /* JESafetyHelpers.h */,
				B55AB0761A864FE9008DFAB7 /* JESafetyHelpers.m */,
				B55AB0771A864FE9008DFAB7 /* JESynthesize.h */,
				B55AB0781A864FE9008DFAB7 /* JEUIMetrics.h */,
				B55AB0791A864FE9008DFAB7 /* JEUIMetrics.m */,
			);
			path = Utilities;
			sourceTree = "<group>";
		};
		B5F539971A18533900EC763B /* JESettings */ = {
			isa = PBXGroup;
			children = (
				B5F539981A18536000EC763B /* JESettings.h */,
				B5F539991A18536000EC763B /* JESettings.m */,
				B5F5399C1A18545700EC763B /* JEUserDefaults.h */,
				B5F5399D1A18545700EC763B /* JEUserDefaults.m */,
				B5F539A01A18546300EC763B /* JEKeychain.h */,
				B5F539A11A18546300EC763B /* JEKeychain.m */,
			);
			path = JESettings;
			sourceTree = "<group>";
		};
/* End PBXGroup section */

/* Begin PBXHeadersBuildPhase section */
		2F74E6F219DFCC7A00FB0C88 /* Headers */ = {
			isa = PBXHeadersBuildPhase;
			buildActionMask = 2147483647;
			files = (
				B55AB07A1A864FE9008DFAB7 /* JEAvailability.h in Headers */,
				2F74E79A19DFCD2400FB0C88 /* NSHashTable+JEDebugging.h in Headers */,
				2F74E7CF19DFCD2400FB0C88 /* NSDate+JEToolkit.h in Headers */,
				2F74E7C919DFCD2400FB0C88 /* NSArray+JEToolkit.h in Headers */,
				2F74E7D319DFCD2400FB0C88 /* NSError+JEToolkit.h in Headers */,
				2F74E7DF19DFCD2400FB0C88 /* NSURL+JEToolkit.h in Headers */,
				2F74E79E19DFCD2400FB0C88 /* NSMutableString+JEDebugging.h in Headers */,
				B55AB07C1A864FE9008DFAB7 /* JEDispatch.h in Headers */,
				2F74E7EB19DFCD2400FB0C88 /* UILabel+JEToolkit.h in Headers */,
				2F74E7A019DFCD2400FB0C88 /* NSNumber+JEDebugging.h in Headers */,
				2F74E7B419DFCD2400FB0C88 /* JEBaseLoggerSettings.h in Headers */,
				B5F5399E1A18545700EC763B /* JEUserDefaults.h in Headers */,
				2F74E7EF19DFCD2400FB0C88 /* UIScrollView+JEToolkit.h in Headers */,
				2F74E7C419DFCD2400FB0C88 /* JEOrderedDictionary.h in Headers */,
				2F74E7AE19DFCD2400FB0C88 /* UIColor+JEDebugging.h in Headers */,
				2F74E7E919DFCD2400FB0C88 /* UIImage+JEToolkit.h in Headers */,
				2F74E79219DFCD2400FB0C88 /* NSDate+JEDebugging.h in Headers */,
				2F74E7D119DFCD2400FB0C88 /* NSDateFormatter+JEToolkit.h in Headers */,
				B55AB07B1A864FE9008DFAB7 /* JECompilerDefines.h in Headers */,
				2F74E7A419DFCD2400FB0C88 /* NSOrderedSet+JEDebugging.h in Headers */,
				2F74E7F319DFCD2400FB0C88 /* UITextView+JEToolkit.h in Headers */,
				B5F5399A1A18536000EC763B /* JESettings.h in Headers */,
				2F74E79419DFCD2400FB0C88 /* NSDictionary+JEDebugging.h in Headers */,
				2F74E7E119DFCD2400FB0C88 /* NSValue+JEToolkit.h in Headers */,
				2F74E7B219DFCD2400FB0C88 /* JEDebugging.h in Headers */,
				B55AB07F1A864FE9008DFAB7 /* JESafetyHelpers.h in Headers */,
				2F74E7BC19DFCD2400FB0C88 /* JEHUDLogView.h in Headers */,
				2F74E7F519DFCD2400FB0C88 /* UIView+JEToolkit.h in Headers */,
				2F74E7AA19DFCD2400FB0C88 /* NSString+JEDebugging.h in Headers */,
				2F74E79C19DFCD2400FB0C88 /* NSMapTable+JEDebugging.h in Headers */,
				2F74E7D919DFCD2400FB0C88 /* NSNumber+JEToolkit.h in Headers */,
				2F74E79619DFCD2400FB0C88 /* NSError+JEDebugging.h in Headers */,
				2F74E7A219DFCD2400FB0C88 /* NSObject+JEDebugging.h in Headers */,
				2F74E7A619DFCD2400FB0C88 /* NSPointerArray+JEDebugging.h in Headers */,
				B55AB0811A864FE9008DFAB7 /* JESynthesize.h in Headers */,
				2F74E7B619DFCD2400FB0C88 /* JEConsoleLoggerSettings.h in Headers */,
				2F74E6FB19DFCC7A00FB0C88 /* JEToolkit.h in Headers */,
				2F74E79019DFCD2400FB0C88 /* NSArray+JEDebugging.h in Headers */,
				2F74E7BA19DFCD2400FB0C88 /* JEHUDLoggerSettings.h in Headers */,
				2F74E7C719DFCD2400FB0C88 /* JEWeakCache.h in Headers */,
				B57078B61A504327007E33F2 /* UIViewController+JEDebugging.h in Headers */,
				2F74E7A819DFCD2400FB0C88 /* NSSet+JEDebugging.h in Headers */,
				2F74E79819DFCD2400FB0C88 /* NSException+JEDebugging.h in Headers */,
				B5E2D8531A2FF29600658696 /* NSDictionary+JEToolkit.h in Headers */,
				2F74E7D519DFCD2400FB0C88 /* NSIndexSet+JEToolkit.h in Headers */,
				2F74E7F119DFCD2400FB0C88 /* UITableView+JEToolkit.h in Headers */,
				B5F539A21A18546300EC763B /* JEKeychain.h in Headers */,
				2F74E7D719DFCD2400FB0C88 /* NSMutableArray+JEToolkit.h in Headers */,
				2F74E7DD19DFCD2400FB0C88 /* NSString+JEToolkit.h in Headers */,
				2F74E7DB19DFCD2400FB0C88 /* NSObject+JEToolkit.h in Headers */,
				2F74E7E519DFCD2400FB0C88 /* UIColor+JEToolkit.h in Headers */,
				B55AB0821A864FE9008DFAB7 /* JEUIMetrics.h in Headers */,
				2F74E7B019DFCD2400FB0C88 /* UIImage+JEDebugging.h in Headers */,
				2F74E7E719DFCD2400FB0C88 /* UIDevice+JEToolkit.h in Headers */,
				2F74E7CD19DFCD2400FB0C88 /* NSCalendar+JEToolkit.h in Headers */,
				2F74E7B819DFCD2400FB0C88 /* JEFileLoggerSettings.h in Headers */,
				2F74E7CB19DFCD2400FB0C88 /* NSCache+JEToolkit.h in Headers */,
				2F74E7AC19DFCD2400FB0C88 /* NSValue+JEDebugging.h in Headers */,
				2F74E7ED19DFCD2400FB0C88 /* UINib+JEToolkit.h in Headers */,
				B55AB07E1A864FE9008DFAB7 /* JEFormulas.h in Headers */,
				2F74E7E319DFCD2400FB0C88 /* UICollectionView+JEToolkit.h in Headers */,
				2F74E7F719DFCD2400FB0C88 /* UIViewController+JEToolkit.h in Headers */,
			);
			runOnlyForDeploymentPostprocessing = 0;
		};
/* End PBXHeadersBuildPhase section */

/* Begin PBXNativeTarget section */
		2F74E6F419DFCC7A00FB0C88 /* JEToolkit */ = {
			isa = PBXNativeTarget;
			buildConfigurationList = 2F74E70B19DFCC7A00FB0C88 /* Build configuration list for PBXNativeTarget "JEToolkit" */;
			buildPhases = (
				2F74E6F019DFCC7A00FB0C88 /* Sources */,
				2F74E6F119DFCC7A00FB0C88 /* Frameworks */,
				2F74E6F219DFCC7A00FB0C88 /* Headers */,
				2F74E6F319DFCC7A00FB0C88 /* Resources */,
			);
			buildRules = (
			);
			dependencies = (
			);
			name = JEToolkit;
			productName = JEToolkit;
			productReference = 2F74E6F519DFCC7A00FB0C88 /* JEToolkit.framework */;
			productType = "com.apple.product-type.framework";
		};
		2F74E6FF19DFCC7A00FB0C88 /* JEToolkitTests */ = {
			isa = PBXNativeTarget;
			buildConfigurationList = 2F74E70E19DFCC7A00FB0C88 /* Build configuration list for PBXNativeTarget "JEToolkitTests" */;
			buildPhases = (
				2F74E6FC19DFCC7A00FB0C88 /* Sources */,
				2F74E6FD19DFCC7A00FB0C88 /* Frameworks */,
				2F74E6FE19DFCC7A00FB0C88 /* Resources */,
			);
			buildRules = (
			);
			dependencies = (
				2F74E70319DFCC7A00FB0C88 /* PBXTargetDependency */,
			);
			name = JEToolkitTests;
			productName = JEToolkitTests;
			productReference = 2F74E70019DFCC7A00FB0C88 /* JEToolkitTests.xctest */;
			productType = "com.apple.product-type.bundle.unit-test";
		};
/* End PBXNativeTarget section */

/* Begin PBXProject section */
		2F74E6EC19DFCC7A00FB0C88 /* Project object */ = {
			isa = PBXProject;
			attributes = {
				CLASSPREFIX = JE;
				LastSwiftUpdateCheck = 0700;
				LastUpgradeCheck = 0700;
				ORGANIZATIONNAME = "John Rommel Estropia";
				TargetAttributes = {
					2F74E6F419DFCC7A00FB0C88 = {
						CreatedOnToolsVersion = 6.1;
					};
					2F74E6FF19DFCC7A00FB0C88 = {
						CreatedOnToolsVersion = 6.1;
					};
				};
			};
			buildConfigurationList = 2F74E6EF19DFCC7A00FB0C88 /* Build configuration list for PBXProject "JEToolkit" */;
			compatibilityVersion = "Xcode 3.2";
			developmentRegion = English;
			hasScannedForEncodings = 0;
			knownRegions = (
				en,
			);
			mainGroup = 2F74E6EB19DFCC7A00FB0C88;
			productRefGroup = 2F74E6F619DFCC7A00FB0C88 /* Products */;
			projectDirPath = "";
			projectRoot = "";
			targets = (
				2F74E6F419DFCC7A00FB0C88 /* JEToolkit */,
				2F74E6FF19DFCC7A00FB0C88 /* JEToolkitTests */,
			);
		};
/* End PBXProject section */

/* Begin PBXResourcesBuildPhase section */
		2F74E6F319DFCC7A00FB0C88 /* Resources */ = {
			isa = PBXResourcesBuildPhase;
			buildActionMask = 2147483647;
			files = (
			);
			runOnlyForDeploymentPostprocessing = 0;
		};
		2F74E6FE19DFCC7A00FB0C88 /* Resources */ = {
			isa = PBXResourcesBuildPhase;
			buildActionMask = 2147483647;
			files = (
			);
			runOnlyForDeploymentPostprocessing = 0;
		};
/* End PBXResourcesBuildPhase section */

/* Begin PBXSourcesBuildPhase section */
		2F74E6F019DFCC7A00FB0C88 /* Sources */ = {
			isa = PBXSourcesBuildPhase;
			buildActionMask = 2147483647;
			files = (
				2F74E7E019DFCD2400FB0C88 /* NSURL+JEToolkit.m in Sources */,
				B55AB0801A864FE9008DFAB7 /* JESafetyHelpers.m in Sources */,
				2F74E7EA19DFCD2400FB0C88 /* UIImage+JEToolkit.m in Sources */,
				2F74E7E819DFCD2400FB0C88 /* UIDevice+JEToolkit.m in Sources */,
				2F74E7A919DFCD2400FB0C88 /* NSSet+JEDebugging.m in Sources */,
				2F74E7AB19DFCD2400FB0C88 /* NSString+JEDebugging.m in Sources */,
				B537BAE219EC2A9800715933 /* JEDebugging.swift in Sources */,
				B5C8D67B1A7877470007C5DF /* UITableView+JEToolkit.swift in Sources */,
				2F74E7DE19DFCD2400FB0C88 /* NSString+JEToolkit.m in Sources */,
				2F74E79F19DFCD2400FB0C88 /* NSMutableString+JEDebugging.m in Sources */,
				2F74E7AF19DFCD2400FB0C88 /* UIColor+JEDebugging.m in Sources */,
				2F74E7B919DFCD2400FB0C88 /* JEFileLoggerSettings.m in Sources */,
				2F74E79919DFCD2400FB0C88 /* NSException+JEDebugging.m in Sources */,
				2F74E7E419DFCD2400FB0C88 /* UICollectionView+JEToolkit.m in Sources */,
				B57078B71A504327007E33F2 /* UIViewController+JEDebugging.m in Sources */,
				2F74E7B519DFCD2400FB0C88 /* JEBaseLoggerSettings.m in Sources */,
				2F74E7EC19DFCD2400FB0C88 /* UILabel+JEToolkit.m in Sources */,
				2F74E7B319DFCD2400FB0C88 /* JEDebugging.m in Sources */,
				2F74E7A719DFCD2400FB0C88 /* NSPointerArray+JEDebugging.m in Sources */,
				B5F5399F1A18545700EC763B /* JEUserDefaults.m in Sources */,
				2F74E7D619DFCD2400FB0C88 /* NSIndexSet+JEToolkit.m in Sources */,
				2F74E79319DFCD2400FB0C88 /* NSDate+JEDebugging.m in Sources */,
				2F74E79D19DFCD2400FB0C88 /* NSMapTable+JEDebugging.m in Sources */,
				2F74E7D019DFCD2400FB0C88 /* NSDate+JEToolkit.m in Sources */,
				B5F5399B1A18536000EC763B /* JESettings.m in Sources */,
				2F74E7EE19DFCD2400FB0C88 /* UINib+JEToolkit.m in Sources */,
				2F74E7E219DFCD2400FB0C88 /* NSValue+JEToolkit.m in Sources */,
				B5E2D8541A2FF29600658696 /* NSDictionary+JEToolkit.m in Sources */,
				B5F539A31A18546300EC763B /* JEKeychain.m in Sources */,
				2F74E7A519DFCD2400FB0C88 /* NSOrderedSet+JEDebugging.m in Sources */,
				2F74E7DA19DFCD2400FB0C88 /* NSNumber+JEToolkit.m in Sources */,
				2F74E7CE19DFCD2400FB0C88 /* NSCalendar+JEToolkit.m in Sources */,
				2F74E7E619DFCD2400FB0C88 /* UIColor+JEToolkit.m in Sources */,
				2F74E7BD19DFCD2400FB0C88 /* JEHUDLogView.m in Sources */,
				B55AB0831A864FE9008DFAB7 /* JEUIMetrics.m in Sources */,
				2F74E7D219DFCD2400FB0C88 /* NSDateFormatter+JEToolkit.m in Sources */,
				B5C8D6831A7883190007C5DF /* NSDate+JEToolkit.swift in Sources */,
				2F74E7A119DFCD2400FB0C88 /* NSNumber+JEDebugging.m in Sources */,
				2F74E79719DFCD2400FB0C88 /* NSError+JEDebugging.m in Sources */,
				2F74E7F419DFCD2400FB0C88 /* UITextView+JEToolkit.m in Sources */,
				B5C8D6811A787BBB0007C5DF /* UICollectionView+JEToolkit.swift in Sources */,
				2F74E7C519DFCD2400FB0C88 /* JEOrderedDictionary.m in Sources */,
				2F74E7D419DFCD2400FB0C88 /* NSError+JEToolkit.m in Sources */,
				2F74E7AD19DFCD2400FB0C88 /* NSValue+JEDebugging.m in Sources */,
				B55AB07D1A864FE9008DFAB7 /* JEDispatch.m in Sources */,
				2F74E7CC19DFCD2400FB0C88 /* NSCache+JEToolkit.m in Sources */,
				2F74E79119DFCD2400FB0C88 /* NSArray+JEDebugging.m in Sources */,
				2F74E7F619DFCD2400FB0C88 /* UIView+JEToolkit.m in Sources */,
				2F74E7F219DFCD2400FB0C88 /* UITableView+JEToolkit.m in Sources */,
				2F74E7B719DFCD2400FB0C88 /* JEConsoleLoggerSettings.m in Sources */,
				2F74E7BB19DFCD2400FB0C88 /* JEHUDLoggerSettings.m in Sources */,
				2F74E7DC19DFCD2400FB0C88 /* NSObject+JEToolkit.m in Sources */,
				B5C8D6851A78846B0007C5DF /* UIView+JEToolkit.swift in Sources */,
				2F74E7CA19DFCD2400FB0C88 /* NSArray+JEToolkit.m in Sources */,
				2F74E79519DFCD2400FB0C88 /* NSDictionary+JEDebugging.m in Sources */,
				2F74E7C819DFCD2400FB0C88 /* JEWeakCache.m in Sources */,
				2F74E7F019DFCD2400FB0C88 /* UIScrollView+JEToolkit.m in Sources */,
				2F74E7B119DFCD2400FB0C88 /* UIImage+JEDebugging.m in Sources */,
				2F74E7F819DFCD2400FB0C88 /* UIViewController+JEToolkit.m in Sources */,
				2F74E79B19DFCD2400FB0C88 /* NSHashTable+JEDebugging.m in Sources */,
				2F74E7A319DFCD2400FB0C88 /* NSObject+JEDebugging.m in Sources */,
				2F74E7D819DFCD2400FB0C88 /* NSMutableArray+JEToolkit.m in Sources */,
			);
			runOnlyForDeploymentPostprocessing = 0;
		};
		2F74E6FC19DFCC7A00FB0C88 /* Sources */ = {
			isa = PBXSourcesBuildPhase;
			buildActionMask = 2147483647;
			files = (
				2F74E70819DFCC7A00FB0C88 /* JEToolkitTests.m in Sources */,
			);
			runOnlyForDeploymentPostprocessing = 0;
		};
/* End PBXSourcesBuildPhase section */

/* Begin PBXTargetDependency section */
		2F74E70319DFCC7A00FB0C88 /* PBXTargetDependency */ = {
			isa = PBXTargetDependency;
			target = 2F74E6F419DFCC7A00FB0C88 /* JEToolkit */;
			targetProxy = 2F74E70219DFCC7A00FB0C88 /* PBXContainerItemProxy */;
		};
/* End PBXTargetDependency section */

/* Begin XCBuildConfiguration section */
		2F74E70919DFCC7A00FB0C88 /* Debug */ = {
			isa = XCBuildConfiguration;
			buildSettings = {
				ALWAYS_SEARCH_USER_PATHS = NO;
				CLANG_ANALYZER_SECURITY_FLOATLOOPCOUNTER = YES;
				CLANG_ANALYZER_SECURITY_INSECUREAPI_RAND = YES;
				CLANG_ANALYZER_SECURITY_INSECUREAPI_STRCPY = YES;
				CLANG_CXX_LANGUAGE_STANDARD = "gnu++0x";
				CLANG_CXX_LIBRARY = "libc++";
				CLANG_ENABLE_MODULES = YES;
				CLANG_ENABLE_OBJC_ARC = YES;
				CLANG_WARN_BOOL_CONVERSION = YES;
				CLANG_WARN_CONSTANT_CONVERSION = YES;
				CLANG_WARN_DEPRECATED_OBJC_IMPLEMENTATIONS = YES;
				CLANG_WARN_DIRECT_OBJC_ISA_USAGE = YES_ERROR;
				CLANG_WARN_EMPTY_BODY = YES;
				CLANG_WARN_ENUM_CONVERSION = YES;
				CLANG_WARN_INT_CONVERSION = YES;
				CLANG_WARN_OBJC_EXPLICIT_OWNERSHIP_TYPE = YES;
				CLANG_WARN_OBJC_IMPLICIT_ATOMIC_PROPERTIES = YES;
				CLANG_WARN_OBJC_IMPLICIT_RETAIN_SELF = YES;
				CLANG_WARN_OBJC_RECEIVER_WEAK = NO;
				CLANG_WARN_OBJC_REPEATED_USE_OF_WEAK = YES;
				CLANG_WARN_OBJC_ROOT_CLASS = YES_ERROR;
				CLANG_WARN_UNREACHABLE_CODE = YES;
				CLANG_WARN__DUPLICATE_METHOD_MATCH = YES;
				"CODE_SIGN_IDENTITY[sdk=iphoneos*]" = "iPhone Developer";
				COPY_PHASE_STRIP = NO;
				CURRENT_PROJECT_VERSION = 1;
				DEFINES_MODULE = YES;
				ENABLE_STRICT_OBJC_MSGSEND = YES;
				ENABLE_TESTABILITY = YES;
				GCC_C_LANGUAGE_STANDARD = gnu99;
				GCC_DYNAMIC_NO_PIC = NO;
				GCC_OPTIMIZATION_LEVEL = 0;
				GCC_PREPROCESSOR_DEFINITIONS = (
					"DEBUG=1",
					"$(inherited)",
				);
				GCC_SYMBOLS_PRIVATE_EXTERN = NO;
				GCC_WARN_64_TO_32_BIT_CONVERSION = YES;
				GCC_WARN_ABOUT_MISSING_FIELD_INITIALIZERS = YES;
				GCC_WARN_ABOUT_MISSING_PROTOTYPES = YES;
				GCC_WARN_ABOUT_RETURN_TYPE = YES_ERROR;
				GCC_WARN_INITIALIZER_NOT_FULLY_BRACKETED = YES;
				GCC_WARN_UNDECLARED_SELECTOR = YES;
				GCC_WARN_UNINITIALIZED_AUTOS = YES_AGGRESSIVE;
				GCC_WARN_UNUSED_FUNCTION = YES;
				GCC_WARN_UNUSED_LABEL = YES;
				GCC_WARN_UNUSED_VARIABLE = YES;
				IPHONEOS_DEPLOYMENT_TARGET = 7.0;
				MTL_ENABLE_DEBUG_INFO = YES;
				ONLY_ACTIVE_ARCH = YES;
				RUN_CLANG_STATIC_ANALYZER = YES;
				SDKROOT = iphoneos;
				TARGETED_DEVICE_FAMILY = "1,2";
				VERSIONING_SYSTEM = "apple-generic";
				VERSION_INFO_PREFIX = "";
			};
			name = Debug;
		};
		2F74E70A19DFCC7A00FB0C88 /* Release */ = {
			isa = XCBuildConfiguration;
			buildSettings = {
				ALWAYS_SEARCH_USER_PATHS = NO;
				CLANG_ANALYZER_SECURITY_FLOATLOOPCOUNTER = YES;
				CLANG_ANALYZER_SECURITY_INSECUREAPI_RAND = YES;
				CLANG_ANALYZER_SECURITY_INSECUREAPI_STRCPY = YES;
				CLANG_CXX_LANGUAGE_STANDARD = "gnu++0x";
				CLANG_CXX_LIBRARY = "libc++";
				CLANG_ENABLE_MODULES = YES;
				CLANG_ENABLE_OBJC_ARC = YES;
				CLANG_WARN_BOOL_CONVERSION = YES;
				CLANG_WARN_CONSTANT_CONVERSION = YES;
				CLANG_WARN_DEPRECATED_OBJC_IMPLEMENTATIONS = YES;
				CLANG_WARN_DIRECT_OBJC_ISA_USAGE = YES_ERROR;
				CLANG_WARN_EMPTY_BODY = YES;
				CLANG_WARN_ENUM_CONVERSION = YES;
				CLANG_WARN_INT_CONVERSION = YES;
				CLANG_WARN_OBJC_EXPLICIT_OWNERSHIP_TYPE = YES;
				CLANG_WARN_OBJC_IMPLICIT_ATOMIC_PROPERTIES = YES;
				CLANG_WARN_OBJC_IMPLICIT_RETAIN_SELF = YES;
				CLANG_WARN_OBJC_RECEIVER_WEAK = NO;
				CLANG_WARN_OBJC_REPEATED_USE_OF_WEAK = YES;
				CLANG_WARN_OBJC_ROOT_CLASS = YES_ERROR;
				CLANG_WARN_UNREACHABLE_CODE = YES;
				CLANG_WARN__DUPLICATE_METHOD_MATCH = YES;
				"CODE_SIGN_IDENTITY[sdk=iphoneos*]" = "iPhone Developer";
				COPY_PHASE_STRIP = YES;
				CURRENT_PROJECT_VERSION = 1;
				DEFINES_MODULE = YES;
				ENABLE_NS_ASSERTIONS = NO;
				ENABLE_STRICT_OBJC_MSGSEND = YES;
				GCC_C_LANGUAGE_STANDARD = gnu99;
				GCC_WARN_64_TO_32_BIT_CONVERSION = YES;
				GCC_WARN_ABOUT_MISSING_FIELD_INITIALIZERS = YES;
				GCC_WARN_ABOUT_MISSING_PROTOTYPES = YES;
				GCC_WARN_ABOUT_RETURN_TYPE = YES_ERROR;
				GCC_WARN_INITIALIZER_NOT_FULLY_BRACKETED = YES;
				GCC_WARN_UNDECLARED_SELECTOR = YES;
				GCC_WARN_UNINITIALIZED_AUTOS = YES_AGGRESSIVE;
				GCC_WARN_UNUSED_FUNCTION = YES;
				GCC_WARN_UNUSED_LABEL = YES;
				GCC_WARN_UNUSED_VARIABLE = YES;
				IPHONEOS_DEPLOYMENT_TARGET = 7.0;
				MTL_ENABLE_DEBUG_INFO = NO;
				RUN_CLANG_STATIC_ANALYZER = YES;
				SDKROOT = iphoneos;
				TARGETED_DEVICE_FAMILY = "1,2";
				VALIDATE_PRODUCT = YES;
				VERSIONING_SYSTEM = "apple-generic";
				VERSION_INFO_PREFIX = "";
			};
			name = Release;
		};
		2F74E70C19DFCC7A00FB0C88 /* Debug */ = {
			isa = XCBuildConfiguration;
			buildSettings = {
				CLANG_ENABLE_MODULES = YES;
				DEFINES_MODULE = YES;
				DYLIB_COMPATIBILITY_VERSION = 1;
				DYLIB_CURRENT_VERSION = 1;
				DYLIB_INSTALL_NAME_BASE = "@rpath";
				EMBEDDED_CONTENT_CONTAINS_SWIFT = YES;
				INFOPLIST_FILE = JEToolkit/Info.plist;
				INSTALL_PATH = "$(LOCAL_LIBRARY_DIR)/Frameworks";
				LD_RUNPATH_SEARCH_PATHS = "$(inherited) @executable_path/Frameworks @loader_path/Frameworks";
				OTHER_SWIFT_FLAGS = "-D DEBUG";
				PRODUCT_BUNDLE_IDENTIFIER = "com.johnestropia.$(PRODUCT_NAME:rfc1034identifier)";
				PRODUCT_NAME = "$(TARGET_NAME)";
				SKIP_INSTALL = YES;
				SWIFT_OPTIMIZATION_LEVEL = "-Onone";
			};
			name = Debug;
		};
		2F74E70D19DFCC7A00FB0C88 /* Release */ = {
			isa = XCBuildConfiguration;
			buildSettings = {
				CLANG_ENABLE_MODULES = YES;
				DEFINES_MODULE = YES;
				DYLIB_COMPATIBILITY_VERSION = 1;
				DYLIB_CURRENT_VERSION = 1;
				DYLIB_INSTALL_NAME_BASE = "@rpath";
				EMBEDDED_CONTENT_CONTAINS_SWIFT = YES;
				INFOPLIST_FILE = JEToolkit/Info.plist;
				INSTALL_PATH = "$(LOCAL_LIBRARY_DIR)/Frameworks";
				LD_RUNPATH_SEARCH_PATHS = "$(inherited) @executable_path/Frameworks @loader_path/Frameworks";
				OTHER_SWIFT_FLAGS = "-D DEBUG";
				PRODUCT_BUNDLE_IDENTIFIER = "com.johnestropia.$(PRODUCT_NAME:rfc1034identifier)";
				PRODUCT_NAME = "$(TARGET_NAME)";
				SKIP_INSTALL = YES;
			};
			name = Release;
		};
		2F74E70F19DFCC7A00FB0C88 /* Debug */ = {
			isa = XCBuildConfiguration;
			buildSettings = {
				FRAMEWORK_SEARCH_PATHS = (
					"$(SDKROOT)/Developer/Library/Frameworks",
					"$(inherited)",
				);
				GCC_PREPROCESSOR_DEFINITIONS = (
					"DEBUG=1",
					"$(inherited)",
				);
				INFOPLIST_FILE = JEToolkitTests/Info.plist;
				LD_RUNPATH_SEARCH_PATHS = "$(inherited) @executable_path/Frameworks @loader_path/Frameworks";
				PRODUCT_BUNDLE_IDENTIFIER = "com.johnestropia.$(PRODUCT_NAME:rfc1034identifier)";
				PRODUCT_NAME = "$(TARGET_NAME)";
			};
			name = Debug;
		};
		2F74E71019DFCC7A00FB0C88 /* Release */ = {
			isa = XCBuildConfiguration;
			buildSettings = {
				FRAMEWORK_SEARCH_PATHS = (
					"$(SDKROOT)/Developer/Library/Frameworks",
					"$(inherited)",
				);
				INFOPLIST_FILE = JEToolkitTests/Info.plist;
				LD_RUNPATH_SEARCH_PATHS = "$(inherited) @executable_path/Frameworks @loader_path/Frameworks";
				PRODUCT_BUNDLE_IDENTIFIER = "com.johnestropia.$(PRODUCT_NAME:rfc1034identifier)";
				PRODUCT_NAME = "$(TARGET_NAME)";
			};
			name = Release;
		};
/* End XCBuildConfiguration section */

/* Begin XCConfigurationList section */
		2F74E6EF19DFCC7A00FB0C88 /* Build configuration list for PBXProject "JEToolkit" */ = {
			isa = XCConfigurationList;
			buildConfigurations = (
				2F74E70919DFCC7A00FB0C88 /* Debug */,
				2F74E70A19DFCC7A00FB0C88 /* Release */,
			);
			defaultConfigurationIsVisible = 0;
			defaultConfigurationName = Release;
		};
		2F74E70B19DFCC7A00FB0C88 /* Build configuration list for PBXNativeTarget "JEToolkit" */ = {
			isa = XCConfigurationList;
			buildConfigurations = (
				2F74E70C19DFCC7A00FB0C88 /* Debug */,
				2F74E70D19DFCC7A00FB0C88 /* Release */,
			);
			defaultConfigurationIsVisible = 0;
			defaultConfigurationName = Release;
		};
		2F74E70E19DFCC7A00FB0C88 /* Build configuration list for PBXNativeTarget "JEToolkitTests" */ = {
			isa = XCConfigurationList;
			buildConfigurations = (
				2F74E70F19DFCC7A00FB0C88 /* Debug */,
				2F74E71019DFCC7A00FB0C88 /* Release */,
			);
			defaultConfigurationIsVisible = 0;
			defaultConfigurationName = Release;
		};
/* End XCConfigurationList section */
	};
	rootObject = 2F74E6EC19DFCC7A00FB0C88 /* Project object */;
}
