// !$*UTF8*$!
{
	archiveVersion = 1;
	classes = {
	};
	objectVersion = 46;
	objects = {

/* Begin PBXBuildFile section */
		2F10BB6E1880EDFA00739760 /* JEHUDLogView.m in Sources */ = {isa = PBXBuildFile; fileRef = 2F10BB6D1880EDFA00739760 /* JEHUDLogView.m */; };
		2F1DCF8617FF1D4D00AFD8C7 /* MobileCoreServices.framework in Frameworks */ = {isa = PBXBuildFile; fileRef = 2F1DCF8517FF1D4D00AFD8C7 /* MobileCoreServices.framework */; };
		2F3A87A61937839D00AEA77E /* NSArray+JEToolkit.m in Sources */ = {isa = PBXBuildFile; fileRef = 34FC87D71932C6D0001EF83C /* NSArray+JEToolkit.m */; };
		2F3A87A71937839D00AEA77E /* NSCache+JEToolkit.m in Sources */ = {isa = PBXBuildFile; fileRef = 34FC87D91932C6D0001EF83C /* NSCache+JEToolkit.m */; };
		2F3A87A81937839D00AEA77E /* NSCalendar+JEToolkit.m in Sources */ = {isa = PBXBuildFile; fileRef = 34FC87DB1932C6D0001EF83C /* NSCalendar+JEToolkit.m */; };
		2F3A87A91937839D00AEA77E /* NSDate+JEToolkit.m in Sources */ = {isa = PBXBuildFile; fileRef = 34FC87DD1932C6D0001EF83C /* NSDate+JEToolkit.m */; };
		2F3A87AA1937839D00AEA77E /* NSDateFormatter+JEToolkit.m in Sources */ = {isa = PBXBuildFile; fileRef = 34FC87DF1932C6D0001EF83C /* NSDateFormatter+JEToolkit.m */; };
		2F3A87AC1937839D00AEA77E /* NSError+JEToolkit.m in Sources */ = {isa = PBXBuildFile; fileRef = 34FC87E31932C6D0001EF83C /* NSError+JEToolkit.m */; };
		2F3A87AF1937839D00AEA77E /* NSIndexSet+JEToolkit.m in Sources */ = {isa = PBXBuildFile; fileRef = 34FC87E91932C6D0001EF83C /* NSIndexSet+JEToolkit.m */; };
		2F3A87B11937839D00AEA77E /* NSMutableArray+JEToolkit.m in Sources */ = {isa = PBXBuildFile; fileRef = 34FC87ED1932C6D0001EF83C /* NSMutableArray+JEToolkit.m */; };
		2F3A87B31937839D00AEA77E /* NSNumber+JEToolkit.m in Sources */ = {isa = PBXBuildFile; fileRef = 34FC87F11932C6D0001EF83C /* NSNumber+JEToolkit.m */; };
		2F3A87B41937839D00AEA77E /* NSObject+JEToolkit.m in Sources */ = {isa = PBXBuildFile; fileRef = 34FC87F31932C6D0001EF83C /* NSObject+JEToolkit.m */; };
		2F3A87B81937839D00AEA77E /* NSString+JEToolkit.m in Sources */ = {isa = PBXBuildFile; fileRef = 34FC87FB1932C6D0001EF83C /* NSString+JEToolkit.m */; };
		2F3A87B91937839D00AEA77E /* NSURL+JEToolkit.m in Sources */ = {isa = PBXBuildFile; fileRef = 34FC87FD1932C6D0001EF83C /* NSURL+JEToolkit.m */; };
		2F3A87BA1937839D00AEA77E /* NSValue+JEToolkit.m in Sources */ = {isa = PBXBuildFile; fileRef = 34FC87FF1932C6D0001EF83C /* NSValue+JEToolkit.m */; };
		2F3A87BB1937839D00AEA77E /* UIColor+JEToolkit.m in Sources */ = {isa = PBXBuildFile; fileRef = 34FC88011932C6D0001EF83C /* UIColor+JEToolkit.m */; };
		2F3A87BC1937839D00AEA77E /* UIImage+JEToolkit.m in Sources */ = {isa = PBXBuildFile; fileRef = 34FC88031932C6D0001EF83C /* UIImage+JEToolkit.m */; };
		2F3A87BD1937839D00AEA77E /* UILabel+JEToolkit.m in Sources */ = {isa = PBXBuildFile; fileRef = 34FC88051932C6D0001EF83C /* UILabel+JEToolkit.m */; };
		2F3A87BE1937839D00AEA77E /* UIScrollView+JEToolkit.m in Sources */ = {isa = PBXBuildFile; fileRef = 34FC88071932C6D0001EF83C /* UIScrollView+JEToolkit.m */; };
		2F3A87BF1937839D00AEA77E /* UITextView+JEToolkit.m in Sources */ = {isa = PBXBuildFile; fileRef = 34FC88091932C6D0001EF83C /* UITextView+JEToolkit.m */; };
		2F3A87C01937839D00AEA77E /* UIView+JEToolkit.m in Sources */ = {isa = PBXBuildFile; fileRef = 34FC880B1932C6D0001EF83C /* UIView+JEToolkit.m */; };
		2F3A87C11937839D00AEA77E /* UIViewController+JEToolkit.m in Sources */ = {isa = PBXBuildFile; fileRef = 34FC880D1932C6D0001EF83C /* UIViewController+JEToolkit.m */; };
		2F8FC86417B65DB500C3C0F3 /* Foundation.framework in Frameworks */ = {isa = PBXBuildFile; fileRef = 2F8FC86317B65DB500C3C0F3 /* Foundation.framework */; };
		2F8FC86917B65DB500C3C0F3 /* JEToolkit.h in CopyFiles */ = {isa = PBXBuildFile; fileRef = 2F8FC86817B65DB500C3C0F3 /* JEToolkit.h */; };
		2F8FC87217B65DB500C3C0F3 /* XCTest.framework in Frameworks */ = {isa = PBXBuildFile; fileRef = 2F8FC87117B65DB500C3C0F3 /* XCTest.framework */; };
		2F8FC87317B65DB500C3C0F3 /* Foundation.framework in Frameworks */ = {isa = PBXBuildFile; fileRef = 2F8FC86317B65DB500C3C0F3 /* Foundation.framework */; };
		2F8FC87817B65DB500C3C0F3 /* libJEToolkit.a in Frameworks */ = {isa = PBXBuildFile; fileRef = 2F8FC86017B65DB500C3C0F3 /* libJEToolkit.a */; };
		2F8FC87E17B65DB500C3C0F3 /* InfoPlist.strings in Resources */ = {isa = PBXBuildFile; fileRef = 2F8FC87C17B65DB500C3C0F3 /* InfoPlist.strings */; };
		2F8FC88017B65DB500C3C0F3 /* JEToolkitTests.m in Sources */ = {isa = PBXBuildFile; fileRef = 2F8FC87F17B65DB500C3C0F3 /* JEToolkitTests.m */; };
		2F8FC89017B660C300C3C0F3 /* UIKit.framework in Frameworks */ = {isa = PBXBuildFile; fileRef = 2F8FC88F17B660C300C3C0F3 /* UIKit.framework */; };
		349B324D194979C20077692A /* NSObject+JEDebugging.m in Sources */ = {isa = PBXBuildFile; fileRef = 349B324C194979C20077692A /* NSObject+JEDebugging.m */; };
		349B325019497AC90077692A /* NSArray+JEDebugging.m in Sources */ = {isa = PBXBuildFile; fileRef = 349B324F19497AC90077692A /* NSArray+JEDebugging.m */; };
		349B325319497B390077692A /* NSMutableString+JEDebugging.m in Sources */ = {isa = PBXBuildFile; fileRef = 349B325219497B390077692A /* NSMutableString+JEDebugging.m */; };
		349B325619497C2D0077692A /* NSDate+JEDebugging.m in Sources */ = {isa = PBXBuildFile; fileRef = 349B325519497C2D0077692A /* NSDate+JEDebugging.m */; };
		349B325919497D4B0077692A /* NSDictionary+JEDebugging.m in Sources */ = {isa = PBXBuildFile; fileRef = 349B325819497D4B0077692A /* NSDictionary+JEDebugging.m */; };
		349B325C19497E3E0077692A /* NSError+JEDebugging.m in Sources */ = {isa = PBXBuildFile; fileRef = 349B325B19497E3E0077692A /* NSError+JEDebugging.m */; };
		349B325F19497EB30077692A /* NSException+JEDebugging.m in Sources */ = {isa = PBXBuildFile; fileRef = 349B325E19497EB30077692A /* NSException+JEDebugging.m */; };
		349B326219497F220077692A /* NSHashTable+JEDebugging.m in Sources */ = {isa = PBXBuildFile; fileRef = 349B326119497F220077692A /* NSHashTable+JEDebugging.m */; };
		349B326519497FE50077692A /* NSMapTable+JEDebugging.m in Sources */ = {isa = PBXBuildFile; fileRef = 349B326419497FE50077692A /* NSMapTable+JEDebugging.m */; };
		349B3268194980610077692A /* NSNumber+JEDebugging.m in Sources */ = {isa = PBXBuildFile; fileRef = 349B3267194980610077692A /* NSNumber+JEDebugging.m */; };
		349B326B194982850077692A /* NSOrderedSet+JEDebugging.m in Sources */ = {isa = PBXBuildFile; fileRef = 349B326A194982850077692A /* NSOrderedSet+JEDebugging.m */; };
		349B326E194983090077692A /* NSPointerArray+JEDebugging.m in Sources */ = {isa = PBXBuildFile; fileRef = 349B326D194983090077692A /* NSPointerArray+JEDebugging.m */; };
		349B3271194983660077692A /* NSSet+JEDebugging.m in Sources */ = {isa = PBXBuildFile; fileRef = 349B3270194983660077692A /* NSSet+JEDebugging.m */; };
		349B3274194983B80077692A /* NSString+JEDebugging.m in Sources */ = {isa = PBXBuildFile; fileRef = 349B3273194983B80077692A /* NSString+JEDebugging.m */; };
		349B32771949852D0077692A /* NSValue+JEDebugging.m in Sources */ = {isa = PBXBuildFile; fileRef = 349B32761949852D0077692A /* NSValue+JEDebugging.m */; };
		349B327A1949892D0077692A /* UIColor+JEDebugging.m in Sources */ = {isa = PBXBuildFile; fileRef = 349B32791949892D0077692A /* UIColor+JEDebugging.m */; };
		349B327D194989A10077692A /* UIImage+JEDebugging.m in Sources */ = {isa = PBXBuildFile; fileRef = 349B327C194989A10077692A /* UIImage+JEDebugging.m */; };
		349B328719498B580077692A /* JEOrderedDictionary.m in Sources */ = {isa = PBXBuildFile; fileRef = 349B328519498B580077692A /* JEOrderedDictionary.m */; };
		349B328D19498B740077692A /* JEDispatch.m in Sources */ = {isa = PBXBuildFile; fileRef = 349B328C19498B740077692A /* JEDispatch.m */; };
		349B329019498B7C0077692A /* JEWeakCache.m in Sources */ = {isa = PBXBuildFile; fileRef = 349B328E19498B7C0077692A /* JEWeakCache.m */; };
		34ECBD40184EF0DD00960D4A /* JEBaseLoggerSettings.m in Sources */ = {isa = PBXBuildFile; fileRef = 34ECBD3F184EF0DD00960D4A /* JEBaseLoggerSettings.m */; };
		34ECBD43184EF10B00960D4A /* JEConsoleLoggerSettings.m in Sources */ = {isa = PBXBuildFile; fileRef = 34ECBD42184EF10B00960D4A /* JEConsoleLoggerSettings.m */; };
		34ECBD46184EF12900960D4A /* JEHUDLoggerSettings.m in Sources */ = {isa = PBXBuildFile; fileRef = 34ECBD45184EF12900960D4A /* JEHUDLoggerSettings.m */; };
		34ECBD49184EF13800960D4A /* JEFileLoggerSettings.m in Sources */ = {isa = PBXBuildFile; fileRef = 34ECBD48184EF13800960D4A /* JEFileLoggerSettings.m */; };
		34F124721844882E00856ACA /* JEDebugging.m in Sources */ = {isa = PBXBuildFile; fileRef = 34F124711844882E00856ACA /* JEDebugging.m */; };
		34FC084A18E3BA64000B6BBC /* README.md in Resources */ = {isa = PBXBuildFile; fileRef = 34FC084918E3BA64000B6BBC /* README.md */; };
		34FEB4EC194E82D800B01ADE /* JEToolkit.podspec in Resources */ = {isa = PBXBuildFile; fileRef = 34FEB4EB194E82D800B01ADE /* JEToolkit.podspec */; };
/* End PBXBuildFile section */

/* Begin PBXContainerItemProxy section */
		2F8FC87617B65DB500C3C0F3 /* PBXContainerItemProxy */ = {
			isa = PBXContainerItemProxy;
			containerPortal = 2F8FC85817B65DB500C3C0F3 /* Project object */;
			proxyType = 1;
			remoteGlobalIDString = 2F8FC85F17B65DB500C3C0F3;
			remoteInfo = JREToolkit;
		};
/* End PBXContainerItemProxy section */

/* Begin PBXCopyFilesBuildPhase section */
		2F8FC85E17B65DB500C3C0F3 /* CopyFiles */ = {
			isa = PBXCopyFilesBuildPhase;
			buildActionMask = 2147483647;
			dstPath = "include/$(PRODUCT_NAME)";
			dstSubfolderSpec = 16;
			files = (
				2F8FC86917B65DB500C3C0F3 /* JEToolkit.h in CopyFiles */,
			);
			runOnlyForDeploymentPostprocessing = 0;
		};
/* End PBXCopyFilesBuildPhase section */

/* Begin PBXFileReference section */
		2F10BB6C1880EDFA00739760 /* JEHUDLogView.h */ = {isa = PBXFileReference; fileEncoding = 4; lastKnownFileType = sourcecode.c.h; path = JEHUDLogView.h; sourceTree = "<group>"; };
		2F10BB6D1880EDFA00739760 /* JEHUDLogView.m */ = {isa = PBXFileReference; fileEncoding = 4; lastKnownFileType = sourcecode.c.objc; path = JEHUDLogView.m; sourceTree = "<group>"; };
		2F1DCF8517FF1D4D00AFD8C7 /* MobileCoreServices.framework */ = {isa = PBXFileReference; lastKnownFileType = wrapper.framework; name = MobileCoreServices.framework; path = System/Library/Frameworks/MobileCoreServices.framework; sourceTree = SDKROOT; };
		2F36590C17F0A62300794CC0 /* LICENSE */ = {isa = PBXFileReference; fileEncoding = 4; lastKnownFileType = text; path = LICENSE; sourceTree = SOURCE_ROOT; };
		2F36590D17F0A62300794CC0 /* JEToolkit.podspec */ = {isa = PBXFileReference; fileEncoding = 4; lastKnownFileType = text; path = JEToolkit.podspec; sourceTree = SOURCE_ROOT; };
		2F5566F2184104F000098714 /* CoreLocation.framework */ = {isa = PBXFileReference; lastKnownFileType = wrapper.framework; name = CoreLocation.framework; path = System/Library/Frameworks/CoreLocation.framework; sourceTree = SDKROOT; };
		2F5566F4184104F800098714 /* MapKit.framework */ = {isa = PBXFileReference; lastKnownFileType = wrapper.framework; name = MapKit.framework; path = System/Library/Frameworks/MapKit.framework; sourceTree = SDKROOT; };
		2F8FC86017B65DB500C3C0F3 /* libJEToolkit.a */ = {isa = PBXFileReference; explicitFileType = archive.ar; includeInIndex = 0; path = libJEToolkit.a; sourceTree = BUILT_PRODUCTS_DIR; };
		2F8FC86317B65DB500C3C0F3 /* Foundation.framework */ = {isa = PBXFileReference; lastKnownFileType = wrapper.framework; name = Foundation.framework; path = System/Library/Frameworks/Foundation.framework; sourceTree = SDKROOT; };
		2F8FC86717B65DB500C3C0F3 /* JEToolkit-Prefix.pch */ = {isa = PBXFileReference; lastKnownFileType = sourcecode.c.h; path = "JEToolkit-Prefix.pch"; sourceTree = "<group>"; };
		2F8FC86817B65DB500C3C0F3 /* JEToolkit.h */ = {isa = PBXFileReference; lastKnownFileType = sourcecode.c.h; path = JEToolkit.h; sourceTree = "<group>"; };
		2F8FC87017B65DB500C3C0F3 /* JEToolkitTests.xctest */ = {isa = PBXFileReference; explicitFileType = wrapper.cfbundle; includeInIndex = 0; path = JEToolkitTests.xctest; sourceTree = BUILT_PRODUCTS_DIR; };
		2F8FC87117B65DB500C3C0F3 /* XCTest.framework */ = {isa = PBXFileReference; lastKnownFileType = wrapper.framework; name = XCTest.framework; path = Library/Frameworks/XCTest.framework; sourceTree = DEVELOPER_DIR; };
		2F8FC87B17B65DB500C3C0F3 /* JEToolkitTests-Info.plist */ = {isa = PBXFileReference; lastKnownFileType = text.plist.xml; path = "JEToolkitTests-Info.plist"; sourceTree = "<group>"; };
		2F8FC87D17B65DB500C3C0F3 /* en */ = {isa = PBXFileReference; lastKnownFileType = text.plist.strings; name = en; path = en.lproj/InfoPlist.strings; sourceTree = "<group>"; };
		2F8FC87F17B65DB500C3C0F3 /* JEToolkitTests.m */ = {isa = PBXFileReference; lastKnownFileType = sourcecode.c.objc; path = JEToolkitTests.m; sourceTree = "<group>"; };
		2F8FC88F17B660C300C3C0F3 /* UIKit.framework */ = {isa = PBXFileReference; lastKnownFileType = wrapper.framework; name = UIKit.framework; path = System/Library/Frameworks/UIKit.framework; sourceTree = SDKROOT; };
		349B324B194979C20077692A /* NSObject+JEDebugging.h */ = {isa = PBXFileReference; fileEncoding = 4; lastKnownFileType = sourcecode.c.h; path = "NSObject+JEDebugging.h"; sourceTree = "<group>"; };
		349B324C194979C20077692A /* NSObject+JEDebugging.m */ = {isa = PBXFileReference; fileEncoding = 4; lastKnownFileType = sourcecode.c.objc; path = "NSObject+JEDebugging.m"; sourceTree = "<group>"; };
		349B324E19497AC90077692A /* NSArray+JEDebugging.h */ = {isa = PBXFileReference; fileEncoding = 4; lastKnownFileType = sourcecode.c.h; path = "NSArray+JEDebugging.h"; sourceTree = "<group>"; };
		349B324F19497AC90077692A /* NSArray+JEDebugging.m */ = {isa = PBXFileReference; fileEncoding = 4; lastKnownFileType = sourcecode.c.objc; path = "NSArray+JEDebugging.m"; sourceTree = "<group>"; };
		349B325119497B390077692A /* NSMutableString+JEDebugging.h */ = {isa = PBXFileReference; fileEncoding = 4; lastKnownFileType = sourcecode.c.h; path = "NSMutableString+JEDebugging.h"; sourceTree = "<group>"; };
		349B325219497B390077692A /* NSMutableString+JEDebugging.m */ = {isa = PBXFileReference; fileEncoding = 4; lastKnownFileType = sourcecode.c.objc; path = "NSMutableString+JEDebugging.m"; sourceTree = "<group>"; };
		349B325419497C2D0077692A /* NSDate+JEDebugging.h */ = {isa = PBXFileReference; fileEncoding = 4; lastKnownFileType = sourcecode.c.h; path = "NSDate+JEDebugging.h"; sourceTree = "<group>"; };
		349B325519497C2D0077692A /* NSDate+JEDebugging.m */ = {isa = PBXFileReference; fileEncoding = 4; lastKnownFileType = sourcecode.c.objc; path = "NSDate+JEDebugging.m"; sourceTree = "<group>"; };
		349B325719497D4B0077692A /* NSDictionary+JEDebugging.h */ = {isa = PBXFileReference; fileEncoding = 4; lastKnownFileType = sourcecode.c.h; path = "NSDictionary+JEDebugging.h"; sourceTree = "<group>"; };
		349B325819497D4B0077692A /* NSDictionary+JEDebugging.m */ = {isa = PBXFileReference; fileEncoding = 4; lastKnownFileType = sourcecode.c.objc; path = "NSDictionary+JEDebugging.m"; sourceTree = "<group>"; };
		349B325A19497E3E0077692A /* NSError+JEDebugging.h */ = {isa = PBXFileReference; fileEncoding = 4; lastKnownFileType = sourcecode.c.h; path = "NSError+JEDebugging.h"; sourceTree = "<group>"; };
		349B325B19497E3E0077692A /* NSError+JEDebugging.m */ = {isa = PBXFileReference; fileEncoding = 4; lastKnownFileType = sourcecode.c.objc; path = "NSError+JEDebugging.m"; sourceTree = "<group>"; };
		349B325D19497EB30077692A /* NSException+JEDebugging.h */ = {isa = PBXFileReference; fileEncoding = 4; lastKnownFileType = sourcecode.c.h; path = "NSException+JEDebugging.h"; sourceTree = "<group>"; };
		349B325E19497EB30077692A /* NSException+JEDebugging.m */ = {isa = PBXFileReference; fileEncoding = 4; lastKnownFileType = sourcecode.c.objc; path = "NSException+JEDebugging.m"; sourceTree = "<group>"; };
		349B326019497F220077692A /* NSHashTable+JEDebugging.h */ = {isa = PBXFileReference; fileEncoding = 4; lastKnownFileType = sourcecode.c.h; path = "NSHashTable+JEDebugging.h"; sourceTree = "<group>"; };
		349B326119497F220077692A /* NSHashTable+JEDebugging.m */ = {isa = PBXFileReference; fileEncoding = 4; lastKnownFileType = sourcecode.c.objc; path = "NSHashTable+JEDebugging.m"; sourceTree = "<group>"; };
		349B326319497FE50077692A /* NSMapTable+JEDebugging.h */ = {isa = PBXFileReference; fileEncoding = 4; lastKnownFileType = sourcecode.c.h; path = "NSMapTable+JEDebugging.h"; sourceTree = "<group>"; };
		349B326419497FE50077692A /* NSMapTable+JEDebugging.m */ = {isa = PBXFileReference; fileEncoding = 4; lastKnownFileType = sourcecode.c.objc; path = "NSMapTable+JEDebugging.m"; sourceTree = "<group>"; };
		349B3266194980610077692A /* NSNumber+JEDebugging.h */ = {isa = PBXFileReference; fileEncoding = 4; lastKnownFileType = sourcecode.c.h; path = "NSNumber+JEDebugging.h"; sourceTree = "<group>"; };
		349B3267194980610077692A /* NSNumber+JEDebugging.m */ = {isa = PBXFileReference; fileEncoding = 4; lastKnownFileType = sourcecode.c.objc; path = "NSNumber+JEDebugging.m"; sourceTree = "<group>"; };
		349B3269194982850077692A /* NSOrderedSet+JEDebugging.h */ = {isa = PBXFileReference; fileEncoding = 4; lastKnownFileType = sourcecode.c.h; path = "NSOrderedSet+JEDebugging.h"; sourceTree = "<group>"; };
		349B326A194982850077692A /* NSOrderedSet+JEDebugging.m */ = {isa = PBXFileReference; fileEncoding = 4; lastKnownFileType = sourcecode.c.objc; path = "NSOrderedSet+JEDebugging.m"; sourceTree = "<group>"; };
		349B326C194983090077692A /* NSPointerArray+JEDebugging.h */ = {isa = PBXFileReference; fileEncoding = 4; lastKnownFileType = sourcecode.c.h; path = "NSPointerArray+JEDebugging.h"; sourceTree = "<group>"; };
		349B326D194983090077692A /* NSPointerArray+JEDebugging.m */ = {isa = PBXFileReference; fileEncoding = 4; lastKnownFileType = sourcecode.c.objc; path = "NSPointerArray+JEDebugging.m"; sourceTree = "<group>"; };
		349B326F194983660077692A /* NSSet+JEDebugging.h */ = {isa = PBXFileReference; fileEncoding = 4; lastKnownFileType = sourcecode.c.h; path = "NSSet+JEDebugging.h"; sourceTree = "<group>"; };
		349B3270194983660077692A /* NSSet+JEDebugging.m */ = {isa = PBXFileReference; fileEncoding = 4; lastKnownFileType = sourcecode.c.objc; path = "NSSet+JEDebugging.m"; sourceTree = "<group>"; };
		349B3272194983B80077692A /* NSString+JEDebugging.h */ = {isa = PBXFileReference; fileEncoding = 4; lastKnownFileType = sourcecode.c.h; path = "NSString+JEDebugging.h"; sourceTree = "<group>"; };
		349B3273194983B80077692A /* NSString+JEDebugging.m */ = {isa = PBXFileReference; fileEncoding = 4; lastKnownFileType = sourcecode.c.objc; path = "NSString+JEDebugging.m"; sourceTree = "<group>"; };
		349B32751949852D0077692A /* NSValue+JEDebugging.h */ = {isa = PBXFileReference; fileEncoding = 4; lastKnownFileType = sourcecode.c.h; path = "NSValue+JEDebugging.h"; sourceTree = "<group>"; };
		349B32761949852D0077692A /* NSValue+JEDebugging.m */ = {isa = PBXFileReference; fileEncoding = 4; lastKnownFileType = sourcecode.c.objc; path = "NSValue+JEDebugging.m"; sourceTree = "<group>"; };
		349B32781949892D0077692A /* UIColor+JEDebugging.h */ = {isa = PBXFileReference; fileEncoding = 4; lastKnownFileType = sourcecode.c.h; path = "UIColor+JEDebugging.h"; sourceTree = "<group>"; };
		349B32791949892D0077692A /* UIColor+JEDebugging.m */ = {isa = PBXFileReference; fileEncoding = 4; lastKnownFileType = sourcecode.c.objc; path = "UIColor+JEDebugging.m"; sourceTree = "<group>"; };
		349B327B194989A10077692A /* UIImage+JEDebugging.h */ = {isa = PBXFileReference; fileEncoding = 4; lastKnownFileType = sourcecode.c.h; path = "UIImage+JEDebugging.h"; sourceTree = "<group>"; };
		349B327C194989A10077692A /* UIImage+JEDebugging.m */ = {isa = PBXFileReference; fileEncoding = 4; lastKnownFileType = sourcecode.c.objc; path = "UIImage+JEDebugging.m"; sourceTree = "<group>"; };
		349B328519498B580077692A /* JEOrderedDictionary.m */ = {isa = PBXFileReference; fileEncoding = 4; lastKnownFileType = sourcecode.c.objc; path = JEOrderedDictionary.m; sourceTree = "<group>"; };
		349B328619498B580077692A /* JEOrderedDictionary.h */ = {isa = PBXFileReference; fileEncoding = 4; lastKnownFileType = sourcecode.c.h; path = JEOrderedDictionary.h; sourceTree = "<group>"; };
		349B328919498B660077692A /* JESynthesize.h */ = {isa = PBXFileReference; fileEncoding = 4; lastKnownFileType = sourcecode.c.h; path = JESynthesize.h; sourceTree = "<group>"; };
		349B328B19498B740077692A /* JEDispatch.h */ = {isa = PBXFileReference; fileEncoding = 4; lastKnownFileType = sourcecode.c.h; path = JEDispatch.h; sourceTree = "<group>"; };
		349B328C19498B740077692A /* JEDispatch.m */ = {isa = PBXFileReference; fileEncoding = 4; lastKnownFileType = sourcecode.c.objc; path = JEDispatch.m; sourceTree = "<group>"; };
		349B328E19498B7C0077692A /* JEWeakCache.m */ = {isa = PBXFileReference; fileEncoding = 4; lastKnownFileType = sourcecode.c.objc; path = JEWeakCache.m; sourceTree = "<group>"; };
		349B328F19498B7C0077692A /* JEWeakCache.h */ = {isa = PBXFileReference; fileEncoding = 4; lastKnownFileType = sourcecode.c.h; path = JEWeakCache.h; sourceTree = "<group>"; };
		34ECBD3E184EF0DD00960D4A /* JEBaseLoggerSettings.h */ = {isa = PBXFileReference; fileEncoding = 4; lastKnownFileType = sourcecode.c.h; path = JEBaseLoggerSettings.h; sourceTree = "<group>"; };
		34ECBD3F184EF0DD00960D4A /* JEBaseLoggerSettings.m */ = {isa = PBXFileReference; fileEncoding = 4; lastKnownFileType = sourcecode.c.objc; path = JEBaseLoggerSettings.m; sourceTree = "<group>"; };
		34ECBD41184EF10B00960D4A /* JEConsoleLoggerSettings.h */ = {isa = PBXFileReference; fileEncoding = 4; lastKnownFileType = sourcecode.c.h; path = JEConsoleLoggerSettings.h; sourceTree = "<group>"; };
		34ECBD42184EF10B00960D4A /* JEConsoleLoggerSettings.m */ = {isa = PBXFileReference; fileEncoding = 4; lastKnownFileType = sourcecode.c.objc; path = JEConsoleLoggerSettings.m; sourceTree = "<group>"; };
		34ECBD44184EF12900960D4A /* JEHUDLoggerSettings.h */ = {isa = PBXFileReference; fileEncoding = 4; lastKnownFileType = sourcecode.c.h; path = JEHUDLoggerSettings.h; sourceTree = "<group>"; };
		34ECBD45184EF12900960D4A /* JEHUDLoggerSettings.m */ = {isa = PBXFileReference; fileEncoding = 4; lastKnownFileType = sourcecode.c.objc; path = JEHUDLoggerSettings.m; sourceTree = "<group>"; };
		34ECBD47184EF13800960D4A /* JEFileLoggerSettings.h */ = {isa = PBXFileReference; fileEncoding = 4; lastKnownFileType = sourcecode.c.h; path = JEFileLoggerSettings.h; sourceTree = "<group>"; };
		34ECBD48184EF13800960D4A /* JEFileLoggerSettings.m */ = {isa = PBXFileReference; fileEncoding = 4; lastKnownFileType = sourcecode.c.objc; path = JEFileLoggerSettings.m; sourceTree = "<group>"; };
		34F124701844882E00856ACA /* JEDebugging.h */ = {isa = PBXFileReference; fileEncoding = 4; lastKnownFileType = sourcecode.c.h; path = JEDebugging.h; sourceTree = "<group>"; };
		34F124711844882E00856ACA /* JEDebugging.m */ = {isa = PBXFileReference; fileEncoding = 4; lastKnownFileType = sourcecode.c.objc; path = JEDebugging.m; sourceTree = "<group>"; };
		34FC084918E3BA64000B6BBC /* README.md */ = {isa = PBXFileReference; fileEncoding = 4; lastKnownFileType = text; path = README.md; sourceTree = SOURCE_ROOT; };
		34FC87D61932C6D0001EF83C /* NSArray+JEToolkit.h */ = {isa = PBXFileReference; fileEncoding = 4; lastKnownFileType = sourcecode.c.h; path = "NSArray+JEToolkit.h"; sourceTree = "<group>"; };
		34FC87D71932C6D0001EF83C /* NSArray+JEToolkit.m */ = {isa = PBXFileReference; fileEncoding = 4; lastKnownFileType = sourcecode.c.objc; path = "NSArray+JEToolkit.m"; sourceTree = "<group>"; };
		34FC87D81932C6D0001EF83C /* NSCache+JEToolkit.h */ = {isa = PBXFileReference; fileEncoding = 4; lastKnownFileType = sourcecode.c.h; path = "NSCache+JEToolkit.h"; sourceTree = "<group>"; };
		34FC87D91932C6D0001EF83C /* NSCache+JEToolkit.m */ = {isa = PBXFileReference; fileEncoding = 4; lastKnownFileType = sourcecode.c.objc; path = "NSCache+JEToolkit.m"; sourceTree = "<group>"; };
		34FC87DA1932C6D0001EF83C /* NSCalendar+JEToolkit.h */ = {isa = PBXFileReference; fileEncoding = 4; lastKnownFileType = sourcecode.c.h; path = "NSCalendar+JEToolkit.h"; sourceTree = "<group>"; };
		34FC87DB1932C6D0001EF83C /* NSCalendar+JEToolkit.m */ = {isa = PBXFileReference; fileEncoding = 4; lastKnownFileType = sourcecode.c.objc; path = "NSCalendar+JEToolkit.m"; sourceTree = "<group>"; };
		34FC87DC1932C6D0001EF83C /* NSDate+JEToolkit.h */ = {isa = PBXFileReference; fileEncoding = 4; lastKnownFileType = sourcecode.c.h; path = "NSDate+JEToolkit.h"; sourceTree = "<group>"; };
		34FC87DD1932C6D0001EF83C /* NSDate+JEToolkit.m */ = {isa = PBXFileReference; fileEncoding = 4; lastKnownFileType = sourcecode.c.objc; path = "NSDate+JEToolkit.m"; sourceTree = "<group>"; };
		34FC87DE1932C6D0001EF83C /* NSDateFormatter+JEToolkit.h */ = {isa = PBXFileReference; fileEncoding = 4; lastKnownFileType = sourcecode.c.h; path = "NSDateFormatter+JEToolkit.h"; sourceTree = "<group>"; };
		34FC87DF1932C6D0001EF83C /* NSDateFormatter+JEToolkit.m */ = {isa = PBXFileReference; fileEncoding = 4; lastKnownFileType = sourcecode.c.objc; path = "NSDateFormatter+JEToolkit.m"; sourceTree = "<group>"; };
		34FC87E21932C6D0001EF83C /* NSError+JEToolkit.h */ = {isa = PBXFileReference; fileEncoding = 4; lastKnownFileType = sourcecode.c.h; path = "NSError+JEToolkit.h"; sourceTree = "<group>"; };
		34FC87E31932C6D0001EF83C /* NSError+JEToolkit.m */ = {isa = PBXFileReference; fileEncoding = 4; lastKnownFileType = sourcecode.c.objc; path = "NSError+JEToolkit.m"; sourceTree = "<group>"; };
		34FC87E81932C6D0001EF83C /* NSIndexSet+JEToolkit.h */ = {isa = PBXFileReference; fileEncoding = 4; lastKnownFileType = sourcecode.c.h; path = "NSIndexSet+JEToolkit.h"; sourceTree = "<group>"; };
		34FC87E91932C6D0001EF83C /* NSIndexSet+JEToolkit.m */ = {isa = PBXFileReference; fileEncoding = 4; lastKnownFileType = sourcecode.c.objc; path = "NSIndexSet+JEToolkit.m"; sourceTree = "<group>"; };
		34FC87EC1932C6D0001EF83C /* NSMutableArray+JEToolkit.h */ = {isa = PBXFileReference; fileEncoding = 4; lastKnownFileType = sourcecode.c.h; path = "NSMutableArray+JEToolkit.h"; sourceTree = "<group>"; };
		34FC87ED1932C6D0001EF83C /* NSMutableArray+JEToolkit.m */ = {isa = PBXFileReference; fileEncoding = 4; lastKnownFileType = sourcecode.c.objc; path = "NSMutableArray+JEToolkit.m"; sourceTree = "<group>"; };
		34FC87F01932C6D0001EF83C /* NSNumber+JEToolkit.h */ = {isa = PBXFileReference; fileEncoding = 4; lastKnownFileType = sourcecode.c.h; path = "NSNumber+JEToolkit.h"; sourceTree = "<group>"; };
		34FC87F11932C6D0001EF83C /* NSNumber+JEToolkit.m */ = {isa = PBXFileReference; fileEncoding = 4; lastKnownFileType = sourcecode.c.objc; path = "NSNumber+JEToolkit.m"; sourceTree = "<group>"; };
		34FC87F21932C6D0001EF83C /* NSObject+JEToolkit.h */ = {isa = PBXFileReference; fileEncoding = 4; lastKnownFileType = sourcecode.c.h; path = "NSObject+JEToolkit.h"; sourceTree = "<group>"; };
		34FC87F31932C6D0001EF83C /* NSObject+JEToolkit.m */ = {isa = PBXFileReference; fileEncoding = 4; lastKnownFileType = sourcecode.c.objc; path = "NSObject+JEToolkit.m"; sourceTree = "<group>"; };
		34FC87FA1932C6D0001EF83C /* NSString+JEToolkit.h */ = {isa = PBXFileReference; fileEncoding = 4; lastKnownFileType = sourcecode.c.h; path = "NSString+JEToolkit.h"; sourceTree = "<group>"; };
		34FC87FB1932C6D0001EF83C /* NSString+JEToolkit.m */ = {isa = PBXFileReference; fileEncoding = 4; lastKnownFileType = sourcecode.c.objc; path = "NSString+JEToolkit.m"; sourceTree = "<group>"; };
		34FC87FC1932C6D0001EF83C /* NSURL+JEToolkit.h */ = {isa = PBXFileReference; fileEncoding = 4; lastKnownFileType = sourcecode.c.h; path = "NSURL+JEToolkit.h"; sourceTree = "<group>"; };
		34FC87FD1932C6D0001EF83C /* NSURL+JEToolkit.m */ = {isa = PBXFileReference; fileEncoding = 4; lastKnownFileType = sourcecode.c.objc; path = "NSURL+JEToolkit.m"; sourceTree = "<group>"; };
		34FC87FE1932C6D0001EF83C /* NSValue+JEToolkit.h */ = {isa = PBXFileReference; fileEncoding = 4; lastKnownFileType = sourcecode.c.h; path = "NSValue+JEToolkit.h"; sourceTree = "<group>"; };
		34FC87FF1932C6D0001EF83C /* NSValue+JEToolkit.m */ = {isa = PBXFileReference; fileEncoding = 4; lastKnownFileType = sourcecode.c.objc; path = "NSValue+JEToolkit.m"; sourceTree = "<group>"; };
		34FC88001932C6D0001EF83C /* UIColor+JEToolkit.h */ = {isa = PBXFileReference; fileEncoding = 4; lastKnownFileType = sourcecode.c.h; path = "UIColor+JEToolkit.h"; sourceTree = "<group>"; };
		34FC88011932C6D0001EF83C /* UIColor+JEToolkit.m */ = {isa = PBXFileReference; fileEncoding = 4; lastKnownFileType = sourcecode.c.objc; path = "UIColor+JEToolkit.m"; sourceTree = "<group>"; };
		34FC88021932C6D0001EF83C /* UIImage+JEToolkit.h */ = {isa = PBXFileReference; fileEncoding = 4; lastKnownFileType = sourcecode.c.h; path = "UIImage+JEToolkit.h"; sourceTree = "<group>"; };
		34FC88031932C6D0001EF83C /* UIImage+JEToolkit.m */ = {isa = PBXFileReference; fileEncoding = 4; lastKnownFileType = sourcecode.c.objc; path = "UIImage+JEToolkit.m"; sourceTree = "<group>"; };
		34FC88041932C6D0001EF83C /* UILabel+JEToolkit.h */ = {isa = PBXFileReference; fileEncoding = 4; lastKnownFileType = sourcecode.c.h; path = "UILabel+JEToolkit.h"; sourceTree = "<group>"; };
		34FC88051932C6D0001EF83C /* UILabel+JEToolkit.m */ = {isa = PBXFileReference; fileEncoding = 4; lastKnownFileType = sourcecode.c.objc; path = "UILabel+JEToolkit.m"; sourceTree = "<group>"; };
		34FC88061932C6D0001EF83C /* UIScrollView+JEToolkit.h */ = {isa = PBXFileReference; fileEncoding = 4; lastKnownFileType = sourcecode.c.h; path = "UIScrollView+JEToolkit.h"; sourceTree = "<group>"; };
		34FC88071932C6D0001EF83C /* UIScrollView+JEToolkit.m */ = {isa = PBXFileReference; fileEncoding = 4; lastKnownFileType = sourcecode.c.objc; path = "UIScrollView+JEToolkit.m"; sourceTree = "<group>"; };
		34FC88081932C6D0001EF83C /* UITextView+JEToolkit.h */ = {isa = PBXFileReference; fileEncoding = 4; lastKnownFileType = sourcecode.c.h; path = "UITextView+JEToolkit.h"; sourceTree = "<group>"; };
		34FC88091932C6D0001EF83C /* UITextView+JEToolkit.m */ = {isa = PBXFileReference; fileEncoding = 4; lastKnownFileType = sourcecode.c.objc; path = "UITextView+JEToolkit.m"; sourceTree = "<group>"; };
		34FC880A1932C6D0001EF83C /* UIView+JEToolkit.h */ = {isa = PBXFileReference; fileEncoding = 4; lastKnownFileType = sourcecode.c.h; path = "UIView+JEToolkit.h"; sourceTree = "<group>"; };
		34FC880B1932C6D0001EF83C /* UIView+JEToolkit.m */ = {isa = PBXFileReference; fileEncoding = 4; lastKnownFileType = sourcecode.c.objc; path = "UIView+JEToolkit.m"; sourceTree = "<group>"; };
		34FC880C1932C6D0001EF83C /* UIViewController+JEToolkit.h */ = {isa = PBXFileReference; fileEncoding = 4; lastKnownFileType = sourcecode.c.h; path = "UIViewController+JEToolkit.h"; sourceTree = "<group>"; };
		34FC880D1932C6D0001EF83C /* UIViewController+JEToolkit.m */ = {isa = PBXFileReference; fileEncoding = 4; lastKnownFileType = sourcecode.c.objc; path = "UIViewController+JEToolkit.m"; sourceTree = "<group>"; };
		34FC88181932C6D0001EF83C /* JECompilerDefines.h */ = {isa = PBXFileReference; fileEncoding = 4; lastKnownFileType = sourcecode.c.h; path = JECompilerDefines.h; sourceTree = "<group>"; };
		34FC881A1932C6D0001EF83C /* JEFormulas.h */ = {isa = PBXFileReference; fileEncoding = 4; lastKnownFileType = sourcecode.c.h; path = JEFormulas.h; sourceTree = "<group>"; };
		34FC881B1932C6D0001EF83C /* JESafetyHelpers.h */ = {isa = PBXFileReference; fileEncoding = 4; lastKnownFileType = sourcecode.c.h; path = JESafetyHelpers.h; sourceTree = "<group>"; };
		34FC881C1932C6D0001EF83C /* JEUIMetrics.h */ = {isa = PBXFileReference; fileEncoding = 4; lastKnownFileType = sourcecode.c.h; path = JEUIMetrics.h; sourceTree = "<group>"; };
		34FEB4EB194E82D800B01ADE /* JEToolkit.podspec */ = {isa = PBXFileReference; fileEncoding = 4; lastKnownFileType = text; path = JEToolkit.podspec; sourceTree = SOURCE_ROOT; };
/* End PBXFileReference section */

/* Begin PBXFrameworksBuildPhase section */
		2F8FC85D17B65DB500C3C0F3 /* Frameworks */ = {
			isa = PBXFrameworksBuildPhase;
			buildActionMask = 2147483647;
			files = (
				2F1DCF8617FF1D4D00AFD8C7 /* MobileCoreServices.framework in Frameworks */,
				2F8FC89017B660C300C3C0F3 /* UIKit.framework in Frameworks */,
				2F8FC86417B65DB500C3C0F3 /* Foundation.framework in Frameworks */,
			);
			runOnlyForDeploymentPostprocessing = 0;
		};
		2F8FC86D17B65DB500C3C0F3 /* Frameworks */ = {
			isa = PBXFrameworksBuildPhase;
			buildActionMask = 2147483647;
			files = (
				2F8FC87817B65DB500C3C0F3 /* libJEToolkit.a in Frameworks */,
				2F8FC87217B65DB500C3C0F3 /* XCTest.framework in Frameworks */,
				2F8FC87317B65DB500C3C0F3 /* Foundation.framework in Frameworks */,
			);
			runOnlyForDeploymentPostprocessing = 0;
		};
/* End PBXFrameworksBuildPhase section */

/* Begin PBXGroup section */
		2F10BB6B1880ED6300739760 /* Views */ = {
			isa = PBXGroup;
			children = (
				2F10BB6C1880EDFA00739760 /* JEHUDLogView.h */,
				2F10BB6D1880EDFA00739760 /* JEHUDLogView.m */,
			);
			path = Views;
			sourceTree = "<group>";
		};
		2F8FC85717B65DB500C3C0F3 = {
			isa = PBXGroup;
			children = (
				2F8FC86517B65DB500C3C0F3 /* JEToolkit */,
				2F8FC87917B65DB500C3C0F3 /* JEToolkitTests */,
				2F8FC86217B65DB500C3C0F3 /* Frameworks */,
				2F8FC86117B65DB500C3C0F3 /* Products */,
			);
			sourceTree = "<group>";
		};
		2F8FC86117B65DB500C3C0F3 /* Products */ = {
			isa = PBXGroup;
			children = (
				2F8FC86017B65DB500C3C0F3 /* libJEToolkit.a */,
				2F8FC87017B65DB500C3C0F3 /* JEToolkitTests.xctest */,
			);
			name = Products;
			sourceTree = "<group>";
		};
		2F8FC86217B65DB500C3C0F3 /* Frameworks */ = {
			isa = PBXGroup;
			children = (
				2F5566F4184104F800098714 /* MapKit.framework */,
				2F5566F2184104F000098714 /* CoreLocation.framework */,
				2F1DCF8517FF1D4D00AFD8C7 /* MobileCoreServices.framework */,
				2F8FC88F17B660C300C3C0F3 /* UIKit.framework */,
				2F8FC86317B65DB500C3C0F3 /* Foundation.framework */,
				2F8FC87117B65DB500C3C0F3 /* XCTest.framework */,
			);
			name = Frameworks;
			sourceTree = "<group>";
		};
		2F8FC86517B65DB500C3C0F3 /* JEToolkit */ = {
			isa = PBXGroup;
			children = (
				2F8FC86817B65DB500C3C0F3 /* JEToolkit.h */,
				34FEB4EB194E82D800B01ADE /* JEToolkit.podspec */,
				34FC87D41932C6D0001EF83C /* JEToolkit */,
				34F1246F1844874D00856ACA /* JEDebugging */,
				349B328419498B320077692A /* JEDispatch */,
				349B328119498AD90077692A /* JEOrderedDictionary */,
				349B328219498AD90077692A /* JESynthesize */,
				349B328319498AD90077692A /* JEWeakCache */,
				2F8FC86617B65DB500C3C0F3 /* Supporting Files */,
			);
			path = JEToolkit;
			sourceTree = "<group>";
		};
		2F8FC86617B65DB500C3C0F3 /* Supporting Files */ = {
			isa = PBXGroup;
			children = (
				2F8FC86717B65DB500C3C0F3 /* JEToolkit-Prefix.pch */,
				2F36590C17F0A62300794CC0 /* LICENSE */,
				34FC084918E3BA64000B6BBC /* README.md */,
				2F36590D17F0A62300794CC0 /* JEToolkit.podspec */,
			);
			name = "Supporting Files";
			sourceTree = "<group>";
		};
		2F8FC87917B65DB500C3C0F3 /* JEToolkitTests */ = {
			isa = PBXGroup;
			children = (
				2F8FC87F17B65DB500C3C0F3 /* JEToolkitTests.m */,
				2F8FC87A17B65DB500C3C0F3 /* Supporting Files */,
			);
			path = JEToolkitTests;
			sourceTree = "<group>";
		};
		2F8FC87A17B65DB500C3C0F3 /* Supporting Files */ = {
			isa = PBXGroup;
			children = (
				2F8FC87B17B65DB500C3C0F3 /* JEToolkitTests-Info.plist */,
				2F8FC87C17B65DB500C3C0F3 /* InfoPlist.strings */,
			);
			name = "Supporting Files";
			sourceTree = "<group>";
		};
		3484A990194978AF0011E060 /* Categories */ = {
			isa = PBXGroup;
			children = (
				349B324E19497AC90077692A /* NSArray+JEDebugging.h */,
				349B324F19497AC90077692A /* NSArray+JEDebugging.m */,
				349B325419497C2D0077692A /* NSDate+JEDebugging.h */,
				349B325519497C2D0077692A /* NSDate+JEDebugging.m */,
				349B325719497D4B0077692A /* NSDictionary+JEDebugging.h */,
				349B325819497D4B0077692A /* NSDictionary+JEDebugging.m */,
				349B325A19497E3E0077692A /* NSError+JEDebugging.h */,
				349B325B19497E3E0077692A /* NSError+JEDebugging.m */,
				349B325D19497EB30077692A /* NSException+JEDebugging.h */,
				349B325E19497EB30077692A /* NSException+JEDebugging.m */,
				349B326019497F220077692A /* NSHashTable+JEDebugging.h */,
				349B326119497F220077692A /* NSHashTable+JEDebugging.m */,
				349B326319497FE50077692A /* NSMapTable+JEDebugging.h */,
				349B326419497FE50077692A /* NSMapTable+JEDebugging.m */,
				349B325119497B390077692A /* NSMutableString+JEDebugging.h */,
				349B325219497B390077692A /* NSMutableString+JEDebugging.m */,
				349B3266194980610077692A /* NSNumber+JEDebugging.h */,
				349B3267194980610077692A /* NSNumber+JEDebugging.m */,
				349B324B194979C20077692A /* NSObject+JEDebugging.h */,
				349B324C194979C20077692A /* NSObject+JEDebugging.m */,
				349B3269194982850077692A /* NSOrderedSet+JEDebugging.h */,
				349B326A194982850077692A /* NSOrderedSet+JEDebugging.m */,
				349B326C194983090077692A /* NSPointerArray+JEDebugging.h */,
				349B326D194983090077692A /* NSPointerArray+JEDebugging.m */,
				349B326F194983660077692A /* NSSet+JEDebugging.h */,
				349B3270194983660077692A /* NSSet+JEDebugging.m */,
				349B3272194983B80077692A /* NSString+JEDebugging.h */,
				349B3273194983B80077692A /* NSString+JEDebugging.m */,
				349B32751949852D0077692A /* NSValue+JEDebugging.h */,
				349B32761949852D0077692A /* NSValue+JEDebugging.m */,
				349B32781949892D0077692A /* UIColor+JEDebugging.h */,
				349B32791949892D0077692A /* UIColor+JEDebugging.m */,
				349B327B194989A10077692A /* UIImage+JEDebugging.h */,
				349B327C194989A10077692A /* UIImage+JEDebugging.m */,
			);
			path = Categories;
			sourceTree = "<group>";
		};
		349B328119498AD90077692A /* JEOrderedDictionary */ = {
			isa = PBXGroup;
			children = (
				349B328619498B580077692A /* JEOrderedDictionary.h */,
				349B328519498B580077692A /* JEOrderedDictionary.m */,
			);
			path = JEOrderedDictionary;
			sourceTree = "<group>";
		};
		349B328219498AD90077692A /* JESynthesize */ = {
			isa = PBXGroup;
			children = (
				349B328919498B660077692A /* JESynthesize.h */,
			);
			path = JESynthesize;
			sourceTree = "<group>";
		};
		349B328319498AD90077692A /* JEWeakCache */ = {
			isa = PBXGroup;
			children = (
				349B328F19498B7C0077692A /* JEWeakCache.h */,
				349B328E19498B7C0077692A /* JEWeakCache.m */,
			);
			path = JEWeakCache;
			sourceTree = "<group>";
		};
		349B328419498B320077692A /* JEDispatch */ = {
			isa = PBXGroup;
			children = (
				349B328B19498B740077692A /* JEDispatch.h */,
				349B328C19498B740077692A /* JEDispatch.m */,
			);
			path = JEDispatch;
			sourceTree = "<group>";
		};
		34ECBD3D184EF09400960D4A /* Loggers Settings */ = {
			isa = PBXGroup;
			children = (
				34ECBD3E184EF0DD00960D4A /* JEBaseLoggerSettings.h */,
				34ECBD3F184EF0DD00960D4A /* JEBaseLoggerSettings.m */,
				34ECBD41184EF10B00960D4A /* JEConsoleLoggerSettings.h */,
				34ECBD42184EF10B00960D4A /* JEConsoleLoggerSettings.m */,
				34ECBD47184EF13800960D4A /* JEFileLoggerSettings.h */,
				34ECBD48184EF13800960D4A /* JEFileLoggerSettings.m */,
				34ECBD44184EF12900960D4A /* JEHUDLoggerSettings.h */,
				34ECBD45184EF12900960D4A /* JEHUDLoggerSettings.m */,
			);
			path = "Loggers Settings";
			sourceTree = "<group>";
		};
		34F1246F1844874D00856ACA /* JEDebugging */ = {
			isa = PBXGroup;
			children = (
				34F124701844882E00856ACA /* JEDebugging.h */,
				34F124711844882E00856ACA /* JEDebugging.m */,
				3484A990194978AF0011E060 /* Categories */,
				2F10BB6B1880ED6300739760 /* Views */,
				34ECBD3D184EF09400960D4A /* Loggers Settings */,
			);
			path = JEDebugging;
			sourceTree = "<group>";
		};
		34FC87D41932C6D0001EF83C /* JEToolkit */ = {
			isa = PBXGroup;
			children = (
				34FC87D51932C6D0001EF83C /* Categories */,
				34FC88171932C6D0001EF83C /* Headers */,
			);
			path = JEToolkit;
			sourceTree = "<group>";
		};
		34FC87D51932C6D0001EF83C /* Categories */ = {
			isa = PBXGroup;
			children = (
				34FC87D61932C6D0001EF83C /* NSArray+JEToolkit.h */,
				34FC87D71932C6D0001EF83C /* NSArray+JEToolkit.m */,
				34FC87D81932C6D0001EF83C /* NSCache+JEToolkit.h */,
				34FC87D91932C6D0001EF83C /* NSCache+JEToolkit.m */,
				34FC87DA1932C6D0001EF83C /* NSCalendar+JEToolkit.h */,
				34FC87DB1932C6D0001EF83C /* NSCalendar+JEToolkit.m */,
				34FC87DC1932C6D0001EF83C /* NSDate+JEToolkit.h */,
				34FC87DD1932C6D0001EF83C /* NSDate+JEToolkit.m */,
				34FC87DE1932C6D0001EF83C /* NSDateFormatter+JEToolkit.h */,
				34FC87DF1932C6D0001EF83C /* NSDateFormatter+JEToolkit.m */,
				34FC87E21932C6D0001EF83C /* NSError+JEToolkit.h */,
				34FC87E31932C6D0001EF83C /* NSError+JEToolkit.m */,
				34FC87E81932C6D0001EF83C /* NSIndexSet+JEToolkit.h */,
				34FC87E91932C6D0001EF83C /* NSIndexSet+JEToolkit.m */,
				34FC87EC1932C6D0001EF83C /* NSMutableArray+JEToolkit.h */,
				34FC87ED1932C6D0001EF83C /* NSMutableArray+JEToolkit.m */,
				34FC87F01932C6D0001EF83C /* NSNumber+JEToolkit.h */,
				34FC87F11932C6D0001EF83C /* NSNumber+JEToolkit.m */,
				34FC87F21932C6D0001EF83C /* NSObject+JEToolkit.h */,
				34FC87F31932C6D0001EF83C /* NSObject+JEToolkit.m */,
				34FC87FA1932C6D0001EF83C /* NSString+JEToolkit.h */,
				34FC87FB1932C6D0001EF83C /* NSString+JEToolkit.m */,
				34FC87FC1932C6D0001EF83C /* NSURL+JEToolkit.h */,
				34FC87FD1932C6D0001EF83C /* NSURL+JEToolkit.m */,
				34FC87FE1932C6D0001EF83C /* NSValue+JEToolkit.h */,
				34FC87FF1932C6D0001EF83C /* NSValue+JEToolkit.m */,
				34FC88001932C6D0001EF83C /* UIColor+JEToolkit.h */,
				34FC88011932C6D0001EF83C /* UIColor+JEToolkit.m */,
				34FC88021932C6D0001EF83C /* UIImage+JEToolkit.h */,
				34FC88031932C6D0001EF83C /* UIImage+JEToolkit.m */,
				34FC88041932C6D0001EF83C /* UILabel+JEToolkit.h */,
				34FC88051932C6D0001EF83C /* UILabel+JEToolkit.m */,
				34FC88061932C6D0001EF83C /* UIScrollView+JEToolkit.h */,
				34FC88071932C6D0001EF83C /* UIScrollView+JEToolkit.m */,
				34FC88081932C6D0001EF83C /* UITextView+JEToolkit.h */,
				34FC88091932C6D0001EF83C /* UITextView+JEToolkit.m */,
				34FC880A1932C6D0001EF83C /* UIView+JEToolkit.h */,
				34FC880B1932C6D0001EF83C /* UIView+JEToolkit.m */,
				34FC880C1932C6D0001EF83C /* UIViewController+JEToolkit.h */,
				34FC880D1932C6D0001EF83C /* UIViewController+JEToolkit.m */,
			);
			path = Categories;
			sourceTree = "<group>";
		};
		34FC88171932C6D0001EF83C /* Headers */ = {
			isa = PBXGroup;
			children = (
				34FC88181932C6D0001EF83C /* JECompilerDefines.h */,
				34FC881A1932C6D0001EF83C /* JEFormulas.h */,
				34FC881B1932C6D0001EF83C /* JESafetyHelpers.h */,
				34FC881C1932C6D0001EF83C /* JEUIMetrics.h */,
			);
			path = Headers;
			sourceTree = "<group>";
		};
/* End PBXGroup section */

/* Begin PBXNativeTarget section */
		2F8FC85F17B65DB500C3C0F3 /* JEToolkit */ = {
			isa = PBXNativeTarget;
			buildConfigurationList = 2F8FC88317B65DB500C3C0F3 /* Build configuration list for PBXNativeTarget "JEToolkit" */;
			buildPhases = (
				2F8FC85C17B65DB500C3C0F3 /* Sources */,
				2F8FC85D17B65DB500C3C0F3 /* Frameworks */,
				2F8FC85E17B65DB500C3C0F3 /* CopyFiles */,
			);
			buildRules = (
			);
			dependencies = (
			);
			name = JEToolkit;
			productName = JEToolkit;
			productReference = 2F8FC86017B65DB500C3C0F3 /* libJEToolkit.a */;
			productType = "com.apple.product-type.library.static";
		};
		2F8FC86F17B65DB500C3C0F3 /* JEToolkitTests */ = {
			isa = PBXNativeTarget;
			buildConfigurationList = 2F8FC88617B65DB500C3C0F3 /* Build configuration list for PBXNativeTarget "JEToolkitTests" */;
			buildPhases = (
				2F8FC86C17B65DB500C3C0F3 /* Sources */,
				2F8FC86D17B65DB500C3C0F3 /* Frameworks */,
				2F8FC86E17B65DB500C3C0F3 /* Resources */,
			);
			buildRules = (
			);
			dependencies = (
				2F8FC87717B65DB500C3C0F3 /* PBXTargetDependency */,
			);
			name = JEToolkitTests;
			productName = JEToolkitTests;
			productReference = 2F8FC87017B65DB500C3C0F3 /* JEToolkitTests.xctest */;
			productType = "com.apple.product-type.bundle.unit-test";
		};
/* End PBXNativeTarget section */

/* Begin PBXProject section */
		2F8FC85817B65DB500C3C0F3 /* Project object */ = {
			isa = PBXProject;
			attributes = {
				LastUpgradeCheck = 0510;
				ORGANIZATIONNAME = "John Rommel Estropia";
			};
			buildConfigurationList = 2F8FC85B17B65DB500C3C0F3 /* Build configuration list for PBXProject "JEToolkit" */;
			compatibilityVersion = "Xcode 3.2";
			developmentRegion = English;
			hasScannedForEncodings = 0;
			knownRegions = (
				en,
			);
			mainGroup = 2F8FC85717B65DB500C3C0F3;
			productRefGroup = 2F8FC86117B65DB500C3C0F3 /* Products */;
			projectDirPath = "";
			projectRoot = "";
			targets = (
				2F8FC85F17B65DB500C3C0F3 /* JEToolkit */,
				2F8FC86F17B65DB500C3C0F3 /* JEToolkitTests */,
			);
		};
/* End PBXProject section */

/* Begin PBXResourcesBuildPhase section */
		2F8FC86E17B65DB500C3C0F3 /* Resources */ = {
			isa = PBXResourcesBuildPhase;
			buildActionMask = 2147483647;
			files = (
				34FC084A18E3BA64000B6BBC /* README.md in Resources */,
				2F8FC87E17B65DB500C3C0F3 /* InfoPlist.strings in Resources */,
				34FEB4EC194E82D800B01ADE /* JEToolkit.podspec in Resources */,
			);
			runOnlyForDeploymentPostprocessing = 0;
		};
/* End PBXResourcesBuildPhase section */

/* Begin PBXSourcesBuildPhase section */
		2F8FC85C17B65DB500C3C0F3 /* Sources */ = {
			isa = PBXSourcesBuildPhase;
			buildActionMask = 2147483647;
			files = (
				2F3A87BD1937839D00AEA77E /* UILabel+JEToolkit.m in Sources */,
				349B325319497B390077692A /* NSMutableString+JEDebugging.m in Sources */,
				34ECBD49184EF13800960D4A /* JEFileLoggerSettings.m in Sources */,
				349B325C19497E3E0077692A /* NSError+JEDebugging.m in Sources */,
				2F3A87C01937839D00AEA77E /* UIView+JEToolkit.m in Sources */,
				2F10BB6E1880EDFA00739760 /* JEHUDLogView.m in Sources */,
				349B328D19498B740077692A /* JEDispatch.m in Sources */,
				34F124721844882E00856ACA /* JEDebugging.m in Sources */,
				2F3A87B41937839D00AEA77E /* NSObject+JEToolkit.m in Sources */,
				34ECBD46184EF12900960D4A /* JEHUDLoggerSettings.m in Sources */,
				349B326519497FE50077692A /* NSMapTable+JEDebugging.m in Sources */,
				349B326E194983090077692A /* NSPointerArray+JEDebugging.m in Sources */,
				349B326219497F220077692A /* NSHashTable+JEDebugging.m in Sources */,
				2F3A87AC1937839D00AEA77E /* NSError+JEToolkit.m in Sources */,
				34ECBD43184EF10B00960D4A /* JEConsoleLoggerSettings.m in Sources */,
				2F3A87BB1937839D00AEA77E /* UIColor+JEToolkit.m in Sources */,
				349B325019497AC90077692A /* NSArray+JEDebugging.m in Sources */,
				34ECBD40184EF0DD00960D4A /* JEBaseLoggerSettings.m in Sources */,
				349B324D194979C20077692A /* NSObject+JEDebugging.m in Sources */,
				2F3A87A91937839D00AEA77E /* NSDate+JEToolkit.m in Sources */,
				349B327D194989A10077692A /* UIImage+JEDebugging.m in Sources */,
				2F3A87BC1937839D00AEA77E /* UIImage+JEToolkit.m in Sources */,
				2F3A87A71937839D00AEA77E /* NSCache+JEToolkit.m in Sources */,
				349B325F19497EB30077692A /* NSException+JEDebugging.m in Sources */,
				2F3A87B11937839D00AEA77E /* NSMutableArray+JEToolkit.m in Sources */,
				2F3A87BA1937839D00AEA77E /* NSValue+JEToolkit.m in Sources */,
				349B325619497C2D0077692A /* NSDate+JEDebugging.m in Sources */,
				349B327A1949892D0077692A /* UIColor+JEDebugging.m in Sources */,
				2F3A87BF1937839D00AEA77E /* UITextView+JEToolkit.m in Sources */,
				2F3A87AF1937839D00AEA77E /* NSIndexSet+JEToolkit.m in Sources */,
				2F3A87B91937839D00AEA77E /* NSURL+JEToolkit.m in Sources */,
				2F3A87B81937839D00AEA77E /* NSString+JEToolkit.m in Sources */,
				2F3A87B31937839D00AEA77E /* NSNumber+JEToolkit.m in Sources */,
				349B325919497D4B0077692A /* NSDictionary+JEDebugging.m in Sources */,
				349B3268194980610077692A /* NSNumber+JEDebugging.m in Sources */,
				349B326B194982850077692A /* NSOrderedSet+JEDebugging.m in Sources */,
				349B3271194983660077692A /* NSSet+JEDebugging.m in Sources */,
				2F3A87C11937839D00AEA77E /* UIViewController+JEToolkit.m in Sources */,
				2F3A87BE1937839D00AEA77E /* UIScrollView+JEToolkit.m in Sources */,
				349B328719498B580077692A /* JEOrderedDictionary.m in Sources */,
				2F3A87AA1937839D00AEA77E /* NSDateFormatter+JEToolkit.m in Sources */,
				349B32771949852D0077692A /* NSValue+JEDebugging.m in Sources */,
				349B329019498B7C0077692A /* JEWeakCache.m in Sources */,
				2F3A87A61937839D00AEA77E /* NSArray+JEToolkit.m in Sources */,
				2F3A87A81937839D00AEA77E /* NSCalendar+JEToolkit.m in Sources */,
				349B3274194983B80077692A /* NSString+JEDebugging.m in Sources */,
			);
			runOnlyForDeploymentPostprocessing = 0;
		};
		2F8FC86C17B65DB500C3C0F3 /* Sources */ = {
			isa = PBXSourcesBuildPhase;
			buildActionMask = 2147483647;
			files = (
				2F8FC88017B65DB500C3C0F3 /* JEToolkitTests.m in Sources */,
			);
			runOnlyForDeploymentPostprocessing = 0;
		};
/* End PBXSourcesBuildPhase section */

/* Begin PBXTargetDependency section */
		2F8FC87717B65DB500C3C0F3 /* PBXTargetDependency */ = {
			isa = PBXTargetDependency;
			target = 2F8FC85F17B65DB500C3C0F3 /* JEToolkit */;
			targetProxy = 2F8FC87617B65DB500C3C0F3 /* PBXContainerItemProxy */;
		};
/* End PBXTargetDependency section */

/* Begin PBXVariantGroup section */
		2F8FC87C17B65DB500C3C0F3 /* InfoPlist.strings */ = {
			isa = PBXVariantGroup;
			children = (
				2F8FC87D17B65DB500C3C0F3 /* en */,
			);
			name = InfoPlist.strings;
			sourceTree = "<group>";
		};
/* End PBXVariantGroup section */

/* Begin XCBuildConfiguration section */
		2F8FC88117B65DB500C3C0F3 /* Debug */ = {
			isa = XCBuildConfiguration;
			buildSettings = {
				ALWAYS_SEARCH_USER_PATHS = NO;
				CLANG_ANALYZER_SECURITY_FLOATLOOPCOUNTER = YES;
				CLANG_ANALYZER_SECURITY_INSECUREAPI_RAND = YES;
				CLANG_ANALYZER_SECURITY_INSECUREAPI_STRCPY = YES;
				CLANG_CXX_LANGUAGE_STANDARD = "gnu++0x";
				CLANG_CXX_LIBRARY = "libc++";
				CLANG_ENABLE_MODULES = YES;
				CLANG_ENABLE_OBJC_ARC = YES;
				CLANG_WARN_BOOL_CONVERSION = YES;
				CLANG_WARN_CONSTANT_CONVERSION = YES;
				CLANG_WARN_DEPRECATED_OBJC_IMPLEMENTATIONS = YES;
				CLANG_WARN_DIRECT_OBJC_ISA_USAGE = YES_ERROR;
				CLANG_WARN_EMPTY_BODY = YES;
				CLANG_WARN_ENUM_CONVERSION = YES;
				CLANG_WARN_INT_CONVERSION = YES;
				CLANG_WARN_OBJC_EXPLICIT_OWNERSHIP_TYPE = YES;
				CLANG_WARN_OBJC_IMPLICIT_ATOMIC_PROPERTIES = YES;
				CLANG_WARN_OBJC_IMPLICIT_RETAIN_SELF = YES;
				CLANG_WARN_OBJC_RECEIVER_WEAK = NO;
				CLANG_WARN_OBJC_REPEATED_USE_OF_WEAK = YES;
				CLANG_WARN_OBJC_ROOT_CLASS = YES_ERROR;
				CLANG_WARN__DUPLICATE_METHOD_MATCH = YES;
				COPY_PHASE_STRIP = NO;
				GCC_C_LANGUAGE_STANDARD = gnu99;
				GCC_DYNAMIC_NO_PIC = NO;
				GCC_OPTIMIZATION_LEVEL = 0;
				GCC_PREPROCESSOR_DEFINITIONS = (
					"DEBUG=1",
					"$(inherited)",
				);
				GCC_SYMBOLS_PRIVATE_EXTERN = NO;
				GCC_WARN_ABOUT_MISSING_FIELD_INITIALIZERS = YES;
				GCC_WARN_ABOUT_MISSING_PROTOTYPES = YES;
				GCC_WARN_ABOUT_RETURN_TYPE = YES_ERROR;
				GCC_WARN_INITIALIZER_NOT_FULLY_BRACKETED = YES;
				GCC_WARN_UNDECLARED_SELECTOR = YES;
				GCC_WARN_UNINITIALIZED_AUTOS = YES;
				GCC_WARN_UNUSED_FUNCTION = YES;
				GCC_WARN_UNUSED_LABEL = YES;
				GCC_WARN_UNUSED_VARIABLE = YES;
				IPHONEOS_DEPLOYMENT_TARGET = 6.0;
				ONLY_ACTIVE_ARCH = YES;
				OTHER_LDFLAGS = "-ObjC";
				RUN_CLANG_STATIC_ANALYZER = YES;
				SDKROOT = iphoneos;
			};
			name = Debug;
		};
		2F8FC88217B65DB500C3C0F3 /* Release */ = {
			isa = XCBuildConfiguration;
			buildSettings = {
				ALWAYS_SEARCH_USER_PATHS = NO;
				CLANG_ANALYZER_SECURITY_FLOATLOOPCOUNTER = YES;
				CLANG_ANALYZER_SECURITY_INSECUREAPI_RAND = YES;
				CLANG_ANALYZER_SECURITY_INSECUREAPI_STRCPY = YES;
				CLANG_CXX_LANGUAGE_STANDARD = "gnu++0x";
				CLANG_CXX_LIBRARY = "libc++";
				CLANG_ENABLE_MODULES = YES;
				CLANG_ENABLE_OBJC_ARC = YES;
				CLANG_WARN_BOOL_CONVERSION = YES;
				CLANG_WARN_CONSTANT_CONVERSION = YES;
				CLANG_WARN_DEPRECATED_OBJC_IMPLEMENTATIONS = YES;
				CLANG_WARN_DIRECT_OBJC_ISA_USAGE = YES_ERROR;
				CLANG_WARN_EMPTY_BODY = YES;
				CLANG_WARN_ENUM_CONVERSION = YES;
				CLANG_WARN_INT_CONVERSION = YES;
				CLANG_WARN_OBJC_EXPLICIT_OWNERSHIP_TYPE = YES;
				CLANG_WARN_OBJC_IMPLICIT_ATOMIC_PROPERTIES = YES;
				CLANG_WARN_OBJC_IMPLICIT_RETAIN_SELF = YES;
				CLANG_WARN_OBJC_RECEIVER_WEAK = NO;
				CLANG_WARN_OBJC_REPEATED_USE_OF_WEAK = YES;
				CLANG_WARN_OBJC_ROOT_CLASS = YES_ERROR;
				CLANG_WARN__DUPLICATE_METHOD_MATCH = YES;
				COPY_PHASE_STRIP = YES;
				ENABLE_NS_ASSERTIONS = NO;
				GCC_C_LANGUAGE_STANDARD = gnu99;
				GCC_OPTIMIZATION_LEVEL = s;
				GCC_WARN_ABOUT_MISSING_FIELD_INITIALIZERS = YES;
				GCC_WARN_ABOUT_MISSING_PROTOTYPES = YES;
				GCC_WARN_ABOUT_RETURN_TYPE = YES_ERROR;
				GCC_WARN_INITIALIZER_NOT_FULLY_BRACKETED = YES;
				GCC_WARN_UNDECLARED_SELECTOR = YES;
				GCC_WARN_UNINITIALIZED_AUTOS = YES;
				GCC_WARN_UNUSED_FUNCTION = YES;
				GCC_WARN_UNUSED_LABEL = YES;
				GCC_WARN_UNUSED_VARIABLE = YES;
				IPHONEOS_DEPLOYMENT_TARGET = 6.0;
				OTHER_LDFLAGS = "-ObjC";
				RUN_CLANG_STATIC_ANALYZER = YES;
				SDKROOT = iphoneos;
				VALIDATE_PRODUCT = YES;
			};
			name = Release;
		};
		2F8FC88417B65DB500C3C0F3 /* Debug */ = {
			isa = XCBuildConfiguration;
			buildSettings = {
				DSTROOT = /tmp/JEToolkit.dst;
				GCC_PRECOMPILE_PREFIX_HEADER = YES;
				GCC_PREFIX_HEADER = "JEToolkit/JEToolkit-Prefix.pch";
				PRODUCT_NAME = JEToolkit;
				SKIP_INSTALL = YES;
			};
			name = Debug;
		};
		2F8FC88517B65DB500C3C0F3 /* Release */ = {
			isa = XCBuildConfiguration;
			buildSettings = {
				DSTROOT = /tmp/JEToolkit.dst;
				GCC_PRECOMPILE_PREFIX_HEADER = YES;
				GCC_PREFIX_HEADER = "JEToolkit/JEToolkit-Prefix.pch";
				PRODUCT_NAME = JEToolkit;
				SKIP_INSTALL = YES;
			};
			name = Release;
		};
		2F8FC88717B65DB500C3C0F3 /* Debug */ = {
			isa = XCBuildConfiguration;
			buildSettings = {
				FRAMEWORK_SEARCH_PATHS = (
					"$(SDKROOT)/Developer/Library/Frameworks",
					"$(inherited)",
					"$(DEVELOPER_FRAMEWORKS_DIR)",
				);
				GCC_OPTIMIZATION_LEVEL = s;
				GCC_PRECOMPILE_PREFIX_HEADER = YES;
				GCC_PREFIX_HEADER = "JEToolkit/JEToolkit-Prefix.pch";
				GCC_PREPROCESSOR_DEFINITIONS = (
					"DEBUG=1",
					"$(inherited)",
				);
				INFOPLIST_FILE = "JEToolkitTests/JEToolkitTests-Info.plist";
				PRODUCT_NAME = JEToolkitTests;
				WRAPPER_EXTENSION = xctest;
			};
			name = Debug;
		};
		2F8FC88817B65DB500C3C0F3 /* Release */ = {
			isa = XCBuildConfiguration;
			buildSettings = {
				FRAMEWORK_SEARCH_PATHS = (
					"$(SDKROOT)/Developer/Library/Frameworks",
					"$(inherited)",
					"$(DEVELOPER_FRAMEWORKS_DIR)",
				);
				GCC_OPTIMIZATION_LEVEL = s;
				GCC_PRECOMPILE_PREFIX_HEADER = YES;
				GCC_PREFIX_HEADER = "JEToolkit/JEToolkit-Prefix.pch";
				INFOPLIST_FILE = "JEToolkitTests/JEToolkitTests-Info.plist";
				PRODUCT_NAME = JEToolkitTests;
				WRAPPER_EXTENSION = xctest;
			};
			name = Release;
		};
/* End XCBuildConfiguration section */

/* Begin XCConfigurationList section */
		2F8FC85B17B65DB500C3C0F3 /* Build configuration list for PBXProject "JEToolkit" */ = {
			isa = XCConfigurationList;
			buildConfigurations = (
				2F8FC88117B65DB500C3C0F3 /* Debug */,
				2F8FC88217B65DB500C3C0F3 /* Release */,
			);
			defaultConfigurationIsVisible = 0;
			defaultConfigurationName = Release;
		};
		2F8FC88317B65DB500C3C0F3 /* Build configuration list for PBXNativeTarget "JEToolkit" */ = {
			isa = XCConfigurationList;
			buildConfigurations = (
				2F8FC88417B65DB500C3C0F3 /* Debug */,
				2F8FC88517B65DB500C3C0F3 /* Release */,
			);
			defaultConfigurationIsVisible = 0;
			defaultConfigurationName = Release;
		};
		2F8FC88617B65DB500C3C0F3 /* Build configuration list for PBXNativeTarget "JEToolkitTests" */ = {
			isa = XCConfigurationList;
			buildConfigurations = (
				2F8FC88717B65DB500C3C0F3 /* Debug */,
				2F8FC88817B65DB500C3C0F3 /* Release */,
			);
			defaultConfigurationIsVisible = 0;
			defaultConfigurationName = Release;
		};
/* End XCConfigurationList section */
	};
	rootObject = 2F8FC85817B65DB500C3C0F3 /* Project object */;
}
